{"ServiceFlag":false,"Flags":[],"Hash":"cdTwOlmc/B33ANVvMy6CBQ==","CallScheme":null,"IsCompressed":false,"IsUrl":false,"Data":"f0VMRgIBAQAAAAAAAAAAAAMAPgABAAAAoFMAAAAAAABAAAAAAAAAAAAAAAAAAAAAAAAAAEAAOAADAEAAAAAAAAEAAAAFAAAAAAAAAAAAAAAAAAAAAAAAAAAAAAAAAAAApVwAAAAAAAClXAAAAAAAAAAQAAAAAAAAAQAAAAYAAAAAAAAAAAAAAABgAAAAAAAAAGAAAAAAAAAAAAAAAAAAADj9AAAAAAAAABAAAAAAAABR5XRkBgAAAAAAAAAAAAAAAAAAAAAAAAAAAAAAAAAAAAAAAAAAAAAAAAAAAAAAAAAQAAAAAAAAALYW59VVUFghEAkNFgAAAADQ5wAA0OcAAKgCAADPAAAAAgAAAPb7If9/RUxGAgEBAAMAPgANgCUPd8kOdkAXEOAiEzgACyxg3XcFHwAeAAYPBCcHS3Yhj2gCCGc35JEFO6gXBxwAFXZALgEEAAC7rC3sgBcHuDcFCJBDFuwgFwd1gSzYkL0AEG+wFwcMbCGHlAw3vLDBPhuAvY/NB4gEGeTCnriPNwKYC3lhB5jNByACgg12CE8EA8QXIBfyyAdEAASPbPb7UOV0ZAvItQ8H/AC2OWwhN1EGAACCHWwF3gBSb2FhjxAXgAIH9wAAAAwAEgAA/9gUAAA6BwAAAgAAANt/u/0vbGliNjQFZC0IbnV4LXg4Ni0PLv+m2/5zby4yAAQAABQDA0dOVQAPvDAD1n3//6UenxUD1JOb27XtD01M0PYjEAMBIzbZgw0ALwIAAAs9H+xr/w0GECCBEBRAWhM/IyD7/x/QZc5tL3co/gw5S/C7SFqjAAAgB7Buz1gSF84DgbxAXkcAlQWw7gJ5tAGcLxEXCBvCBtkv1aeGsCFkCAsvO2wIG8KnvNdlL8KGkCFe9BchbAgbeUdrLx1ChpCShD0E2BBygRfff0eEDWFDuHcMR0PYEDajLzQXbDKEDCGqvbAL5BABA0unCBvChnkv2heGsCFsLXdFF3RsCBlCgEx3QoawIccX+yFsCBtRX1kXQwgXyHoAsDdRNoQNYRdMX+YXYUPYEGS/0S/7CmENeAczIBewIWwAFEdgFwgbQoburV+HsCFsLRcSp/cCQwgXWN9Yf26AdUNYr8KnIhcYnP05hgIOAPCbD2YgWBAONjQXgJgXL9JgPTtpBBdgnncBkD/4NxivcHRocmVhZKQwAH9r3/5fSVRNX2RlEGdpc3QGDENsb25lVLcLbPZhYmxlGxlfEHJua9vt229fEWNhdGkWAGMJcxZZm5vsB19qb2luDGMFPwDb27J/CwBvcGUYFXRyXzV037f3b11hY2tzaXplnAxkYysrmza3ttt2ZWdtW18fcnQLDlpONru7/VN0MTBmaYBzeZJtMTZbv7/d/ttpB2N0b3J5RVJLI183LGN4eDExXbu52zRwHGhFNzYyMBN2b729trV3soFnCb8vUEtjd+3bg1U0YmGBY19vZldSbUljW3trdxMxY2h4NXJhaaIQRZs9ZOxFQzFedDEyNDLovneb7mcyMV9TYShFPDOzm7tQPBFfT+/CZGVlTGALszkvL3NfNXeRbytEenI8MgN0YXRbwbVgO+q9cVZWbUObtTIe/oV+azMU/TAb7HdFdsYzYSJidWaVsGGEZapFdk7YhieENjVfTPZDMSghZSls9GED3nWHPUQyOTjvXzRlNElux5Yi2yFEUapfjbuGW+NwbC2+bW27bUhuYd2yEX4FTks1X/4xN9oWe2zAX3BwHzQ2ZMPeFfMJZGxQdjL9NVN7WMRtbx4ksa1dMAE4RVC3ZTUVcRiNGVeCV2Jta7jt6n50W7ZIX3iy32iNcsSd0nR5X3YwLKOwMWNvYARuENVbwgRCoVLILa3QLgWHX1T9Bz/Gybdt9VOUbMVhUxK3FYL9cHV0RWPR3W5w/JrbLri7LXdpum5qWLRWeBB0bzV3ZMrHXQtlLDxsAAVAcydrrblwvxTumUFmbDlAeOx1c2gNbndt4kPhsZsiOXJtdfTgMEYgLZ1Ykj5JXRk56m9naWPp3G5W111tWAlnY45YaG37DTE0VciWvVJjZ2NdBnVthGMmZuoAwtICsXBBsmFpcyqtGbaNgACLZ9gXqWst971zBIgAmYATtnW/rndhcAtlAPxhX8x4YbkKraIYXur7dxv+YZgAdnNucBV0ZjZkb3WtEeljKWNweQDcSTNiDbwCX5RobAmF/SjMVbRaemVQt/V2he16b3lCdXYrAy0IvMxAmZS27Q18R0NDXzP2R0xJQgky/TdnW5LLCjQBNQtY/q7QulgtNA8kCkFCSV8xLjN2YGXCGTEOOTYkbGEXNisd3AJ0H4wCAQMnBQN7bqz7CwYBBAMDDQUJtrltNiUXBwUBCC29IGMPCQAKDwQxcxT7hi8JCxfLDca+2BcADUkdAQEAn4gAxwUGBYPvUCa2FwHeeQsxbB8vI7u5u8EfQAOXkZYZgQgGEz3YFjuUD5cTD3UaabBZsq6WXx4/Z19sC8jZHwM7nh8e7PsXAHH4lwKnKk/Tr2stNtjmfZI5D2Ef92CbebBED4l/KVJTD5HBtth2HwxhD2ns4YNtQnAPdCmSCHd/f0NoAhyAzVc/nR2ysyYHiBdwIweQCzvYkBcgL8jRF5Lw7GEPuM8HBgBSBmTAxgDAFz3IQAZkQBLQZEAGZDPYNgZkQAbgN+hABmRAOPBoQAZkOvg8tg3hQJDSvwAwFliwswMY0AcHGwAyIAN2IBcCKAMyIAMDMAQgAzIgOAUyIAMyQAdIAzIgAwhQCWrABkavFwqADNhAVxcLyIAMyGgMcAEbSA0N5xcMWECADjcXD4AMyICIEMiADMiQEZgMyIAME6AUAgzIgKgVH5BgwAIXFi8bGAMWFxfPF4ANjAEYzxdjwAbGGc8XGs+BMWADFxvP2MAYsBcczxcGbGAMHc8XHgADNjDPFx+B1bKBmBf3yIAM2AgXIRABO7AKrxgXxoANjCP/FyT/A2PABhcl/7CBMWAXJv8XDNjAGCf/FygwBmxg/xcp/xsYAzYXKv8XgA2MASv/F2PABsYs/xct/4ExYAMXLv/YwBiwFy//FwZsYAwx/xcyGAM2MP8XNP8NjAEbFzX/wAbGgBc5/xcAAARkOxIAAAD/dYEAAABCAAACSQEAvv3///MPHvpIg+wISIsF0a8AAEiFwHQC/9ARxAjDAOfu7v4A/zXiFv8l5AUPH0AJD+TZtt9oGukBAxwP2gHkueS50gLKA+S55LnCBLoF5LnkubIGqgfkueS5ogiaCeS55LmSCooL5LnkuYIMeg3kueS5cg5qD+S55LliEFoR5LnkuVISShPkueS5QhQ6FeS55LkyFioX5LnkuSIYGhnkueS5EhoKG9K85LkCHPquHfJc8lzyHuofvoDwXOIg/w8hAsIXEP8PIv8IX0D4DyP/DyT/fAHhCw8l/w8mBYQvIP8PJ/8QvoDwDyj/Dyn/+ALCFw8q/w8rCwhfQP8PLP8PIHwB4S3/Dy7/8AWELw8v/w8wFxC+gP8PMf8Pg70N2DIfrAZmkAAAU7t0e/dIjR3IIUiJ3+gfAsx3PXEgdZuRmxUVOt4BrCSkP/2O3Q66gYEpMfYVDLll6xlm948tdQAui4RPSP/BSIH5ARlq/7d3dDy+Hy7PSMHnB0gB3+sNJP//d1+vxoH+gBZ01onIMdL39oXSdewPtgQZjVABrv3//ogUGUCItDg769gPV8APEQWiMAwGk5OTk412X0jIk5OTMRoD7C/JycnJ1b6nkObNycl5YktmxwU/2O21+wECxgU6BwK5FOrrJt9ai3AbobwZBefKf//bwekPhAQFPIP+/XURQbjzMf9Atrf///bGAXTT616QifCD4P5Bufz/AEEpwR4CP2yXRU9F+P8JQffy/9vsCwpBD5TCDDX6AUQQ10SJwEF+79/9g8ACRAHIBYP4AnXQQf/IW3IEnBfa4csrQIDX3xKpBZHt/F1wvHUFegaNNXPZ3t7W3nAvmADbcQkYPRJzK7iGEeZT7Vs65JLY/gNtRAp/Me1JidFeQuKx3+0XduTwUFRMUsZ7Kw1PBtHdbuA9OGKBFSqqBfSQDlFkA/+OLwVKBjn4dBW6BqoX7EP7Cf/gVe4AwwcvG9vvSCE1GgYp/mbwH+7dFxq3PwP4AyNR0f50FEDdhsWWk6kIZpc/5253/5+APfWrCnUrVaA9iinu3Q7XceV0DLqGF5oDXAQFJczttqzrzQ8BXTs/7u8G2+0F3A9VOkFXQVZBVFPtf/vYheDR7OBP0w8QBwJPEA8pTCTvbtt2BAQkDAYCTgpEJCAUz/N1jzChDEAEUGBwMsj3LoQkWQeQoAjS9g2wWscHwHyl7v9fv0xp4B+F61FJwewmQWnEyBNBLy78Ghsox1gLcjWI5mb07p6QX0yJ99sHfLofY9tIzYoPi4y4wz3/xbbt/8x13EWF/3QcRYn+POce/y74f7aNKf4C8iyNZeBbQVxBXkFfwwgXVhxfVQxVDttuv4UKiHCLPwJfCDpcxm1rhUJhEEn7GAj3dtvKRyjt2Ah3MANfOEge3bq3W6gnb1ADT1hMIjgIV2A7dnu5GVd4VCSIDLeAvHQk8t8M238x+E2J6Ekx0ALA/A7YTTHxCNutbAvBTTHIBbw+bdv3tjqPfW0wLtYfzu11T7cCxnYYuIhAGoQdtmdzN2RogAiHcLs93bYSwgLKsyCwFW9IHnZ5um3pZtkScMCfmFuk27YtCyBV2wLLbaBlkM0dkEmEDqhASLcdtsk4p7mm5hi4bTM3NxBkDr/AIvtXrOG5jcm6wWQaAPENuzUKZ8EFTA3DSQJtu9HaesfpxiwayzTcDNuF2vXCK1TzARPAFebaZTMRCcfHDlZDDjbDm+nPuqjVgcKKEBr6r9veFs7WWNJI9wIh4fLz1t79C0aJ+Un30U0hBddJIfccIoeGQ8MhLPZpYMGKbVvbtpgV0DL4VRK4Rt62NbbWfxwGEYnTBsUN3raX7cUUJ/98JOAHzZLFA0xb99DgKLp8qvePLRfc25rbLsQ9MehJXwWJfy24NnaJ+AvgIg6R+JRi27J/1f1G4GzS2xbsK+QWCKcPiwyg27ZCaysHAk3tJmxcw9dtX2GoH99hBreLwrbuNkJNFBlA7kwdIA7HtM7QWMd7eM+47NvWPTSKZKHMjxIT+TfRts1wa4MCifoVCOIo0ilCofFtiCkJAQbDh63yC+IyicY1RMNhc3wfkDUZzZz/2L4WY/pMPC+jsCLA9rVCa4wbHok+otgRbd9g3c+iJISgpziY8ndD49CnCqj+9MHBD5kNQxjhEE0pOB1kzrLwbGOI5j3W2CbSPDy22cqTFvqoKcZhG8E9LFCLxv9G55CV7sbGuzOhGEwEKLcttbYfwARuSjNGQKrL7da1XBPwbsM3A8AnwZYe3rYpSu5QxkyJtAI03zXKtuFMGccIzhNa27atzVXGCNARyAjUp2/M4W+mQ8hc6I3jrel1VagRoPUULCRJH2gL2/bDPpz9rtUP3WA3zrdgNLpIKJBaM2y2XWgP5MUpx/fT0dsLInwNpQsVoKvgUdyvw/End0z+aIBMMmwLr5npT4Vl0QIxKpS2ru3AdOkhmEfsx9YMCMu3EEkQMttHMDYCxo8tLL/B0mOMD22oTQcrgvNbKBy2LMVEjpcVDnKlwmHubYdcv/Cmx2ZPcdD+fvVJuIAd2/YnfIBJjUALEOhq4UZIWu1jKwv5EshJEjTDhdbLBRIh6zAFa4OxNczX2ufTqKHo2zdSVzqIidqYmILvwGMzdJgcKAniYrDbOtchVPV4OBHqkxRJsMXamHQVi3WYiWhjtPe7A5boTi3PFaOpVKmcZ9HXbrAG20vPTAvxWkCZ0BXrCsF/8bPW0R4PtyAHgIn7RmCU4J57GRCBQKyKkZpco9FpYmjVQibDZmgEKhPEP21ocnS81TP66cht9evJsHDk2onVfxJ1GJvLNF+BFcjaBCkC2/gm4IpfO2w6fdT+RDUxzn1j1p2tQZoK/izSO7VahC2IaEsCctm+rves6HgE2ZTgj+zVtcKpG/ob0Hok6dRwiBW/I+py6/ViEA7SaCA/4en7wM05RCpUscpxFhrtoQ9aSAs6UzigOUb4Z8hD06ekUoODZnQFcMdIkwY2xzbSfPr1BdUFm8lReC3BwWgguB3Gtm1cwwLLK/cH183FYOFmczPZ6TLYRtq2/gLWPuBf+AvwrX0vcOobMwwkzDAIBOl5er4IVDigFsBQPhEenu9YTNCYBeiVA10N3cE+/TeOJ40ppNK2bFsCfu5X1P1m+I1oBYcpivSgk2A4KPBK+zDHzjjGrnSJwTbJSB9QMWg4mLkJizAvwVB4TWbBdzBW8GgmE1sb+2FPXxMYoVSSb9vGwD1wmAwkgIYywa25cHBDEHjRxOGgo4vhPMPGLCIOUzvxUrjWsJKw0XTYCijCFR8x9pJK7jNGiIDaj4KwuTF4SAUJ2/BuWMDXGSdmqA9Zy1NtjIKLIq5z2O468GCMxv/Dxow09/DgbcKwUYi1LHBoMixAeDGJw6ynrTPRvZjeoRQ+z46zYvBqXbHmdrGDdMbYSG76gUyJsMBh8IbXfz1MidjxwcwYBOMs+PHAuEWg1IlN6rXYTCB2o00fDWRJieu8viPtDd1MSffToMhAnjwUMFwkKkAGTF0uZszCSGIBGZw4fXyS4DmAJwEg7GhyGJjlCBJM26U2SKXgcO4YaOaYwMOJ8xDg6SsZfg+CNMZ/8JFwTU6ObQ8eD1jJwEjIqeBoHCa3AiZ8kDg5GGB/fLTT9plcH7eC8BjihILBGI6C6dBJZnjEuuPBYu+5FoZG6cHoBFl97629nr4PzlDEeKZYLikZHMKJyOrQ/IUPHUxbUMqF8ArAjoUYfErY+FDeQq93sAe/eNhNlbPRGg5NT/jXOsUCEARGuOSJ2Rz5zDhtDiL20wSIyjkyPWiCyxRsSGOnr6mLlyiYgIizCKLJdX1RID4+qIDFduAcTFkjF1zBAuBgYdmD/NRl7KanAw19JyHK61eRTCdwhM531kwCaLFEBB7Ybv1OICRW65rh8HWoz/U/4tfJQIP9Y2COHLSODvbR2fMU7XbYDCV87hvurp3o2L7t0cUN7eaYOvW8LBchUpFjND3EHGyuCW5M86AraUgPTDhYBHds1sCpH424g3+ECM/F9GCsjhnP0Me9RhdrwAnx1xAc+fdEi1AbHPW6FSM3oxY7vFUFN4nt6/vQ4nGi6GqRHsZ8C17IGIPC+xhAl3lYFCfx0B03ZqCIcJoDx6SGDuP1wnyBIXUF4z1IHATCdDQWr8PYHH1k0zswSIeXyHQY8bzh0NeBDzCQuMVUoesV6cta6NP6Do6DY6EGdMppPjFDx6GG8dsZjyTQbNGSiyc3ifaCCE7q+8iJF7CsKAASg0Y7JJjJ4KgrJo0xVgDldMmRIVca2BThXUladu51poMmA8XVS/Mkvlm50TkT4dBDNKnXN7PoHRIaOjg9vxuU9NsSJBxGZ/iuWHeuCuHJ+7jhguV3McVjCOjbSO/kUA+4tHgQ42YffA1qOGSYdYjH29gJ3H/ZTJQQtNFg2RCj7xclMcIpQF3QGDwPqMjddP2MxNPjuGsOGOHuiTapSO+KmmI414Pvy1So9B0pk8TTDxWLPCRtyDk4Pd9HD3SAzSBQoLBu0zTy9LjHf8DHJ8zBYaSGKZECCUnSR4yRuHGJxMX7xbQR+Gi8suDK9wIKQQ6J1gH5CpH6DDRdXURQF3U5cqfneDW9TfKAQw63DfjHgnGY9cB2yVvMatHZAhygRbZh2Mpn4huJJNHCiPmetRGgI5TDPysvtN5WcMAuCRXsVcChDwozlpBMJiScMzhy3gSCG9JImJZfxm01tQlEoPCbagq67cM9a0w+9vBHwOVNwckRBPm7600x4DNn0OBPhcYT7qwOstTQEQIThUNf/ZFwOlQABybAR+01KHmqXzlOTYP4t4z0PQ7WsQxo69RM2f5IGSIUrMiEFEaRTsgNkPKDaefO4jf07zhIb7CpdSu5MMCYnDgLTsjE42nG9vBZAMDZ92A8leCpSLsZ1Bw8iLWK9HIbB77Njjb2RJAnyxINrx68TNvg7P0hXBMGq99EqCC3MNoMM7FPDu3Sx+hmdVhMF2XHOXwkA2MNiSAJXphiBk8N26DA/cYbdDDBxDtFYgmttzjWdMIduIjK+MJMMfYdTnzwGvM0Lsjf9hrr9z4Qh7QP1GiDDYgEgCHaEIjA1xA1wjwQTXi+HzzW5THGQSjYMDp1cZ2P0peBkV6YYO818VpdhrZtyewb/AKpj83N+uJDzYnqd6BWATYHziO3OhnV0LYY8JHWTFj/uFEDTBNVj/aTJjngdE1zUmPCLUal7QJMTkEFw2pFGuOHpgiNdNdrjcucAVvpEF8HHN/G6obVwRgVLf5c3Kk1KDXQefULp2CidW7R6CjuCLnxMjzQqdCyiz1Sgwlai/2dI3dEFo6aA2NlaKvkYrQN80b0WlehgwjQfSuA8/F/RWpzFGQg8thiMAQK18lXx5qh1hYNrAUc2k0h7ShWD2BJuo4AL2iPpzJHgUiwnfGA8/q4oMsAD+6Ia15o8TmAGXyfXECi4NO2hw5Y6csf0FpIYOPOcMCQbhE7LZLqoB07o+rZskw6mFH+00hGYjAolPvAB8nWNSPGKPlTtP6UYbCK1PTP2tFAHyeAG8G6aeBv2IEL0kk/BqWC2oAI0UfqY7ocQTqLEa+gMQjBYHv0deDdwGBtEPLAQ2wRb8jF4+0jdRwyIquO73vPJzxLUkk/WEkUUGCCE2Oy8f1WErHaDuoq4eRRTgsRaWNM2WNmfTUJGE4KbvDhhNh13nU4DDHwGWKMCeXYEDh26iaxtA/cEGhK2BqsZ8A4y/FII9YaMr2xLPdGZa/DwhSO2HDLaL8DbB0YS4KQ3e7EnRijgU7V5+VT8I0AT4FIu3Te7jvAVuB2D/vMisea6cCTQyiXQY6kPvqaVZjSYETwCgjP91G/GEjQiKwYNWcw4eDCw2DAgomGfgLQutSEOISOb9xMm0hYjQkP48sf+EwEWTFpkEr0cGCH8G4RSi3NB+BJ3nxBajKrPflYNcJWY3ACwfC+wMYODtFg0mTVOogUjMDFaBBNMLjDDM9LCZKDbgY40ttkx8XbjCMVXjHWyZ3pCScxFuDpekz5ExNgxig3KUEcjMFqIfB5mCm4SdgeMAIp4JI28nt0YFiO8B3C0kMURKMAr4ho7oxfT7koSrm0WADwI3SAA9vNDagjxQl9wsA2Lbk9QCfASUhIxdgxwqyYDbfs3UY/YEiwewQk1c2gSVzd6fWVCoccNTOwUDONsXOxathNsBkReaMvOOvoAghP9DMGg2HFXy3akw5W/NOJ2q/aSKzUFQxKcxCr5xg1RYhV+VWQQCoWDNJUXdPzXjAYRZA9sGLgnQAHULLg28TTCRhyFAr1EDjreiP/D7OTxLY4GNFVhE2XTHMwhDhhRxCmDgYGD3v+knEkTgWj8BU3M+JS60RZZs+J26wjQxJeLW8MkwoGfWKQYTHItk8nQQSdxdAtQExwCAcXJp8wo8IDcdklBx/xwM+u16i9CNFwiOSd8iamjw4wSaUlw0QMWjrAyk2gpOwGkWCsxppI7rA8hekFQP/DWNHHwxfyZD79gGDwh4kmTPOWgfIK0TCJXZ+LfC3t14cemE5ewbjoPDgGHSPFwfVJrB+72BzidNETwkk4+aIZnQAIwEd46jBFcFvh96yIgMkQJSowyZAQTe22wGDJI0GIsfqK//9/6cIjnBRDgti6jtADLcYYn+rNYuENFg8tSGig2IjoaaxmQwJMwfVfWzB6cmgmEcNGQDlO6ACMlRQvOnLwIpkyRBX7FzjD6y0Dgw3Zl4sedkIt9j2W0EkZmAAjBePQstSGwQ/4idBKBQ+DxEiG2Dw4z+DAWIdXtjeVCDFq6OhFSekKBkA7ox+PfELOGU0+0Kic4iw6COyYypMFJ30tMP0SZIm6SBCkxeWKiP4jUkcxgD3fa+egi9SREPhutkn6eIKRVPjF8KJQi75IM+6vq4lqA5yCkJlXrW1RY8gYULr8gK2YNf4KYTRMJjWBxvwwFEU2ow86yVzI6x4eYITJw1hcaBbIYlJL8ViE3n1aNINBDiAkbVenM7wDZylAGUjUVAUyTdGzcBPYtnjVHt1AHkY9SlFxQLdIniCCa46LOagB3hycecucMzQkjU7fxzaMSPfo6sCPBq54mIUUrCyigyUIs8XKxodpMr2sjYXCzhoCjVHw08ixOgtm8MAXZ+9BpgfFXgiIoBg44LPQLl4vImGJf1xsCVBwDo3+KZJWpFqAnst0sXHIgCGooPN7Tw2wQ0iex6cIUpZnOnFgLEKCvqHAwaED0MsVzfW6TTku7Yn+xA5uwql0wciwvgh7fZ6DQSP0g8Z5afHc7oROiifoTGL+Ak6qIdEWc9CkRjiLgrCE7a064yDAl8FMiCgR4gBDj5yEH/VwvKC3ssxYAxSjYmwvz11bFONCwXJIYT1I1EgMixoFvgEn1Rgw+N1IAs7ACTUYMgi7EKeeOvCzyHl+x6RStRMNyXxHx4mYOIWBAE6R9aiFMBMcwRXHKUaMNPGMdEex4iHe0ehcSMsw5Q6JEkbo46BiQAcRhWrs1QfN6AO4x0eyqm/shuP1TIls8UvwVrDi+4j+k2AfDoLvGDXI7zHomrjg6VdEZqk4SVbVg8gYzPnx39b4MQIkmjgpMdFqejqsolyf06sP0Ugz+klY/m/osDojIodfwAA/HARgUGbZTWTxTDHYBgtiTsr40+bDCCOZIFbGde5gcu8Ug6W+cOOt+MC1Y3OD/aug6fRtKe/6uFS6XMOJUxnoHL8u6JsMOgcwd8BLoBUPE7NvHrPBRZHqofsiAgZcKoCjTjHV+Cx6QXchYsIokjBGDGDQOB3XFay6gvlp1evFgqMIBTU5ixli08n/jXHGTTWJGiLQUsqbTNf/MAsTEGSMxuiLDEsQxWXKRNfQ+xPAudzflSzBSFXqGS2o2BtkeJ0wFTvP+fpWPPQB18d0Sa1gDE4TDYO/wQFOOAxWTI/gtrG1yETHm7LbDOCRYnN6icNMlunQGRTwqI9LQ4gTopgG6BgMXnS+1oKIG2HSSA1Hnk0GAzU4iREK8tiSLWeMQLAzbcDxPTEknlUrIfuIUmfhhjJLhcy4MAGDHPBA8gy+GAt63HuI38lFLldSWjmXJ9HZtyHejviLBrSwGHUWHyCQLxmXD9sI8YsUJBAIIPnQcH2cpF9ZwcWIwEkD377g1Fgf77JlSGqwOCNk8B34TIcdQYaj+ExEE4xiBSHtxU4ZKx5ooL/Vm3QjQnSVrSSq7jgC8EH1YJEKTa+KbRH7++BQaU+ib7DCY4Av4JBMJPCiU4RQTEwnVigdDsWk2E+sg29zNcDNTsJFEPW5mp4azFiJiOE1JtiK80wYqfhb34VgwTHwjdgxyx6YB6A7PUCC5tt4JA5xEv32rN6G98VooMgosOmJetRTB3P3bygu0dNZv9EzTIZwmjhMM/h6IHjF9yDuc5Wpp302SB8BXeGAAlOLzgI9HYaJ4WbCgZaAYAzpp/ruM5hQCZcNMQXNFE916pXSBhijrVBL3WTNq7UGKAAa1skC8AQNTFzpfvijphMPvmwvbuhzYoErBsWIsy5e5AhZNrKmjg7AyU1ddcM0DPWKR3VABwz1QZiDw4Bh0WAEo9vTyBjviCQAAflNicpofU2vYVvAc1HZ0LgYCWLwaZjG3hyhU438vbBJFBBrmt52+jM8JG1i07tU7Iwi1Qzi1V2rHhoR/BioIBhsYA0RmtgIFj0BmonwGAvOoAcbCOEoosM9BDiQH9HAw4GDUgzg8PZl6QYfOF6iRQwZkggeXwyY+aA9BBQMzJvMdDuCEIyoEt1G90wGpoIRSEwFgjEmHdYHxNARaTJ6NUhnYO0BCvAOwbLOTEa7XxEeG0lQMfCHmxE8DOArIIYlHlaM8FhIGAoDKEg4IxgM8PLh+AIMMIFe+fsOK8Z/D5OQzVDXEClO4kgEONLEMAZz3fQQrcEhFsKKB/UK9qmrCcnu3OUxxNyS0SDA2S3RFRKT+ADloB+FJzBSA9r+VDuouUMiEmMwdNrDokg0YxgIE+I7EYPohQT8wMDgqBk7pmiBRzAJ6PLGFeW8xqADkNLU9+v2ZKJT8c54xhEGHD7A++7rSZRIKEZnj/d06GUXLkwUEIxmiqo24VDUb2kkgaMCUdqvbgQhOsDWGuAxAY7HQ0Ig9kEPZgUnKceV5KipZYAs8GdTKzhGpkH06KxhwRWT0RiZ92i6YDG1SkGIwjnN0Vg4xBdjTD42wWOHcTDJicfs2C5UNUIjxiQY1YZ+6bCdwRnw8NrEbdkIyGD0w0BbwB1GqhFxYI0DiZyx4KrHh00t2j1zRIxOh80TW4oZRNd8yUGkBgtuyUmJySfhrIacCRiQ5lph0QAXh+YFmngIUgW4VdHEIwsCMaOvodjN6bGqmShkYsovEjmAGaZeq2O1E4gIKbhskVBikmIECGvunEQnncpf/s/QOYoEI8vF9/iCVY4Wr59uwBhgCM9BqOByrZ0FG3FLgxQrIgF3zcUkTCSgpTLF6vBZg2g4USx2MRBNw7oBSvRq687xvWVWh/GAAcni8tuIgQlIiH6iw+EhUvlsUsXotVSy0TPTEMYhugjl9FBP8BAKhimI3dCqodzmxvZNzurGZi0EQ/CrxVSA1mK4JPih1vAKHjRR/hxXTCh+44u0RX2R6pFoiQbLiUYI2s3YIm0IEF8HGKTAPM2zCCA4KDDcV7kHSZgIOZAI90G4MVO4CACgCMs2qVtQoW5YnAxgZtsu26xoZgxwTngHjoWKI8ceiZaIBp6QvpjYsWM/C7agBoaoFK6wDRTvd+y+uAaewBSBxDdUnFF0qV2rkPEkFYevVbFgN6dbC4ZDkpf4ia6N5F6AtrzjX2bbugBpVHR/BqxBDxBFAARNN1KxsMKMeBORQAdTsS04FAvzBW/pxdluthNgZg9/JHCwwQpN5YQ8L5AHQQYZZKCwwLIZZJDQ4PBIx4qxz+gAFNZMjaRzZvi+9JDPjSy1gcVA9/XnxVglqdof5g37D0jagftgP6YAdc5Cwrfdhi7uPBwix0G6UUpuG2w2jXZQFMIlIkXfbG8FtFwvS+4uIRXvG0wQ8AW3W27dFBAE2QNk2NsHb8oL3PjtTMgHf1wifww1g8JqbERvKIH6gN51ji5BbwnqBQoGgAgFixzrEaNyt1Ff+ZBDhG8ACUD4ALG/uwPGAoCBCQmAAhMGefb3x4McSwUEJjnBACZAwFBTYbFn0sCwP4CT47eRVX2jjYcAErSANkNsyA9yJL2egcMGhGjrHB/DxAf9xof7NHRKHsGA9v//FPRte2nB4qCNFFoDdVUB8usI/fe7Brf0dMsPtrQIM0CE9nTu+639L/VAwP8HQDD+QCgCGfZm/4RyGuxWtm2rZdQ3RacStM+fMwMEulZKD7d/BtTelBatof9mA5Rw/CPfDbbtf2ZXcP4M/hQI0dZG5oN/SKvbJRzhddp6AgHqqOcS4wF3a5BRvRB5HTBzIkFHJkDrGLeGhD0yJHRykT7Gf3qBAUJp8QAnAf4x/+saL+hv2xY/xzn/QHS0RP+N/o0oOEWEwHTqRQFBwPkHRTDIRf2/v7UoAhbATg+/jELYRY1RAWZGiZTXhvWPDGZCiTxO67wQs4DV4UE+rDgFUH0hQWuMyFrKHV8Sou33BCC0g2wVgOBuBGj3OV0vn3v8IIkB6z6CAXlFsh+vma0B/UqJjPxAZxO3SftWgvbxrEvHB+xNaffnD9XeGo2DSQHOORLBG9s3wOAIuShOjSR4FcxB62ipNrAW/0fDOdvbR20edEb0QngMKEHshAW5b4dM8vm/vEwCCF0XaLAxfhusY9sNXLGF32pvDUmNNEZDYj/p/uBP+EQB++u2j4nYg/sC2ih8ZEuVEM70H28BY8bGw472DHRABDl8PjL2QejgVEwyzs+Nfv9BtrXC/9tGFUREQGZBOdB2z2ZECC77tzBslkcR5oP4AX/a67hP4xbbD4XbD45mNpZpzwWLETYUQP/KTx1tAWsNeoHn/tpyfw9/oblEWEwMDAFOi4TEtU17e/xD1tpCgLwMWQ4PT9AkQJYLGULD2+oEbsGXlPQnnNv/41BmdtA593WdqAF0KkB8IN5LdOEBn4u8/D81VA77WNg+THSE9gkPiz7ASovYSIXSvozHbjEshIHmvtLrE6+9v2sFsWXWdGlIA4zUPxvk270vyX8aBHgfEUgmBHZ9Eb550+spkIMM4Qf//5DJXmYlftodqN3brXDrny2/D4UXOGPpBI0bsJ1rfQ6PNrxwuDYR29wWxMgLOMBWPzD8bsPI6Sa4goYRslbbfnNQBwlwjMQwWwr1CazQvXFy4QsP68gSlFQShnbiGeLQDiUn198idAiUcOfABEg9AgoLgXUKVrz1zfmBgbWBV+sS77Rtm370dE3wweH/DFkDVcAlNTT/0UEU78LI142D8HTE6zQQ8ut1ISMDcdFEh5IHhO8ACbdRI0oOIQAJK9kJ6wV3eNgkZl/fAGv3CD49Nr923wAgD5mvAAkAckpeO6Q9/SaQE3Krt1GrchRyQrdRq7gNkAe3UcBKi6rkYE3Y3z4MyMPqHj1D6QRt3zucty+0BCbG78AxwAV20hAcQXMJHWD/O9rdOvP5HMEEZMF/cKxt120LXO8T7QnbBO/rA8/+ustm6vrFENwVpMRQH+/j253VdBrizPgAgXWzD+rWfWD+LcFVCMEDfsBDAaslWNiuv6pVsChbpTUsaiSw+0cWtR0WVwICSleLWkoEeuQ4FnUjRs9EPCMzWFSLBiQz6lhUKcBxgfzUH+bGWdQzKkwB47qgFhULWWEtN4QfhGpPifGA4QePL+GXftPgwf4DXM4IBA/Db4nwhTc1VNiY1geD5geYLGrS/w+j8YPQ/4PIAcNvb9GIfQ9oAZ+M5/EEBxVKKm3UMkRDwJ6MJLD5xQKY0NA1DngISs1/AMnYsQe60AjvwBXgQR5WgI0IAAEOOeSQECAwQDV5wkNQAV1gAbAwYavCC7R7302hGhIKv1/vk4adAAu41TV4bQUSY9WH9/kd2B55aAuf0xLnx+2shRsoC58LIHham7lLrDe9Hs0TB8jInwlWD4DAUJBgscHqhwSdWCsbC+iizYiwAX9I+Bc+ocSBj4PBqaSD+bF90u1TD4NUWXR7WZiIPQ87kGJdToxjT8YeRkaAVicvgYEP8ABHgcEwBS89FG/2AG7TQpY5BXbB6NcfQD+AVQULx6G6CcBl4kiiq06bID/COhipQ3/6fW4pBEkMiQ7EEp9fBRrcMdSUPoTJt++yxHaJyF34BwbJYMGDQrWoG9u2xU38QmEEUE0B+G7JZkOJwu2wcUiZLn69x5Ua/N9xifn2QbEBQdLhQcHoA0fj4CoD3Kjro69QQUBiGY/9STDZotaMFw8BgxJgfytOAnAto4wlwEjYRYYhZg8I3XAhf24zFmYub6jFIwPU9sZ/by4SwEBwwME08dDGPE+x/35Mn3exJcpZfEgdjAzvogwW1UyGFEbrpRsu7AhvMcCPQXTGQch39+iIjAcxDEzGCA0B+HPIcxACGAMkvQBW2BoQdb3d9vVPDTe9HUMgNwAlB//GSS0IzZZ4FsxFrI/+jR0LX3Tt8IRKtXAKB4AbOmztxshbDdJtiYLQJwFLbxb/vgGwoShLWax5rksPvuPwEs9afpuhQWn2I0cu8fRGDbeEf4RGnQZHdGs82yKUyMHpA1GMD63EC/2SQYPgqYnTQa8skW79jaNPD0LaTWPDzoT/x+IT7R1/Ofp1uGF2RCxskS7sTnUyJPbCaQ9JgwxiG+XHJ+UQHiRuJonWnMDrFu+1rQWwKGDGvvIFiYBInxEIgK2QCJ8lQkYCiZ9fyQUvGYwPJYhu5c8A5AXCj0c8ciU88ENsHOKLsiC8gFyfb4+hLeRFRbwPjwCElgAmj8f4Fae/A1QtdtstcBSwWXAGotLkasqA+9erkO+D7YBJAweG38BD/EzMmoP/EXJQQjW5+46AJ+CA+QRyQg2UJ4Lt7ff7+gS4Xr6AMUPGHQZyJBTz5UG2Bg8DCHIUCLmABNCKAtbB/5NWOCEqKkBA/9fAq16B2Xb2dhM9sXLA4RjpOOsrqfKMB3M6/hBPhAfsOslywPhcRkcnRdUWFi4JdObe+bIIv7Fi3/oWcpCNyYPh/g1/5dg6biZUBXLGhOZye3TlajOeVFZyB9oUsHmUVgIp+nlO0jVO3bZF8i18BWuN299nbOF+lr+0fiRFKcYX2H/Cb2xw9j9O8kEB1tfBdZ9B9vRus2/OdDlIi9xAhAjd7dYARznkcQxBFRojz7r5aUFxhEHQbveAu+FxyQHGUcUY1duZZOlIFCX4wBDIYOFoVlYYz+d5nu9DcARgUEAw0wloniAQAy5h8CsMSEBNLGRLbDAQHMNlyusOjx4XZpfs+CEXOtG6U/7CY+wfQbhcCmaQd8JNOdF0OH/hjZtNXBUAD78sXnq/XF4CRovSl/7CJJMx5UQ53X3bWtRFAdxVXdguwNw2HF8S2iRMwguTW8Pg0F36/+rSvsFpq0N/F51qGUxj2dOtlg08U0PEXwC9uwtGJTVPGEMPtxQgE9s2MspTwHrWUQtwYBTCtDB1m3ik28IivqzoweoDn6QXW9p9SOeJ6vd8o8Tk1Unt7LR0wk/k33P5SeG/+zBryQjwn8BrS4O83/jmxuw7aCFunsNFONgePsOlVoAEHz8ERQdfHRXhhcmiMzglRx6JNvz5jXH/ifL4QbrDJYZnjbx0MLN0JbCE1wDAYeW2Jq4xwQv+XRdurTEN/8r1dRM4SLUgXIAMT/5IJA2T3+6AO38lBHgqEfjmswbSuzEEec7rNO+UHbBgdRfWkjB+z8jiIJMdmOuPH4QEHNQyccakwhOJSWJ5FovTWMTx6zCPxLpbPLC0V29BDzJFIzemzuURhu8DQbw/5htY2AWu99mG92zISXAx26pjOLTWbPYSLlyCdbup/gFSdUFfEITGpPnKRUIIKcFaEEyzYMARRYnOq0gBIzvI92XrGO/fcyCcv51qGh8RCMKBwyAmNI9BECwgTOFfJcAQJiuPHahfxkKkkY+0G2TCbVGKwi0adm1DR34O+BTrwp0YjxDrype9O3cMf4eACI+QLb07IMiBXNgtvTMwoHIkB3KwQFAdyCEHwNBggyU7mwwvcEAz4FI33CHwCPiwCsURpJYq9fePtS2kXgWeIaTUhg5iapFk3OsSGqvkgZ8ACQm5CKmNjuugvEiqRQIdn+QRySEACQAJgD2xijUsj0RhqaFplNIux9Ob0Kx4B8iakVIPQOhQ/Mh5YljLVAI58mNPHq8NI3Rp1sP2dLx3TxFOu7ZERjpPjD8CskszVhNLB1Dnyto3tjZsK6PsQtFR+gG895J9iVlR2Tnxdbm2zRryhMdPhUihQWipD7aUftLH7yXkDtALx9DpJoRmPFlIwOsOj789XwEbtkAv0pRjuS0ImREmBC+6m3S1WREML8IlQSZrJS8dqCCEAVJPj754APJSjOpgkeoCwgGkWH6fiwOEEATfj1EChLaQFQ+PVKoSWiaPSB2Jh08mYucgYk+ppYY8HZRfS+xPhBzII1iMHws31c4fHlEPk8CvCWeSz1NKKQAEGUktrMkABS9PpOCBHNmJxYxlP+vgZPoxqOteAAA/bu2w1EJPPZe3KoH9U2N8PUakOEusVGAnI88f4RN4f9jESGpf9lQEunRqA7zuYPM0bpDaLZJgLjwEXYRcSSVapFGGYsjZjP1SSY0/aVrWU2Q5iiBt+f0i+ZBDajMiEM1VGJVUR4EPaFAIfzXkVrzFMOsYr6RakkpfJl/oUTAieacgNXtJMGdptyG1qVNORXQNbDtIfSmv0P8EkwxUzHqQ+ih2t4QXCxhdU7EV8oAtcWLVUlIxdGdRagOkJl5bG5L6lZJbH1NIUb0CqT8dNFwAAEwW6RaQOtFEXN9PEFMLAKlPQbKOUSevF1gt04uHDsWERBiPujgPJH9H3D4XFIGmg7x/fz/UDcPZ1eLAUL/PTYkCGYsFTzBCwxOIFfhBdZVtsVPNBmfMWjDWdj4Azu5JAfZEtDdv32ZgGelEMkj+53XHqGA9Sg++Ry5YTiOpE1KC6xFvBsKIkH5FjlsDz9H6WTeFKVdzFFYHg9hXo5B3U1xQA6ktASZmvwj42FFO78n0SFuNGnU/XAK7b25RSPgFjzcAAP+LFMJLXGjtBFzCMlRupDE2bq4Vh72j1Ag5bukv1cjdA2DkT2Nj9PIPm2aQ7nDmUBDt9e5w0l2326j9b9cI5FQa4krbw7pLEQj+xBHTGhKoeZ7d2tjLIm3IqF/8WLycwbuhoYjwhCSoAT+CYBDPPfX+QXyJCOkGF3i3wIRrY99IECqAzX8MBG7ULSpGASQBA2gBINRAIpG/uIMTeLgCVAg+AnQ0rUb7PUSLW4c+BNUs0LbdDEYEXEYKKaxGT/UA0RXxAT8I5MjtIiCHZYgpvmsLt2iexRxXNWwsEK22tW1CRLc6A3QMy6Wac/DwQSnIe0jPsxjp34VHhinVx2PYQbk+u8ht20e0Oc50VCXbAskr6brbQl9H9kJPcwjJre7CtjRKLPFDg9Y08dI29aB+Ctn/OyU0WeA3gAWewwTucwZmRW2ot92RcsIv9Q4cZETxQtEt1tlE5oZNKedw44FvAP8QciUQCIIcTbbt9gfaAetP5iJOA3cg87Ur+l37IDdj7S2Jy+Al2q0TuvFNO00DdB+wi8Sh30+SLHstt4ESXKwsXH01W71f+sl160kplIP+/A+HdvHSqgZgg0v7etyDI9oKFBw1XPoOAWu3rghoWybGBvfvvhu0DUNZ+rOZXvoK/K4beUb8/v5vWQl2g7cGdk3DBEladc23VIdU79vpaD+gcshhgwmQCIBwqQJSHWAtP/VIqgkwYxABO6QKSYeZ4AjkkEMO0MCwyCGHPaACjwICIYcccgICAocccsgCAgICHHLIIQIBAWzIIYcBAQgjI2PtRFkFMCAQbMghZ6cAAAimbg3Azow9XYFHgx3U0XUE22efgeMVk6GEMa+REB7hpeY0TncxnMSw1ExOAvYlljo+ZmtEh7ZMAgEiODAkE7gS8vSWhV7aw3WyUcIhUwWKDdhAFE4zV3CTdexlUynRUjHA/0XQiXoSoGEsB6q0vdH9QZBB0ekFwVgG5IAmrUzgVbS3h/HrN2a/RFT+A0R8BN3BrRA257fAmEBMi21XD+gofiGDx9PVgJ5KordhsuhaaG88g8oBngkzdvwfWsADy5tdD7fF+7JhRjV1zuk2WjBLEg8qaNkt2Mc6Souc1M46Me2OWD+L20QF2EicX3RBvyi2XYDIvQNDRSZFyhs4BrUEL7ftrQRs7rd2Tdn/PBR7FtBmg9UABo2aNlsd0N//mhQH7rG2Uj8SzRffcsoKJ7aFT9tf7MfuNMXtcGvLxSnChhIVAgxwsdulBiS2Kenn+SAmahQ0goUmQNsG1Fp1zs3t1VXmrgtSWwQaT3xIXLNt7WxkBALx60zKLbhbJP9iSY0g0AZIdzW3FOlbIwQx0mbvM/KMDFBRUFFNPM/IUFFQUZkEUKrJFI3v1eM1bp/BAQfHgmReu5F62N5A6oPl8ExiKOVYltra0G/ILC599kfgYKBr638QCcZtEGO/fSFh/zRvREjwBRAMSPNDF7q3HepO8AURDE6mEL3NdfiDJ7bfcupEWBhe6JAwNPVwPxNdHul02ArciPHYTOJg+Lit62Y76hRI1UsQ8v8GyoUjO2C4OM9JfB5YoBrdBPg/HjwsPLDvFEM+wKNwYOGBEio+7Hrf0FWLYJ4+ZjdD+HCBIzgpw0YEcEkx0raFAymfTDpmXkyMjIwVRgv8/P7jsNuM/gxRCgxQQ7kINox903XJ6VqJ8+LwLFxYWHIKHMk5NAo0ydHgji1d2fsBwXUt5NzcMGQvQy9h8ENh80JhW2jNCwUvYTPEL6hrj6fi0LddYmAQS3qswFDrDJ9H3mZt9yiLB4wkwJQkhGDkkdCcJOCkN0feInAorEwHtCTQvCRn2zKC4EEHpEcpmDkbMw+sTykPwcbM2bRXKQ+8X1mwbwIvf/BPB/lNINiMF1gfAAETCHY2B4wXgcggg3wfEBAQIIMMMiAgIIMMMsggMDAwDDLIIDBAQDLIIINAQFDIIIMMUFBQIIMMMmBgYIMMMshgcHBwDDLIIHCAgDLIIIOAgJDIIIMMkJCQIIMMMqCgoCg9OIkKb1CmwdtUMXY3KUwPxQq2SEcHVFgXIQjWBJQRgxkX7FjBMHIplBFR6J1nMBlAQBH1Uwd8ynYVzAW4XYy7cAUROi6x9ybgiB5HF3R62raENiXS1g5ckobQCMUpjttDrcbSu2dap+tXzv3rZ5vpUkMpLDgcKTEC6S3dlk4qQuQUJFQ//A3RDD4LMe1fp0TTblOjbAUvbPPtafAt+P2lW2kvxRCH7XXhTTnvn1rloV+HGkfYszNlhqra1lI02doL2k6IDt4Glx5MoJpP2HbrlmYYA08ZyEneIDCirx3UJdyJyGPJ8KN6lfNj9AiQVb8ETYFStGZHiRxGWE1BqJSf4/lgbSkMtGsoglAGtRUQgfilfSlbrtsTHwgVFEIwbv/5dWERD3hvRHojIyPbC/z8/v4GTOw2BHgKBHoDsw1c0a35b+thGDaTG7oNNwwexQ43TAH51m8Lt9sQHEM3+x/DEEUx/28jIyNXe3t5ecPWum0rxzk5/m8E8kEuVQL4ZIkB8wXvuAJHEtBCL2B1IJqC+5PLrw5A21KZ/utFpMRvFB/9P+y9O7lo/xhUI3rb0+dMHPNIpZ/xXQvA+U0fMhyNiFZBL3DBSDysd+qNPaatXYtLJ4nGfhoAXIuihAH06wIxwKsQ3922hv7RugPJuSKABFSJ2OGISFhgAyxvRzbdrlaX7GhLejH2AVyI7l0QM+a6ZABex+d+0RFsAqy4ugoTDoVPQe2cSXgDA0xpctnbxvBIcmh1XsOQT2N2n00AVVBwiftS1ylkAuRAxe/YXPdSQN59OEEFlF72N8FBXE+5NJk4FwZy2UN5SN4P44Sx6e48D53AknBdwx/8peL7hf9+W6AQumnI001iEC7B2xIRJgrRGPweAcJRbGjcCcJAMM0MJNGFFWcf45/ffy8EY/AASv91CglMgzgBBOruBHTmbxBbw7/UEkGIwHekAzabifoXc2xFtFe+ZYCXlu0XugPchj2QR07YPVxciz8SHCYnLR7cJoRvwBM8OioSQfbXxxG/ulY6qtK4AAEf5Pd7B0cyErqAIgAICXsOZAhdAVU2vIOdZpmNNQ2zvuxyIV3Arw5dgBdyIRcItishF3IhQZVyIRdy8JchF3IhF+XB0yEXciF9MHIhF3JgH0sXciEX6f0oIRdyIag5ciEXcizHERdyIRdEyy4lF3IhTGToZRzSv46MbzU1JYBgN06/AhhmrRDQgnsFIzqkoF/xNCRNhYxz04voUkFjAKZ+ifUHbqrG4SPaweg+cfraYKNzpI2SAQvsthP9AMwEJMc/5FHpAo3gnvwBTCgEJS49B0FGudUCwKNlnuJXfAtmWj5DxkQlf3WB6FsMNjnxdD9EeMluN3pPhoEGRXRMEhV1My3h/guJDV4GTxC/BVXQxHsRBVgUwUCggSPi+o1et/RSxLHcdDxIcC8guu+I7YP6gScHEIgH6yZEGY16bkITDe6Fj3VIxesjAYsiBfbIXOfufpkN5wbGBAEKZ8cac1BMonEdtL+57nv3dAU03Ka+KGpyDY1GpWS//cU85ilzO0QPSgxBjUEQLbBt4L+/+QH+XeD+wLpdolWnXbZPA5JJfUu0L2TxGA7WMwtgx74QIaVBgPo1bi8m3i1RYi8r0WYKRI1W2Pe6yyIsHokiQs5FtrkFMglCSPFFV8lVcggHBnKVXCUFBCVXyVUDAgawh1wBcnlBMuZuxMNAcliyiUgDPCrVYjdIAokwpWUX4JEacQMdDw+TIMAIdkKzdXYbNUb45y0xSw1dvmgaWaU9DjrQVvCybBv7g2w16+lAYwK9St4U3oJG2pG6xoV4CSgFjcjHfghtKA2VBykNrcYYSBzjBZV1exBd/YPfCjnHBZjOAAMAa/s0Kuq62BRm3L8JVPAsIrPdIOsRHnnGS6IE7n8SMmVEsb5LcPdAVTgUeOIxaIbTD03DKHicJKINDsXAACzVF3pRxhKNJRoFWD8rIJ8kAkyFwBPRIM/+vb5AYQcIFAEsp+RrTLpJPCv+9xgchcEGG5E9/A97Xgq4VKPF42t1qXo9e2tPcATmvwHtAbwoRxguRJ4OV8ASxi3oPM8pKSmhYtdU9IA9is2xS/TfJVPt1EFrMdsP1UVUGkhRcM/KVaCOVR4A7PrR22Avk9517ZRsbR3WP7HY4leGc1ZGyVBjQGz/uiXLSSh9IeSO97PQFW18Aw4/ScH8EkPEXQOuqC5EFWA0cpmLOYDWn8D7wxko2v+42zS214LeG0M+kNtwcZs9A/oSqWfiZYSbi21cOug8DtMxQh1VpHjMSImXE6DwVy4IC5nqKAQkgBgBDkQxKNuWgdZJJATbAgJKdt3ebhURUhQRWjBASkDKhMy81DfshinpO/JIDyrBM1kF0dcWbh32ZgxuyzViHwxuux37D1wNjAco0QMV0SRYA9yua8tewhFqFMgQDasgyMhY6wdMaAUQGMjIyMggKDA48bvdyEBISg1lPYtwFLlsB24EC922zotItsowY9JsgDDc+dJnltrB77eNFzYR6iAUAgH6NxICv/cQvf+l36L/wUxjSAxNacEml/6CM4cmduggQcH4AsH4Q7ux3W0mAClBKflMeH9p3ybmgCjFqs8pizRNM+v7+xsbWW4vqJQeWGAE7NumOTvvLu39/UIrbWffxh4nMvwqMElp3qnYtdq1CbtYVwHD0n16Y7tVBIAixmEVsMJWBbHQoWvBBtTQJfrFCxZ04UUCLMHpIHYMC3roygDbqx8i547tguL/tClBUgidNSr1ugaoD4aANOnpGoQN2FPCb0vabaJQaDA9xn4tmcqMZYyMAHa1dpBqLCwoZHApodzSRr3UOVA7j94jevBvmPBCCCl6PKKwz46kfkPq/i8pcBwzt5bxneLpDmaZwMw+YL1zJ7QHHW47Mfb/KZLp3oUN9imib2WH1LdmPMk7FToaF7KisxMxsSTdwzppuCAVnCsCPBWJMoFMIFkak+7kBCEhTAs/LUJd/AD8kMYFLTgBO8phFRVy0T2PKhzAKi8A+RANaIhdZ8fwA+9ogf8MyGELcHi4cWxpLf2zzfdjcHVsEWBmxzFlA4M9rcgBBtx+2GO+BJkCVrkCBszoqoYxI1QgkCHt5Hch2CaC7rOD+Az/vRTtn2B1G+sq9DT4jwHGtvYVBP1LGjV7EdcQkBKC34AhDGJXNgesdeslL9dgmyXX4P83QSAJfTdH7cdiuE/GnqA6V79hsAaULYIWxPWHjQYJWkCglbYg05VJ9i6BXUjwm36NDZe/AACdh+20JNhWCBud2jNzB6OuHH+693rcExsC/zrizAmgdIX2dA1pYpd4LgwZY8eEDFTFRgIqvOB4wejXRJAHOccBKifiElivudzp8QTqpUljV9C6IGipnatbQTWUEbEfH58JZgsHf8yZBB1ZbO3YbtIafR6de+wLlVAD/dkiCgdAixBIiZW9wba3ecp0FQuUFhEK77aJ+inrBp0RBhJQCBP2jG6xSD0Kx0C5QBDE4VmEQCBpugQhDYM8PAM8DPCMhWR2pIBhyrUCfNp8J11IW/G9PHw0iAAu0YIM23UmS4U6dp+rQOjEDYF8Pyy8xw52BFyDzgRsDB7hXWwh1nLrbrombT2QOHVw0jEWcR2I/MZ95YDt+xKLAUdMyQE/U7eFdq90ZmJ/GXQHSVtikHhHQ+sWwQzcBwqk3X+ovjH/UDAPvvBUOzjKZ3wN2tpEVTwEAtNkkIe8GUBQFQkGG+F1HB3pCQJEvazWrLORlzDrQiBsADR16yzDYUaIWR1KKF8cBfYw+SSN6KwXqGEnsJF1tiwaWxCMn/eLZ4t6X4vfr4VmzeoAXi9mkIvq0HexFKHNpH8qBbYXjn3AQI6lDbsKTCRUiUCo0RYSqiWaxYJhISPqu+gYHkRyInmwAXgCE8mJ5EADCATQnEheJJgFYAZYIDmRKAcXdyJ4Ijxm2wV0pg9AVJ+TEL4Hi4LdBUPdbYPwRrgGQIB+DJwFmxUAAL94IAT8cEzD8BwUw+bcQAgYHgUUOqgRgn8GospjEMEgVDaBGZyqj8QtWzbLD1AtIDax92C7nQUTxs9rELQrH4ovWKLsGhzO6D5VGyz4dV1JjX4VxC+GNFvQ8XMT9v5JUV3Q4xPn4zu4BW4mEgQ0R3sgwUGaBXoZAXyCxCeSbvCyGYzYAxso1Ys3tAgwiwcfPpxJxwcF6wPXNFt6yXpMOe/duDZTxEArwPuLdyA1KGpqMYGD5kMg4pHS90sNhErfdAZb6TdbTQGJLwL/VdyVauDT7BhRi29r0FvAdundSDtT/wCOAcd5x8K3KnYOfka8SSnUTQ3wwy+0WwqNSxC/D/c5yHTZWxWgfM9w/HYm5Vqh28F+omMIJUIFjITEQo9f3RhnhYai7TQwWNaFKYpB7QpvQHcfTGYHchcTwBdqGMA50HN07Ej1ZWF1PmABButmSYmbEJPtfY0I9doItWpbYEuDBj3yZe+N4AiHfXbGiAfpGhfFLKBMeqMcEaaC+8zx3KshZs2TxRvsdrcPbInp+wQkZXQhYXQcTLZ9D4gXWUmpFlq6bdC+sgaLhg0NSru9QLsbAU0jojn+djspzxU7m+z3feKVfhIz/sLpFGNu7DbTdDmVzouE6RN1RX1JSF76xjZFtLOaTJBVhcCWbIT2TR8MC0kQZ489sEMBjBJJidVDSCFZ7CTqSEawFBxmuNAv99p6UQZYN+yA669WRsVDrQ4tooQ0YI/YFmaH+vcC8I6BCvaODPwAQYgHPOcwmmCZi7UW2Y0BBlXfbypQPIooAfWi+OEgXsdHCLY4AOyeKdVhaMV9bDzeQ1cQuGAOF2BDn2KjMKF96bB/u+pSnG7UxU2TMXYZCmffFfcPcxFJvf8AP5NMkxbeuA9C6L59v7VtExkqrTZ0Dkxx4W2kM8AVwhaIEOYsN3iLiBXMzCPrR5ekeIL18kM3hos6MCJ0LyamotGCB8KpK2EdvwdEF+tkyjMPIDYHxMYEI/CW7ZHvOep0BCkbYJSIha1Is89L5vNCpTcjTi4OiA9NQ7VJcayCXQHcwUCaWq51nUAo9S4gxeQ0dcvr1gkgCA0nFXTfISAhFb8F4adWELPoiYUwJQINmZsGjTgLLIojR27uhUAKBo1QlWCdLpfbkXBlgANtkHWgfbAt3G4mEGtCD5Lg8K/G4CbitkT0DYUQwYlF0PGr24MUB8hIygAwoDG6I6lFwBXAW9bYeuEfPMFB/9JB7Exj+Ahjhd9AbNYjQcEYRYXteFGx4FoLgX9xWBdATmArcSL9cQY9g0BD0/pxezzGIwFia1ZMFItwVL1S/49oHfBWH4I9gyyUSZ03oAFRKcObifwAG90LO40tfBZT+/0NYndDE+jffuDB/TCDKkjUMdsv4UIDt7buRIjOFN9rAeK4EEDp3XVzL1tdG1hEEuSfbzgEEGzDB2cAABgCWRIAAAD/lAwAAO0GAAACAAAAOSQH8gEAAgCAAQBgI0s2BwAbwrrbsB8AMEMDRVT//7FYEwdF7F2ACLYrQZXwlyHlwdN97LH//zBgH0vp/SioOSzHEUTLLkxkJkCPQC///x/2JEBBRm91bmQgYSBzb2x1dGlvbiB3af///9t0aA1jb3JlICVkCgAvc3lzL2tlcm5lbC9tbS9o+79s+3VnZXBhA3MJLTIwNDhrQi9mMR0IS3ZlXxU4bnL77v+ANldBUk5JTkc6IEZOIG51bWJC7reTfSBvZiAhIGkCc21hbGwXb9utbalhsGBlZAEsIWF2ZW5sa7s6syAtwxZ0CigD7bcWsHhFMFVhZHMpLl6vfft3QWluZyBiYWNrFm8gdXNtVa1tt9tvYwZlbf15LvtUFizbtqxrQA1lf2hwemEVnCt0LXI4T40r7/btsN9hRApyb290UmVmMbfm2vtzdGFydGIkWgiBCi/7oS1sZXIXYgscY3Rsqps7EH53IHZtLgA9sXlPa0+AtVK+KGNwdRhZyXbbYXO5EC4TaXN5bL8hdMJT1vlzaA1kBmF7OxcXQWNjRnTncrC37da9UCBbFywCXSAmCbTWttslRGFJIO0dPX9h7SNOfCBJbtsRTmV1cm8Ge12wbhMSL14Udg2t0BZQdVhn/Y4weGjbwnglXngbTZkVczCE/2a2FAAlMDJ4ACVkmekaDK5Ej4u6SOlQsN0Mn9FuVmBhYmVkjlaY0LtQgOVWuTM42uFmZXde5ht4/W2tOdwnDu7YFAoNG2yBXU0gZcfbWIVWQWlAO7NuKzjQY+ppPHBp28Debz90dHJpYjwoIHQTtuB4R3GwekJjDCxYczUspxgsxkJr2jBKeURc0BpvpNJiamUeLxmsba2GAOYtAgQg7DGX5DodIS4yZgppWWM7abV0XA3/se2TDRIuNnMuACUPvwh/b2B0bXADLwBVN5lvcN3OFgpDGWkMd5B0ZeBupZNELgBW4WNfuqa2ud/qOjpfTV9jWg11rI2wHREaBtAdaWQp2soiBAoXFrZGK5R4OhhFNFZaaxsz8j9Hgwon1mI0lKoeSfwuV+kNLzwhAFIZZWl2RWV4aXSkSK3QDdIAwKSY1tPT+2Rvd24QUyBUIAADCy02YRxWdnJ/ge8aeBsDO/wnHgNYav//MJBcNs22mG0HWKhsBbhvWTbbtxgPcAdwuHGYLJfNslic5AipEALoa5pl00wIqmAodBfrLpvtwwfA2M8MAzfQB6ZpmmY0eEjIdN3XNMsY0aC46A/SLwR9TbN1R94HPEioj+Lbdl23B9Qf2AdQFxjlB9wXstm+rugHhC/mB6SY6Hfbuc3wCOo/HyjrByAGF4fBZzoHaAAUn3p39gu3UgN4EA4MBwiQARccAxeDv22YbisvIEQHEFkDf7cVTDSHF0CDAA4QRg4YSu0O+/8PC3cIgAA/GjsqMyQiV1wDOGyDL2CwJwjRP3TR//ZBw1MC/EFAhgJDDQZSg7quuf8GjAWOBI8DAuuC6xqcAxhla2cbc54qJ0JoAiCL/d+WKDAOOEcOwAGDB4wGjTZEY2NbewOCKhQXMCAgLBBuu65rDnwoPugDbJpLrQz2vmzAc1Q+A5QMdq+wb9u9u5fwpivZsEJ39r9s2zQocfAFjASOA48CAsMP3cNz2EFmQgAgUDuU03zBlqcW7xNkoG26L0ga23gTrMAZTlgjhNsI26QZhs23QEvEIMHrOSGHsAtL8AXUC9uPwwKbx8TMS359hwmEAJtnJNM44xBs2ScczR3TY/v4FoTuKBNPNz4YRA6AhnArXDEDji0IGEEnbgCk+St4TDADGZJtuqQrcJMA33mHm2GjJaeDiqEChp0ou7Fkxp/YM9zer+u6w98gA+wTyEdgEG5su7VFLUEggzxVNsMSwth2vCw70wTOIw8nT7M3PIYLAkEMBhBnA+RdN4S22S8TsQNUE4AxXDJ2e0ACP6886Rz2GDoDLgKwQme2YMvuiDNc4TLjmGpN9zDbGkXR46gffGYgbAmEAuPKUOLYNkB4AmHhAlBLDCGXzfSg42sBYOECO2EuMgFMYC8G0rbrQF/E5EsSy5WScMCLAvEuy33YZdcDcC80aAsC5wMFAnqsk9XjHIdQTIkHm50drMNqQxuPMDuY2PYCYbc7aUMEx58C2W/cvp5aBFiv3zPQAB8uYINC79XZje8M2EnQfuBCc0g14L5EdwUEW2VQLbS2tRwrSSQynSCFL7StOQQoQDEwhgZIJWEjXGiG5EBuLUFM0H0QYytLKEcFYYEtIA8NAV6tkP+3t5sDCKQmtQN9CrIEGf8HALoFFfr27dtvBeAF0gG8F90HBfgM4geHATPt7W1jbnYHdgi4Dn4InAQAAADuhgFKF4AEAAD/iAQAAGYBAAACAAAAPHl25GAmAHAjByAmAQCQQ3aBng/8BDLIhbwGBSMMO9hZC2AGDQ5ooQdgZwc7GQ+AzQcbD04OMtgQBxqQzRyMfbDBDwgH9f7/bw8DWLAHm3YAWAmXD2CDDTZAHwoPixjCDjbYCw8YBxUAAAY7O+wDCNAGAg7IGWywwf8UDwcHFwt7YQe4EhdoEbf2IRuEUCgJf/v//2/iDcJgB/4PaBD/OdjBgg9+APAP5A9EYCE7+R8ABuMCe5jNFzYnRhlkkMEHVmZ2ZJBBBoaWppBBBhm2xtYnBxlk5vYGIRYMMsggJjZGMsggg1ZmdsgggwyGlqYggwwytsbWwQ4yyOb2BiJ/BhlkkCIiIiIZZJBBIiIiZJBBBiIiIpBBBhkiIiJBBhlkIiIjBhlkkCMjIyPYi4RBI8fI0Rf///8Xl5Ln9OsvbTztCEkJnvq/cXiU7ubRMLqLMAAAw/5IYyfdifwvJwQAAAAAAACA/wABAACcUwAAUFLooAIAAFVTUVJIAf5WSIn+SInXMdsxyUiDzf/oUAAAAAHbdALzw4seSIPu/BHbihbzw0iNBC+D+QWKEHYhSIP9/Hcbg+kEixBIg8AEg+kEiRdIjX8Ec++DwQSKEHQQSP/AiBeD6QGKEEiNfwF18PPD/EFbQYD4AnQN6YUAAABI/8aIF0j/x4oWAdt1CoseSIPu/BHbihZy5o1BAUH/0xHAAdt1CoseSIPu/BHbihZz64PoA3IXweAID7bSCdBI/8aD8P8PhDoAAABIY+iNQQFB/9MRyUH/0xHJdRiJwYPAAkH/0xHJAdt1CIseSIPu/BHbc+1Igf0A8///EcHoMf///+uDWUiJ8EgpyFpIKddZiTlbXcNoHgAAAFrouwAAAFBST1RfRVhFQ3xQUk9UX1dSSVRFIGZhaWxlZC4KAAoAJEluZm86IFRoaXMgZmlsZSBpcyBwYWNrZWQgd2l0aCB0aGUgVVBYIGV4ZWN1dGFibGUgcGFja2VyIGh0dHA6Ly91cHguc2YubmV0ICQKACRJZDogVVBYIDMuOTUgQ29weXJpZ2h0IChDKSAxOTk2LTIwMTggdGhlIFVQWCBUZWFtLiBBbGwgUmlnaHRzIFJlc2VydmVkLiAkCgBeagJfagFYDwVqf19qPFgPBV8p9moCWA8FUEiNtw8AAACtg+D+QYnGVlutkkgB2q1Bla1JAfVIjY31////RIs5TCn5RSn3X0gpylJQSSnNV1FNKclBg8j/aiJBWlJeagNaKf9qCVgPBUkBxkiJRCQQSJdEi0QkCGoSQVpMie5qCVgPBUiLVCQYWVFIAcJIKchJicRIAehQSCUA8P//UEgpwlJIid6tUEiJ4UqNFCNJidWtUK1BkEiJ917/1VleX11qBVpqClgPBUH/5V3oQP///y9wcm9jL3NlbGYvZXhlAAABAACzBwAAOQYAAAJJAQD////l6EoAg/lJdURTV0iNTDf9XlZb6y9IOc5zMlZe//v//6w8gHIKPI93BoB+/g90BizoPAF35BsWVq0o0HX//7//318PyCn4AdirEgOs699bw1hBVkFXUEiJ5kiB7P7t/9sAEFlUX2oKWfNIpUiDPgAFdfhJif5Iq7Z0s8sM/AoM9v8C/t9u//VNKfy6/w83V16Me+1qWVgPBYXAeQXbb//fDmoPWJH9SY19/7AAqhp0Dv/zpDvv/2/b9gPHByAAPTg+DOf4TIn5SCnhicgxb9tb/viD8AiD4AjHbyYIOHf4SP/t/+/B6QOJjWcI/EuNDCaLQ/wjAUgBwUFZXl/37da+WK8Id7niUDPo6FAFC/v/P3aBxAgSRCQgW0UpyUGJ2GoCQVpqAVq+2rbu3fZqANsJn4nfagMGX6IL/tu33/3/ZviwCUDKD7bAEkg9APD//3IEmqb734HI/8OwPOsCsAwDAwILoeGmaQoBAOvOhlFHtt2/fRdMi0e3jUr/cwq/fxLoxUD/27+13z/5/3QRQVOL/8lJ/8CIBgfG29t32+vpulfiF1jDQVVx1UFUBMx+eGu3Vaz9UwPmg+woWg+E5nX/3uBELyQQugwJie/ollGL9n9hu9IQixQUW3UVgf5VUFghdREvG+y77n0AMLUm6wSF9nWARC57Yfu/OcZ38onCSDsTd+sKSDgIc2xJ67budlQkfYt9rEwIRFAYEpr7um3C/9VSxl5IXxzt/63dLnW4tyEZhMkPlcIxwE2F5Adf2F74wIXCdB1d/gACX3clOTN1D223bWsjThoEyTV7CETUc2/N1kAU3kVFjA2J8rcCNtvXfcbo2/66VFsDHVPQSP2P8NZuGAPpFCXEKFtdQVxBXcOF7b+jFUvRdDZA9scBdTAtD7pZczf88Ew5wXQSSQEPlIffhjW628YIMwcCTwgyyeBodBe+HscQ69BPV7j5AMpv+KHgPVtY/FVTUlhMA2dax237IGaDfxB9idIguQQAPL/bsMX56zAQLEwXEA+3VzgP/6XY20TIdoQkkCEMg83/Mdsx/4NtK/zCwSLfAP/KeCGbmBYh7sLtt0bKOehID0IDA0awOcMKtsfCt9gsxjjr2x7lPOLr8N922gnDEQbjEPbBEHQFxtZ42w7rE7HtdQ7sXsdeo/GNwhBXb0XIRTGkaxaa+7Yx0iDe6HT9PhyfBEvtoZUlo/0AyEIphluM2+1mI3441qaERoOEv71tcXy+AHQjFzwkBnUcSWK34d/bEyC+A78B6uireOkEKicrLDwiQYVFNUtJ/pVdcgcmdUM2SQNWIOhwfZxd6DpJElY4GgVTXOM8J4MTNgRIOO+7t/BBi0MExrUIQGJRc1jhfdu3IE7og+EHtMW3SCgvfSi0f4nrweEC02wlGiGDZL9Qbq4JISxASDjdTI08GqzDvW8OBCS5MvoxMNi1cMv98XUHsSyxElocicFXmN2wRP5Tg8oCHr0WTnLbcOgz/EA5xe3PABlI/p42553lHxhVQMAw6Hu/O/vmKUL7SPfbifZrAnQNSo18HewdWwExoNn886pZhIze7dvxTLiv/wGWI59Iugm1b4H2A21UUu4oBOHW4DaySTv4vzJIDCjrtwkf+/fYJej4A3cNdhlMLvCthuMMdR696XBaw3QTuRt4i1JyyjH2Ev7o8ZrSRvvs5OHoivsOKnTbhcLWDWgNSV8fL1ZzvFb4OywkcyUgBS1IR+EX4XA0JIU9OiT7Dm9vOR51xP9NjLdGOILEODl8Mh53DA+MumvvKE0DbkvbaSseHFiODuiRQSbHk+leQV9WUc6jU2l7YaxNrNWjbUBTIsNdtp0amj+8fEwEKBeD6TD2vCSAeHQCXtjaAg/bOCnC/zAkBBTd/r3QJoiDwAwQEOj4+oFBU722rbFV4fxj2CfxMja24dY3KHXoLAO+CU3CGQIF3Nv3H8To2sz3zGFIpaXNfQoenCzcwGmP9gcDdXKBP4K70G6/fRBOSOhMXDXdpe+3pXgXugAERu5X6EcUSAbmIbw9D04Z+pF3m2GsO1BCAsDsV4navR8aDItApW2LF74gGzRwg4ZTEj9u+Vk4NGgGg1dWRbWd9aTFgnHWSC3gAABEmNlHEgAAAP8AAACACAAADgAAAAIAAADJqKqSAAAAIFSQAAAA/4sOAAASAAAAAgAAAMmoqpIAAGAFEAAAAAAAAACQ/+wAAAAOAAAAAgAAAAAQiJIAAAAAAAAAAEj/yCUAAEYNAAACAAAAH/v//0dDQzogKFVidW50dSA5LjQuMC0xdQ0xfjIwD3Z2KxAyKRcAJGNsYe3W/v9uZyB2ZXJzaW9uIDE4LjEiQSsrLXb7//8yNDAzMTMwNTQ5NDQrZmNjMzNkY2EVZDFS9tvL/n5leHAxfiI1MAouNzMpAAA2wP5BAwABAKgCFxQC2xLYxBcB6BeBfIB8BAAIAwUAQCA/QD4GAFgJBwDkD1kOkB8IAGgQCRF2gPwACgC4EgsEAmsH2CAXDBYXgXyAfA0AYCMOAHDrBtgtvGihF7ywFw6w2wC8yLUXEoD8AFm2EwBIvEA+QH4UAIDNFQCQW5hAnhYAmBc3zxcPsO0AGATQFxkAYAsHyMDRGk/SF47GlB0bExiCPQWHG9nx/xcWhWdb7OzZgCcPnioHJRtfQR3s7CCDggczL7B52cHOng/wCwdUF/CTD5AtNtgTX25Hv+Czgx1C/ocvEJQPkj3Y2WkEB593JF0Bn5BBBvsAqRcwCEEGGWTHKARgR0Kw44XH9hdhzA7JfAkBj2+wzw7SC38oAV9A0gCPBxtCmDdPQkewJZAMcmEXROCwCznIVyAmbXdlxIZkIHwXb9iQDHajR2CvL3aErYy3v84vWABjKRdE/y+9kmIH3JhfswpJsSvrjwfvXxfslI1d+EcU1wkCF5X0Htm/HAJHL2EHsNwyF5IARRcCOYQMXoMFQLoh7HwvsRcRBXYIG8UvBAMX2NmFyDPH0F8PGhdDUlMzQBBHCO9HDtLsYC/ghg9+AFxkCBvCX7AX6QGswyF1CcJ/D2kJvATvb3cPBOzZs2ePIFIPrQwHNQRfG0C6C30XIpkvnR1sCK1fgIcPYDbIIIMXueAPdxA2hA2+R9gXbpEL5AMFF1+ghQubwc4PfhdQEQIfyN4QNiRdR3kvG6yTHtVV0SDIgC+aIWwIlxe+IcImBO53ANIAD9ovbDAGG/W/kCdPF9hwgR0QBi9sPxICbAi7kmc6L0wXaIaQIWOkIhsEzj4vmw9mb+0vyAV2CAAHFxRssLOmL14P2Rc4LwV5wiFSB3/IVIQNYYMXdi9RjzYkDDaQd0BPqkcIBOMQeQm3/8gJhzAvxwcHsDaEDTYyF+FH9C/sYMEOgJj/Fy4IX5vBBuuwNxYXOxECQggDWDcIl2QIGcIX1enChrAhQL/9LxBygR0cCRdBYDVDyFVzEK/E2RMOgAk3YJ4Pa2FvvINQBAIvDzhdAS9D2BA2x1/cF/C5QA4hAgo+EDsSnneXSi9ssMEwP1cdF2RHYYawIYkXmw42JPTnIBepX/CgTjgEzg9lPwofoMIGaTBXQI/RXwVyCBvmFwcL9jNDyClyd9CfDwVWg3AShutCCLvAtl8MRx8XdpBcZDHvF8AZB9hgDXZiF2DfBY+wIBxsF3Amv49hMXt2hAyn4JoPdi6wQ9i/d94Mv+1DSBzCFwcNHw1D2AUWV5Qvp///D2EXAF9aTDI4S2VjY2FrUDE2MDBfUP+///9lcm11dGVfMTJyb3VuZHNQaCM5bW9kTnVtTFVU2v9vfw0xNW0lZ2VTb3J0QnVja2V0UAH7j23fKEtoU18BaSA5Y3RybENIYUD92bdtbClSSHRpbmUZN2NvbXCOvf2tDzpQdWJsaWN6eS4wGDZtv7f/1iMBZ1RocmVhZFB8Y1B2FzVzvW3H2nRhjqc0boFiTk9mTVuCto0pSRZyGqVzHez2DhkyRrebbHUbW/tvwQJfZXhjZXB0X0lyZfa/XdkxOBI5QUdMT0JBTF9fc5Z94Vv7X0lfUQWbQVZYNQYuY3BwDbrW3mBTdEw4HVF6dL63Untr+JZ1ZmYbgXJlZ99t39xpc4tLbV9jbHJlj19kb19ne79rbwtiYWwJ63NfYXV4APls9wL7WylkLjgwNjEkX2ZgYmHbNghy2XmibkR5d2uFVgIKbSDcbXkyS9gbMA1fiioebXftf0ZSQU1FX0VORAoNR05VC0js29uDFEhEUhJEWU4LSUMAXzw0w8IuZBBy4Lb7/yQST0ZGU0VUX1RBQkxFVVpugRa6/+1AQBtJQkNYWF8zLjQSTm4zbS1kG9RFYxhaT24wWISt5ONjqB1fWuGxrVMBNTZ0NmPvGBEMF949X1YyanN5R0QwYW8bVDMUd0V2Ty4A1grNpyA0aEgFQ2HhMTNHc7M/YkJr3YVimkljEjFcyJZ797a10tlzEEVFNVlzZUV2vlvWuilLLDKtQS1XVnihN9Rfb3AbLjZHqTUa+vdSGdFayW0FzNlhExIpO+y3P0pfaHUdcGFnZWlXME9v29vZ2TdiY3h4ljQgdGg14Gg0x19MNrZtFW3t9rHRZRlyoEVQzIo1FuyFjRVF/jI26lJzI+FFQzE3OJyQ0NpCT3M0mjqjcKHhSU/tZPtfdRgFbTS2tlo5JopzqdR5W3M8qZqqZULpmu5TWlrZXR14UGOEu2N3bM1ltDRIB2PKeUVSAljCtksjX5zMhb306B1h8ABpemWYxpTRtlZyXTA39QUWFt5TxFxt026NtpR9rHQsX2pvaSqhMmjdhtuuXyBGX0lnCaWQ0fWMdkukTnUjZbRt+lEORmm37bOXRVB4/ThTeaxwLnNSDJsLCRwc7lDzZLE2FgJz72j3nnNd2IQcYWfDNoXdvlFfc25wcgl0Zh3kFtqwOTYGX53tKWHJkBFzJERXLibbWNhahHRnZV+qcno96dJDSnTAdjCUNWaO0sq4v3NowWvCBpqO21RvVWxIrlBDNE9CKcJ0djdlN29naUbCIYRjNm9wngZIF57lbC1tZZ1uu40wsgVfTeFwtQLjVmgUT+hFdvNjUmHYNJekH3QA6YEC5VNhhVZw7epwVxxYODh0BUrwLL5t6cRuyxbLeZ17AHDc8EE7Jfw2R9xcZWPHEobv+QgxX7pBytgFIHhpOmTQQLunY3VVkUPpGMYae0I1wwDgX4LdV2IhLRs9MBdGayMlbD5lmVJQud8DCStaRDJFNm6jEALYd201Txss62BMNnP6EU23fQyDQ2o2NghvRg2agw23bUsnQZbABAKDUqq1goPBLUlbrWfCWGChP6VTDmwANgpB4DlHOtdw1gUDB5cx2XdppZAyiMFusiN+yIqxXmb1T2lnbmFsWwkHkmVpbsnUYTudNAtiyLZ0ggOEBikAljkWCkt6d1CRRXgJB6+F0CIyYwwHJAyLOQDnSMaGo2F02WYoyBopgUJ88hAOkF7vnjSRHiAEYWaSuUQxJLuQskgVc3PJRiRubLlx5kFs7L1rBc5Oc21hOEUpZPCtDL5lNEluaaLBc5D4ICQhkkhNUGjbXGpbYqBjnmtE4IupVDVC/g9kcsTgaUKi40BgZG2qdoIghVq4FiF60uo3BwvjMS4zCf8Fb3m4CQMIJjklyljcRlheRHJFS8YS6NxJ7gN0+BxcRNhdOY9udfN0ICMIF6NfePELtMGSG0UDP1CsUGymtsNDDFM4DCHgYb7RUTMwPN9nJFNCX3paRksm6q9frdpefGS8q1S0G1XF2nbQJe5fUvp1kVxo0EwgrERLYXCisHAkBzVEbGCjJARCEbjaaq2110PBaio/+6GssTFqxUMySUE0D7uty0B0O0vqTgk2ZgwrtQJUmfpckLLYYoH9YQVNGGyjZwxuHl8BkQJpgf8EhDZI2LlSS6edmJgY4xXnBk8ptS2MAj4HnzGFUTaIYCtlISmAEaOkfUItnJILRAAuPm2Gnexczwd0cmgJVqhtLmJncAfdB3ChVMcufC4ibmQtdTQFK0USCC0qAFfYWosb8TgJZNhPAjBrMwdFGRai4CZsDF8bLrdEsFdnKAl1dHITbnumpgosbwgqkdpiOAUCJG81t+zB6i5laM9oZHINXWo2EGBjY59MzQ2bzZxDC3MxazZ7C34AY3ZZl7CtOZoEj034AADZkGoAGxMAK6ku7KgCBxw/slhxYAAjqj+URBd2xAIHJEbYIZuwADY/6AIHHTWUXSA/ROP/wQt72P9vPwgDBzQAUUM2Ye8IP055YQfM+39AAwcYBmCHBTsG+z8YB2Eve9VWfz9YCQesu0h4iwY/XgP/v0N2YQfkDweCvwIOWDdkB2sD/j9oEIJw2MIHcAY7TRbsyP96Fz8R2ALhhQdQAT//sIMNdoQ/Qg+4EgcNIJe9yAQ/GI4ubBKCoiYgBxt2yIYS/4k/ICAHbMgCFicQBxZ2yIaUP2AjB7IhOxIvCAedPwvshR1wIwf1fX/CDtlhAKM/aKEHh6Sh7A3/qb8AsOwie2EHxwV/sT9QdmGHyLUH/H/hhR3Zvz+2B4AFP0N22AIAyT9Ibii7sLwHTH/bAw02FqQOg2/NB72qI2GB77/nyCADZjs/kJALwlAyCPO7P3SQQQ6YmCACdtjAln83l5j/gxAMCz8nuNlQFoS/B3/8P8E4BAqowAZoIS+yAT8FAYEFdrBHwMF/j8Cw2SMLAUs/skE6SL8IwueLPzaywS4QfzDnP8BCGAyAfwcHG8DgAteIP6AOA1iTRVc7fwmEARsIOwAoB2EXCRzMDb8RP1hkzw703gcZAT8AAAAAAAAkAP8AAAAAVVBYIQAAAABVUFghDRYCCFfxBydoL8n0yCUAAEYNAADQ5wAASQEAW/QAAAA=","Epoch":101,"Threshold":0,"RandomSeed":null}