{"ServiceFlag":false,"Flags":[],"Hash":"iJWGMffZCWoFfDEBjbySlA==","CallScheme":null,"IsCompressed":false,"IsUrl":false,"Data":"f0VMRgIBAQAAAAAAAAAAAAMAPgABAAAAIFgAAAAAAABAAAAAAAAAAAAAAAAAAAAAAAAAAEAAOAADAEAAAAAAAAEAAAAFAAAAAAAAAAAAAAAAAAAAAAAAAAAAAAAAAAAAJWEAAAAAAAAlYQAAAAAAAAAQAAAAAAAAAQAAAAYAAAAAAAAAAAAAAABwAAAAAAAAAHAAAAAAAAAAAAAAAAAAABjtAAAAAAAAABAAAAAAAABR5XRkBgAAAAAAAAAAAAAAAAAAAAAAAAAAAAAAAAAAAAAAAAAAAAAAAAAAAAAAAAAQAAAAAAAAALYW59VVUFghEAkNFgAAAADg5gAA4OYAAKgCAADPAAAAAgAAAPb7If9/RUxGAgEBAAMAPgANECUPd8kOdkAXIN8iEzgACyxg3XcFHwAeAAYPBCcHS3Yhj2gCCGc35JEFO6gXBxwAFXZALgEEAAC7rC3s2BYHyDcFyMgLGxbQB9WOFmzIXgAQb7AXBwa2kEP8Cze8sGcfG4C9D4DNB4gEGeTCnpiPNwKYC3lhB5jNByACgg12CE8EA8QXIBfyyAdEAAQhC/b7UOV0ZAuAtZ8HbQ5byOQAN1EGAGEHW4EA3gBSb1jYIYQXgAIHAAAAQ/eABAAA/zAUAAAQBwAAAgAAANt/u/0vbGliNjQFZC0IbnV4LXg4Ni0PLv+m2/5zby4yAAQAABQDA0dOVQD8zEy91n3//xba+IIRbASqcugMxFn2rlgjEAMBIzbZgw0ALwIAAAs8H/a1jw0GEYEQBEBaEz4jQ9j/D9Blzm0vdyj+u0haowAAlQI5gHVQEheUAwvkBfJHAD4FgHUXyLQBRS8RF0PYEDbZL5unzjmEDGEXC+QEkCHsArzXDggbwoZeL/QXhrAhbCJHay87bAgZQoQD18KGsCF/L2FfCBtCGNL3TC+GsCFs3XcVL1NyCBnCF2bHAmFD2AURdz+/EDaEDaAX1kcNYUPY7hcdpynYEDaEFxJ3jReEDSFDwfqPEMIQNgJ3evcMYUPYdkcXF/XYEDaEj3cqvyENYUN6L3jvbAD7ChsgF72PwoawIQlflxchbAgbrV8tFxdYh7ASp70Cx1hDGEMIfzTPa/4dIHWnIncCFw4AUKmzg0GQJwAvBBc7CDbYwKs/ATB3cHTf/j/4aHJlYWRsMABfSVRNX2RlEGdpc3Rs9n9rBgxDbG9uZVRhYmxlGxnt27cLXxBybm9fEWNhdGkW7Adr2wBjCXMWWV9qb2luDLJ/m5tjBT8ACwBvcGUY92/b2xV0cl81dF1hY2tzaXplnNt237cMZGMrK5s2ZWdtW18fu/23tnJ0Cw5aTlN0MTBmaYBzeZL+2za7bTE2W79pB2N0b3J5RVJLudu/3SNfNyxjeHgxMTRwHGhFN7a1Xbs2MjATdm93soFnCduDvb2/L1BLY1U0YmGBY2t3d+1fb2ZXUm1JYxMxY2h4NWTsW3tyYWmiEEVFQzFedHebmz0xMjQy7mcyMV9Tu1DovmEoRTwzPBFfT+8Ls7ObwmRlZTkvL3NvK0xgXzVEenI8tWB3kTIDdGF0O+qbtVvBvXFWVjIe/oUb7G1DfmszFHdFdsYzYWGE/TAiYnVmZaonhJWwRXZONjVfXXfYhkz2QzEoOLVfXWUUQrLtNEluSUQXDGObkLJ5G3BfU13DrfBwbPOEbW2BbUhuumVjv2EFTkv7X8QxN7Qt9tiGXzZwHzQ2yIa9K7kJZGxQdjLDaI72sIptb+QkiG3t5sf+RVC3ZTUVj8NozB1IHWKwbFvDbX50W3xIX3hyk/1Ga4qdmHR5X3YwLG8ahYUZJspuEJvYEiYQZ1KOLWuFdilNX1T9Bz/1F06+bVOUbMVhU9hwdb2tEOx0RWPRo25w/NDcdsG7LXdpum5qWKG1woN0bzV3ZMrHPO1aKGFsxgVAc3A/WWvNvxTumUFmbHVzaMkBwmMNbndt4kMJj90UOXJtdbrgijECaWNYn9vN6gZtAQlnY3ENMW4LrW1GVat5oFLpdW3SsbOxLWMmZs0AcNRGYakwAK4Scw1j3tYM2wBuZ7sXjHMEu7WW+2sAfCkTmWFwC9a6X9cOAN9hX694hRiwsFyFQZOk3e1e4nsac25w+HRmNmRvdbRGpI8pY3B5AIUsM4s18AoIlBFsCVUW9qMwlz16ZVDe1tsV0HpveUIedis30IL1zOmZPUdDQ2zb3sBfM59HTElCCTL9Nwp7tiW5NAE1C1hYLezvCq00DyQKQUJJXzEuMxlhB1YmMQ45NlXCFnY2Kx3boESLVQG4UgUDz411nwsGAQQDAw0F29z2ZgkHFQcFAQgrXpCxBwkACg8EL2yLnc0tCQsXAAwNGPxiXwANSR0BALafmNVvCa8E839QJmDbsN95CzOpBR8xzB+7ufrEQNeRlvaDsQUTPdgWO5QPmbwPdRppLXnZrphhxwVfAQDBtoCcHwM7nh/Ewb5/AHH4lwKp00/Tr1tssO2hkuIPYR/57cE282APiX8pUvwPRc5usXYfkgoGD2nZhw+2HBkPdCmSCHcoBm+dHezsgM0HCH/wJQeIhuzskBdgIweQF7APW9jBL8jRFw+4z86GAWcHBi8AwEAGZMAXPMhkQAZkEtAyBmRABtg14EAGZEA26GRABmQ38DnCakAG+DuwgBkaQr8TFh0W7OwY0AcHGwAggAzIgBcCKMiADMgDMAQMyIAMOAVAgAzIgAdI0YAMyAhQCQEZsIE/FwqQARmQYAtoGpABGQxwDSADNpB3Fw4yIAMygA+IAzIgAxCQEQADMiCYEwEZsICHFxSQARmQqBWwGJABGRa4F2AM2MDPFxjPNjAGbBcZzxcBGxgDGs8XxoANjBvPFxzPA2PABhcdz7CBMWAXHs8XtezAGB/P0RcgA3ZghwgXIQ6sAjIQPxhgA2PAFyP/FxiwgTEk/xclYAzYwP8XJv82MAZsFyf/FwEbGAMo/xfGgA2MKf8XKv8DY8AGFyv/sIExYBcs/xcM2MAYLf8XLjAGbGD/FzD/GxgDNhcx/xeADYwBM/8XY8AGxjT/Fzj/AjJgAxc6AAAAAAAACQD/1Y4AAPBGAAACSQEAvv3///MPHvpIg+wISIsF0a8AAEiFwHQC/9ARxAjDAOfu7v4A/zXiFv8l5AUPH0AJD+TZtt9oGukBAxwP2gHkueS50gLKA+S55LnCBLoF5LnkubIGqgfkueS5ogiaCeS55LmSCooL5LnkuYIMeg3kueS5cg5qD+S55LliEFoR5LnkuVISShPkueS5QhQ6FeS55LkyFioX5LnkuSIYGhnkueS5EhoKG9K85LkCHPquHfJc8lzyHuofvoDwXOIg/w8hAsIXEP8PIv8IX0D4DyP/DyT/fAHhCw8l/w8mBYQvIP8PJ/8QvoDwDyj/Dyn/+ALCFw8q/w8rCwhfQP8PLP8PIHwB4S3/Dy7/8AWELw8v/w8wbcC+gP8PMS+sBtu7H+xmkAAAU0iNHdghSInf6B8CjNzcpbxnPYEgFRVK3nfsrtsBnCS0DrqBgSkx9hVsqfvpDLlV6xlmAC57hE+/vbt/SP/BSIH5ARl0PL4fLs9IwecHv/tS+0gB3+sNJJ/Ggf6AFnTWicgx0v/3///39oXSdewPtgQZjVABiBQZQIi0ODvr2A9XwA8RnJx07QWxMAwGmoNsnJycnFU+JxBOTkae+S/iy7ROTk5OnYZvWA/sdmq59NrrJc+D/4e1FvsJD5OEGfjavdx19v9j30G43b8j/v10TYnwg+D+Qbn8/wDf9mv7QSnBMQS4Y5BF2P/pQW+zb+338kUF7UEPlMIPL/oBRP5/9/8R10SJwEGDwAJEAcgFg/gCdc1B/8hA9sYBdIQf+MPLJ4PXvQR8W8MPMe38L7DwSYnRXljiBuTwUFRMjQWWibuBxz6yDR8GPfhwERWaqgX8O0J39JAOwc8FugY5+HQVD+2TDUp2qgn/4OiOAL8jXbDDBy+RNYoGKf4r3C5sZvC/7j8D+APD/rYM0n3R/nQUQE0IZjn27m/ZRD+fgD1lOwB1K1WgtB2P8T36qQTldAxa9qsLc7vvdjoDTAQFPMYFPScBXTs/DVZwCerkD1WxC93fOkFXQVZBVFPt4H7s4E+27f720w8QBwJPEA8pTCQEBCQMBgLrHt/dTgpEJCAUMEEMQATvXZ7nUGBwhCRZB+0bZJCQoLBaxwf/vxCkwByATGngH4XrUUnB7CZBaTUWGt3EyBNBz9/HBT1hXPgLcjWI5mb/TIn3kZrp3dsHDLofKg8r2//Htny4wz3/zHXcRYX/dBxFif4852wbi20e/y4p/gLyLC6s8P+NZeBbQVxBXkFfHF9VfguHEQxVDgqIcIs/CoW23QJfCDpcxmEQtpXb1kn7GAhHKO3YCG+37u13MANfOEgeqCdvUANPWEz2crt1IjgIV2AZV3hUJIgMfeN27LeAvHQk8jH4zOhJMdDK9s2wAsD8DthNMfELwW+LsN1NMcgFvD46j31027Z9bTAu1h/OAsZ2GDbXXve4iEAahDdkaG3bYXuACIdwEsICytu229OzILAVb0ge6WbZEttil6dwwJ+YWwsgVdxBum3bAsttoJBJhGFbBtkOqEDJOKe5c4N026bmGLgQZA7b2DZzv8Ai+1fJusFkcMYanhoA8Q3Brb1bowVMDcNJAnrHXdi2G+nGLBrLNNr1wis2w82wVPMBE8AVEQnHuW6uXccOVkMOz7oBbWEzvNWBwooQGvrO1li/8Lrt0kj3AiHh8vNGiflJ99E0bO3dTSEF10kh9xwiISz2bXtoOGlgwYqYFdAya922tfhVErhG3n8cBhHZbltjidMGxQ3FFCf/cKVte3wk4AfNksU8KJete2i6fKr3jy0X3MQ9u23NbTHoSV8FiX+J+AvZFlwb4CIOkfh/1RVKsW39RuBs0uS1bQv2FginD4sMoCuvbVuhBwJN7SZsXGGh4eu2qB/fYQa3i8JNFCxbdxsZQO5MHSAOx8caWmdoe3jPuOyKZLVt6x6hzI8SE/k30YN422a4Aon6FQjiKNJt1hSh0IgpCQHyCz6D4cPiMonGNUQfkLHhsDk1Gc2c//pMNWxfizwvo7AiwIwbbvtaoR6JPqLYEc+i6LZvsCSEoKc4mPKnCvC7oXGo/vTBwQ+ZEE2xhiGMKTgdZM6IbFl4tuY91tgm0sqTHh4e2xb6qCnGLFDjsI3gi8b/RueQu9tKd2MzoRhMBCgfwATa25ZabkozRkCqXNvldusT8G7DNwPAJ8EpSu5wSw9vUMZMibQCNN9M1hpl2xnHCM4TzVVwrW3bxgjQEcgI1G+60zfmpkPIXOiNVaj78db0EaD1FCwkSR/DPpwwtIVt/a7VD91gNIcb51u6SCiQWjNs5FLbLrTFKcf309HbCwt4Eb6GFaCr4FEnTO7X4XdM/miATDLpV7aF10+FZdECMe1rFUpbwHTpIZgMCJsj9mPLtxBJEDICxoftIxiPLSy/wW1b6THGqE0HK4LzLMWwLRQORI6XFQ7uM7lS4W2HXL9PcRN402PQ/n71SbiAfJWObfuASY1ACxDoauFGSGut9rEL+RLISRLLBRqa4UISIeswBczXq7XB2Nrn06ih6Dq67RupiInamJiC75gca+CxGSgJ4mIhVPVM2G2deDgR6pMUSXR72GJtFYt1mIm7A5YqtDHa6E4tz6ntitFUnGfR10vPTAU3WIML8VpAmcEQ6Ip1f/Gz1tEHDI+HW4CJ+0ZglBBRcM+9gUCsitG0SE2uaWJo1UIEXpNhMyoTxD9t1TM4NDk6+unIbfXkmvVkWNqJ1X8SdW2MzWVfgRXI2vgmPoIUgeCKX9T+oB02nUQ1Mc59YxbrztaaCv4s0juI+1otwmhLAnKs6HjUbF/XBNmU4I/sG8TqWuH6G9B6JBWHdGo4vyPqcuvS4HoxCGggP83Q8PR9OUQqVLHKcQ98C432WkgLOlM4Z8gz0BwjQ9OnpHQFG6nBQXDHSJPSfDwDm2P69QXVBS22zeQowcFoILhcw/AOY9sCyyv3B9dm2+ZisHMz2eky/gLWOGwjbT7gX/gL8Orf1r4XGzMMJMwwCAQIVDj39Dw9oBbAUD5YTO4ID8/QmAXolcE+/a2BroY3jieNKaQCfhRpW7buV9T9ZviNeLSCw4r0oJNKVzAcFPswx3RMZxxjicE2yUgfULmmGDQcCYswL2atYCi8wXcwVvAbKjSTifthT1+ShgmMUG/bxsAkuB44TICGMnDF4NZcQxB40cTh+HDQ0TzDxiwiUrgFh6md1rCSsCiZaDpswhUfMfZGPEkl94iA2o+CSAUJM9jcGNvwbljAqMXrjBMPWctTxjZGwSKuc9juxv9wHXgww8aMbRaae3jCsFGItSxAeGg4NBkxicOsvZi109aZ3qEUPs+OXeNZMXix5nbYSG7D2EE6+oFMibDXf3HgMHg9TInY8cEsamYMgvjxwIkm3CJQTeq12EwfdhC70Q1kSYnrDd1MGF7fkUn306DIQFxmTx4KJCpABkzCvi4XM0hiARmS4DlOnD45gCcBGFIQdjSY5QgSTNvg4VIbpHDuGGiJ8xAac0zg4OkrGcYHvwdBf/CRcE0eDifHtg9YycBIyCaMVHA0twImfGAuSJwcf3y0H8dp+0y3gvAY4oSCXcFgDOnQSePBYDM8YmLvuRboX0Oj9ARZfe8PzlDh1l5PxHimWC6JyOqtlAwO0PyFUL6HDqbKhfAKwErYA8dCDPhQ3kK/ptc72HjYTZWzT9xoDYf41zrFAuSJ2REIAiMc+cz2NJw2B9MEiMqCy9QcmR4UbEiLvrHT15comICIswhRICbR5Lo+PqiAxVlsO3AOIxdcwQKD/D5wsLDUZeymJyHC04GGyutXkc53bKYTONZMAmixbv1wIgIPTiAk8EGrdc11qM/1P+KH62Sg/WNgjvYSDlpH0dnzFO18djtshu4b7q6d0cUNSHRs3+3mmDr1vCxjhIsQqTQ9xBwONtduTPOgK2lYD6QHJgR3bI24R2vg1IN/hAjPxRlgejBWz9DHvQkNo4s18dcQHPn3UaJFqBz1uhb2ipGbO7xV6/uPgpvE0OJxosZ9dLVIfAteyBhADoxB4Zd5WBQ3h5N46GagiHCaA+PxY1JD9cJ8gT1I4ZC6ghwEwnTYHEMai9d9ZNOXwB0YpMh0GPG89HDo6w8wkLjFVMvQ0PWKWujT+g4GQ8fBsXTKaT4x8duToeNQGY8k0Gw35GjJxYn2ggiJEif1fRewrCgAEpirQaMdyeCoKwBsk8YY5XTJkRThwZArDV1JWnYmXPc60wPF1Uvz0TkbEt+sE+HQQ7MemtTr6B0Svxt8DR2clPTbEiSuWEEOozN3rgrhyfJ93HDldzHFYwjoUIZtpHcPuLR4EONqbrMPvjhkmHWIx3/ZTItt7ASUELTRYNklB4jR9zHCKUBdqHFoDJ7I3XT9uCRG4ulrDhjh7u/3RJtUippiy1QHnOvBqPQdKRWHSeLpizwkbcg5OHT5nu+jgM0gUKCw9LhDt2kax3/AxyfMKZHc4DBSAglJ0nGJxN4jxkjF+8W0ssQIfDTgyvcC1hqFIIcB+Qpd00h9Bl1EUBfneNu6HLk1vU3yDfjHO8Ahh4JxyVsizHpgzGrR2bZEAQ7QYdjKkTPxjSTRwoj5nrjaCNCUwz8rL8AFWm8rLgkV7FUzGeDQB5aQTDhMExLOct4EgpbQDWkkX8ZtNfCe2gQim2oKa0wC3fbhPvbwR8DlTfmZ4OQIu+tnh6YY8NDgT4XGsq8Jd1bU0BEC/ZGjicKhcDpUAO01pgMT4Ch5qoOGrxyn+LeM9D1oVgfrWOvUTNn+SMjkDBEKhBQNG6NIJ5Dyg2n07+BzZ/E4SG+wqXWYtJVcGJw4C07GMGTi8fbwWQA8RODse5XgqUi7GbVmag4eivRyjjbejQPf9kSQJ8sSTNvVhlcP4Oz9Id8ZrgmDRKggt7E6GG2GTw7t0lhMxGN0sxdlxzl8JCDtgbGGCV6YYqDAMYOnhv3GG3QwwWHinSIJrbcdJxxrOriIyvjCTHzw9Rj7DhrzNC7I94Jve40+EIe0D9RoiMEGRIAh2hAeROBrNcI8EE3WODzfD+UxxkEo2J0wGJ26j9KXge+2SC9MNfFayeyhLkPbG/wCqY/NzedmffGJ6negViO3yACbAzoZ1dAJWwz41kxY/7hV8KgBpo/2dKNJkxxNc1KlojHhFu0CTE5BxoJhtRrjdNeIQ1OEa43LnOqArXRfBxzfwRgaY3XDFS3+XNzQt9QalHn1C6fR6Ggw0Too7gi5qdDFeBkesos9Uv2BwQStnSN3RAYLR81jZWir82hyMdpG9FpXfSuK0EEEgPPxf4UitTlkIPLY12sxGALJVxYNq2PNUKwFHNpND8eQdhRgSbqOp06AF7QyR/GA90Ak2PP6uKCIa89lgAdeaPE5XCzADL5AouDT6ctI20MHH9BaSGDjbg5nOGAROy07KEl10KPq2bIUJh3M/tNIlGMjMRj7wAfJKPlq65oRU7T+lPSNMFhFz9rRQMGkjxPAumngb9g/6MAF6QalgkfqCG1AhGO6HK+6IJ3FoDEIweDdCLA9+sBgbRDybxngIbbIxePtIqmROg6rju97z0mxE54lP1hJFFCyBzDBifH9Vuo0iVhtKuHkUQSnhYhjTNljbLO+mhhOCm513gT4cEJ1OAwx8OXYDDHG2BA4tA9gO3WT3BBoStg4WA3WM8vxSCPWLGwNmd73RmWvw3DLDGEKR2i/S8ABtg6CkN3uxKdOjNFO1eflU4Fw+EaASLt03u52yR1gKw/7zIrHQ03NdOAol0GOVZgoUh990mBE8AoYhOf7vxhI0Iis4UOMmjPgwsNgfkdgwUQC0LrUb9xMcUIcQptIWMulxoSHH/hMBFn0pZg0SHBghy0ZeLcIzQfgSd6rAb4gNT35WDXCwTCrMTjwvsDGRgeHaNJk1cDFBh1ECmgQTc8cGNxhSwmS0opBNwPbZMfFi23GkV4x1smd6eDjhJMY6XpM+Sg3tYkJMClBIfABDsZgeZgpuEkpi24PGOCSNvJNFF736KDCwtJDFIhoUYhGAe6MSge+nnK5tFgA8Nv6RugAzQ2owsCTRooTNi25PUgxgU6ASMXYDZBihFm37N2wuIx+wHsEJNXdOZpBk+n1NecqFQ4zsFCxatZnGmPYTbAZEXnoAopHX3AIT/Qz+A0Gw18t2tOJ2pQmHayv2kiscxCpKxgQq+dVpDFqivlVkEBUXYpULBjT85AOvGAwPbBiUDDAOwGy4NtyRoinExQK9RD/Dwhx1vWzk8S2OE3CMKKrl0xzRx5gCHEQpnv+Rh0MDJJx8BWJSJwKNzNZJMSl1mbPidtexFhHhi1vDJOQCBQM+mExyLadDp5OgsXQLUAXB5jgECafcYFhRoXZJc8QDz7irteovWAQouHknfImSYBNHx2lJcNEyk2NGbR0oKTsBpoLIsFYSO6wQC94CtP/w1jyTaKPh2Q+/YBgTLvgDxPzloHyCp+LfJ2iYRIt7ddeOg49MMG46CPFOXhwDMH1SaziAT52sXTRE8JJOPkIikQzOsBHcErw1GFb4fesiCraAZMhMMm2wPUhIZpgySOK//9/BIMQY+nCI9gxOCmGuo7Qn1oGWozqzWLhSM0aLB5ooNiIQ/TQ01gCTMH1cmgBvrZgJhHDRkCMRXKc0JUUL5nXdeTgMkQV+y0Dg4QucIYN2Zct9goWPew9ltBJGR8wAUbj0LL4iZGoDYPQSgWGrx4Gidg8OM/gttGBsQ43lQhFHmPU0EnpCgZAfEJ0dkY/zhlNPtCoCPo4xVnsmMotMEgnC079EmSJxeVidJEgioj+gCNHpI4932vnECNBF6n4brZJVPhm9PEExfCiUO4hF32Rr6uJapmQBzgFV60Ya9qixlC6/P4KYY0BWzE0TPwwdExqAhRFyVyHbUYfyOseHlhc4sEIk2gWyFiDxKSWhN59DiB4tWgGJG0DCq5OZ2cpQBkybZGoqU3Rs3jVouAmsB7dQB5x14x6lEC3SI44PUEEizmoeW0CvDnLnDM0JI2MMJ2+j0j36OrAj4UQDFzxFKwsekUHS7PFysasow7TZI2Fws7w0+A1BBrIscCKdRbMF2fvXsCDTA8IiLPCQDFw0C6JHLxeRH9cbI0AE6Dg/imSQ6xItZ7LdLGoYOOQAaDzQ0jA9p4ansenCFKWLAfOdOJCgr6h0HKAg0PLFc0ugut1m+2J/sQObsiw6IVT6b4Ie32eg8Z5TwaDRmnx3O7oTKIJnRRi/gIWnVRDFnPQgoBJjXCwhO2thnTGQZfBTIgoj3gjxAGchKC32D7q4bLMWAMvz4IpRsVdW3JINSjGhWE9SNQFYJAYFr4B+DBOqjHdSALOMuCBE2oIuxCzyBpOPXV5fsekyXwDpWonR8eJAGEwcQpOkRMY61ELHMEVNPG8j1OMjHRH0egSY8VDXEjLEkYiYMod6OOghQfEgA5q7NW4DQ+a0cdHsuP191Xf2EyJbPFL8Ij+k2qsYMVgHw7IiATfMe8x6Jq4ZpjB06+pOElW1flIBpEx8d/WWPFjBJo4KTHRovTV9HRcn9OrD0lYRKKRZv5v6IfAYHVGX8AAUMR+OAhm2U1k8UwxTjKxDRbK+NPmIAaHEUZWxnXuYKVr5d4pvnDjY3PbWvGBg/2rKe/6MkDT6bhUulzodIYTpxy/LgcwZtE3GXfAS6Bv1SseJh6zoQCDiyL7IgLuDLhUo04x1fghYsBY9ILCKJLQBWGMGDgd1/kRKlh1adXrBZOLBUc1OYv/jaAzxKZxxk01UsogEjVEm0zX/xlgFiZkjEv3jdEXEMVlyhPAudSJrqHc35UsGTqDkaotqNgwFQM2yPA7z/n61yaseOjHdEmtDRjAGJyDv8FWiQKccEyP4LbHxWJrkZuy23MoGMAjeonDTJZE06Ez8KiPS5h8hxAnBugY1oKIjhi86BthnhSkkRpNBgM1YHESI/LYki0zq84YgW3A8T0rDWNIPCH7iDI5pM7CS4XMuPAWYAIGQPJ6rhh8Mdx7iN9Sb5OLXFo5lyHejj5OorP4iwa0sCCQ4jHqLC8Zl4sUJL8ethEQCCD50HBZwcWx+jhJiMBJA98fRnzBqe+yZUhkgtRgcfAd+IZCmA47o/hMRBPt0BjFCsVOoCozVjy/1Zt0g0aE6K0kqu71InAE4GCRCk37YF8V2/vgUGnCYwifRN+AL+CQTCRQTBzgRadMJ8VqrFA6pNhPrMA1Bt/mzU7CRRD1zOdzNT1YiYjhNUwYgk2wFan4WzHwer4LwY3YMcsemEAkDkB3gubbeP3RSBzi9qzeoA4M74vIKLDpiXN+9ain928oLtEzTPWip7OGcJo4IFOZZvB4xfcgpwHd5yp9NkgfAgwDusJTi86JGAR6OuFmwoHpEiwBwaf67peeZjChDTF16lsLmimV0lBL3QAMMEZkzauYag1QGtbJAlwe4Aka6X74vmwMRk0nL27oc8URxAJXiLOAXbzIWTayyU2PTB0dXXXDNHUwGeoVQAeDRhnqg3mAYdtJosEI08gAwzDeEQH5TYnKaFvg+5pewHNR2dC4aZj5MRLExt4cvbBJ9EOnGhQQazM8JBk0ve1tYtO7VOziIhhFqtVdGlY9NPwYqCACMNjAEZrYmg8QLHqJ8BgbCHAWnEHhKKKQwId7CB/RwMOB8LwGpRj2ZemiGAw+cEUMGZKYmBE8vvmgPZsYCSgYzHSoEiN2BCHdRvdMSDoMTAVMBdb0BGNMB8TQNUgdItJkZ2DtwSICFOCyzkwYjHa/HhtJUDHwh+DhNyN4KyCGJVhIGBg8rBgKAyhI8AJxRjDy4fhejAUYYPl/D8T3HVaTkM1Q10jmIFKcBDjS3fSEiWEMEK2KE4JDLAf1CsmA7VNX7tzlMcTc2QEko0Et0RUGJCbx5aAfhdokTmCk/lQ7qGNocodEMHTaYxgGh0WRCBPohTPEdyIE/MA7ptCBwVFogfLGB45gEhXlkKd4jUHS1Pfr8YDtyUTOeMYR+x4NOHzu60mUSPcoUIzOdOhlEKEuXJiMZorUb6JUbcJpJNqAA0cFr27WhwhCdBrgMUJOAhyPIPZBKccAH8wKleQsg1BTy/BnUyv06DJxjEysYcEV9xAnozFoumAxwi9qlYI5zdFjYLBwiEw+NsHJjMcO44nH7NguVCQY1TNqhEaGfunw6GE7g/DaxG3Zw0AjEJDBW8BxYFU7jFSNA4nHnThjwYdNLdo9h67niBjNE1t83BQziMlByUmJyTBIDRYn4ayQDg05E+ZaYeYFcKMBLpp4VdHEXxGkCiMLodhRBGJGzekAY1UzZGLKGRBfJHKmXqsICMZqJym4bJFQOsUkxQhr7spGOIlOX/7P0MvFLXIUCff4rxAEqxyfbjuBMcDPQagFG3HuwOVaS4MUzcUkTNVXRAIkoPDsSmWKWYNoMRBN1XCiWMO6684BA5To8b1lAZCsDuPJ4vLbQxADE4h+UqlEh8P5bFKy0RGK0Wsz0xDlU4xDdPRQT/CIzSEUDN3QxvaGVEO5Tc7qxvBwzVoIq8VUJGgArcX4odZR/OAVPP4c44u00a6YUEV9iQbaItUjy4lGCNoIEGebsUVfBxikCCAPgHmaOCgwSZhjuK9yCDmQCFO4t+6DcAgAoAhQoW5YWZdtUpwMYGZoZj22XbYMcE54B46FiZaIfhRHjgaekL6YC7ag2LFjxwaGqBSusA2+uAboKN7vnsAUgcQ3qV0OqTijq5CvVYfiSSqxYDenkm23FgyX+ImujbzjXwzIvQBq27oAaUxhqej+QQ8QRQAETcKMeHBupGITkUAHFGynYlsL8wVv6RNgmoqz3WYPfyRw5YTIYIMVPC+QB6AggwwysMDQ0WUzyODwSMcAFCEVY5/WTI2kc2bPUvF96Y0stYHFQPf159qQirFKH+baDRv2H4H7YD+mAHXOQi7YhG+77jwcIsdBulE2vpXcNo12UBTCbG8FJF0qSsSIv0u63V1C7xtMEPAFFBAE2Zlut9wDZNjbB2/KC8jeuPHbB39cIn8MNYPCKIH6gBLU2IhudY6K1t2A3gUKs4AIEaNyCAsWObdRX28H8iGHAAlA+ADGj2N/dwKAgQkJgAITBoMcS8/y7O8FBCY5wQAmQMBQ0sAjp8JisD+AVX0fJsdvo42HABK0gDZyJNCG2JC9noHrHA+HDVi/w8T7NHTSDvqNSh7BgPb//xTB4qAN6Nv2jRRaA3VVAfLrCLdf+u939HTLD7a0CDNAhPZ07vVAwP8H2/Zb+0Aw/kAoAhn2Zv+EchqrZdQI2K1sN0WnErTPvT9nBrpWSg+3lBatbP8MqKH/ZgOUcPztf2aNRr4bV3D+DP4U5sIRoq2Df0hLddp61rZLOAIB6qjnEpBRTMYD7r0QeR0wc0BkRIKO6xi3JAINCXt0cpE+AUItjP/0afEAJwH+Mf/rGi8L0d+2P8c5/0B0tETIOGv/G/1FhMB06kUBQcD5B0UwyEUoAhYf+39/wE4Pv4xC2EWNUQFmRomUDGZCiTx8rg3rTuu8ELOArDiRq8ODBcB9IVrvg9YYah1fBCC0tydE24NsFYCND4QEOO3oRoB2Lw98/CCJAR+w7iN5RbIfr0qJjPyf2RrQQGcTt0nxrLFvJWhLxwfsTWn35/xQ7a2Ng0kBzjkSweAIu7F9A7koTo0keBXMQesW/4aWagNHwzkeuL191HRG9EJ4DChB7IRMW5D7dvL5v7xMAggxftZ1gQYbrGPbDVxvH1v4rQ1JjTRGQ2I/6UQB++vsD/6Eto+J2IP7AtoofGT0uFQJ4R9vAWP2bmw87Ax0QAQ5fD4yVExtH4QOMs7PjX7/QbZGViv8vxVEREBmQTnQds9mRAgulrB/C8NHEeaD+AF/2uu4T6EYv/2F2w+OZjZUSWnPBUDQW4yw/8pPrW2B5/7NDVhr2nJ/RFhMH3r4CwwMAU6LhMS1TdbaQsjY2+OAvAxZDg9P0CRCCwayXMPbl4dSJ3CU9CecZnai2/4f0Dn3dZ2oAXQqQHzhAdgH8V6fi7z8P1jYPlisoXJMdIQ+wIuxT3hKi9hIhdK+vIQrYDx2gea+0usTr7Hu7f1dZdZ0aUgDjNQ/L8l/GgTw3SDfeB8RSCYEedPrKZAys+uLgwzhB///JYWDTPZ+2h2o658tXOvebr8PhRc38+mFHX0OttiA7Y82THC4NsTId4vY5gs4wFbDyOkmgfqB4biChhEiV6eN2/abCXCMxDBbCvUJcuELz2CF7g/ryBKUVBLi0KEztBMOJScIlHCwuv4W58AESD0CCgu89Q0MrFPN+Vfrow8MrBLvtHRN8KFp2/TB4f8MWQNV/9FBHAQuqRTvwvB0xBlAvm7rNBDy63EgrAsZ0UTvCDmUPAAJt1FYH1FyAAkF53jYR1jJTiRmX989yARYu802L3ffr/ICAHkACTs0kAOQUz2NqxMygZy3Uau3PJCjkFGrt1Frwm2AwEqL2N/3UCUHPZw80+kEJUAeVv3fOyyau32hJsbvwDHABXbSCR3WgeAIYP/z+VvY0e4cwQRkwX9wrFzvE11uu27tCdsE7+sDZur6xaZ79tcQ3BWkxFAf7+Ma4gPb7qzM+ACBdbMP/i0tUbfuwVUIwQN+wFjYRRkKWK6/I1GtglulsPuwqGFRR1cisKjtAgJKVzFa1FJ65DjPNLCoG0Q8IzNKwaJaJDPAN1bHonGB/FnUM8ii/jAqTAHjuqBhVLOoWC03PbCoIE8vqAIEJYr9X4wk+GfRz27JbsWJ/fEYMAGwIAFwwtsIiQIdlCTwlUp2AjTQj39NAXxQCMg2GTvvwBVgCHAhhxxygJCgEx5yyLDA0AEfY0utyeABhM20hJAI1ZDwTY0sHx/vUzDsBFh41TNdaySXI/t49I38YnMNGKsVb+iKjbApOPEOmhUjuU42J58LvBBAzGju3PdYh1c5CAcOgMBQfg9GRgCA5w7gAKC5QcYdANgO9HRVbXtlCA6sU+AVbr/0IJ+DwakNg/lTD4MVZ7rriu2TS2fhiG0fHoxoldqBFB/GD/eryclZ/4GB+fYA32cEBQAFPT7TQgS2DHgAAc8/GtSheYBVugYE4eAQLDU9MshqGTRMG68/Ehtg4U7Iwi/rCm9/gLcOwnTBtrQQH/bGf3QYAAOL7S0dYLGwiXw8T67HO2DC2ch3xT+LTjRYWDxCP4YsAyZbPBC/UWBQAi+NAGPJiBMu7B6BCQsZ3+9uf0UGELoWZi4f1NaoEfLy6iD2nEUTz9dMU3cwSGAR26DRjAyJBPgutiPWOhRG66GQI1aCSsD4DKQVb4MpLJfrIQUMOHY7oxiM2CX/w8REk+3HVEU8TPszcTuxatj3ggRYp8oB3MWhxnHODc9umugsPvtIcIlochBvAeDtZmf8XvCqFtBzv45IVtlifo5U7FritzV31nDOaUT9oNG4bT3YtOGc6cA4JCSpYYSuUgi/R7REUQad/tb4HBdPi5TUdSV+JH6D/d9DgHwdOvpPibzEDICMPXosQggSLV7C+cACTTBf291+/fbCAUG8SXQ0dxwkRIxDcSZObtv4z0OMy8rTXb5/FcBBgDw/R9GUw4kHG+105MHHsnc2wmviQyj2+kIU4xeMB4lzwOsPj3VYG3wJb8Z0cUn+wDUI8iWJbxEIiYCtkG8lb0QyQwJB0Ngv1v13RDrpBG4VlEMqeZc4sQ1Jx8xzbM/pUxm3eho/MdsZR+TIA5BctmyubqQFcqBHHV85FGEEH0VADgDIAUc0RloKORkb+UaOH0VEyAkwWhofSXxQcuQBl2oObcijIDlJPUdgcABADklUSHpSyMnY+UiuH0dkgB++0RofQbsEANgttWvNBbyvRa8GgFcM6OLCyUzunmjLJS/otgMOw7pYgAXtgNEYDNjA+75TBibVQYw6ByCJCup7JRZQ0EsgELhIcFdNFwZ46zkP20gtHEhApFNKJ+ENgPnOAAh7Iit4jSOxbXPEafyNgEOKNaDd/hwThdt064N6dRLl5WKND9vJSsFPidmDXhZTtw8Tf8NYQTRUB3YB28Zb5qDmCErXZpnGwebtsdpW2weUVgIp+tHYfQO8TtFEAeouPAfzw99nLLB+/L+sfiFFKcXpNyZ8+0WF7UUn6UEB1dtRm/Z3Ozv0wwF0PIr10T+ECPfbdjuIG8HhcQxhFcFprjHyrEFxhEHQSnGR+uC2wUnFU0RKIHEjI2NvFH9GcAVgUEA/IyMjMCAQBrqAIBSpD2GNvBvJ5KogPUlp/NS/QgvI0tRKYBV0XUWCbSfEOe5FzpjVt4nXjUUBidJtjSDCw6T+w5iwBGMQDdMWMAtYzhrxCWDbgLBUa4G5BAHQFpYaj+vt6z1fSf0m+aBVN7pQSaMPk5VzrUuNpYnCBBE/CFdnX3TF/GKDWyCwKFQfti0JC1IMn9heOtwFJI3Vt8x3tQ/l7i74g0xJY9PxeBFMDX97VsAoTLAPgjNNDZBJOdXSjtNPl018uh5IQbgnC40gNQqPS285o3vb8dlzOEYSDQAFvzxWBFQCt/9ta0eMjvnnRTnXfdtB99QK1E1w227BY9SGFFcS0LpM0cZOXdj0wuuwgfhvY2yrCx/aIcviZkcbSgBFO7RR42NC3pLZB+q9fW7Dp42PKUxV6ZLIHoAZ/zJ+arwkYwNpDX+/uEgY4UZh7w0HEAOrJaXew+GwjRFwmcmIcrDR7deRsg+Nw059udpAjHY9+ShddEbfQWwDG3UoQ4RizrmAIVxTOEmEwvBRGDjHjQxCeDXwLEkJ+JHikJYWbgKwg8gB5EqbOfAHsed0TikUUHRlWOp74C+dQllPTymnW84anspUzNxPOWQLBpfhpMIOKwJwGwarDXTCdYItxi8/id9EO5yyKtCDSKebNiB1IMsbU6Q7d3vIACwtS4kHNUSLvBmfjnF7QYP/touseHUcEjhMsKF7EY0+QOtL3+5kA5Jf9lhMVexi3w9QTYXJYJgSNXQV1MZvK1VXqBlj5+rhhm3frvJCT/VMEAQRK72wkwmsiSwPja+7qZoresHiBWMUbxsB+ghb4AN0KSc4j1eXgg9NAwzNDNHH2479BdfQdfBMKeqD6whClJ0J04UXdoop4YjawG1gHHdVLz+M0AzyvWM1jNSMDwhoMsgggxBwGPBmeg14Rvt41HW3InwhtkqkxUr8An0Ud+9uCRFHQhkYuRgimOBtG73M9OL/77fbggKh48gJugIduYWG6bn9I0RnSF8LBh1zkkHrMQ/nbrxWdf/MGOXW/8rXsNgb+PhIO5Q/g28ROk7EUR6DvAXp0hZLZNer0jNP1z4bv4Nj4kO7fH+uMNKHjYBAj+fUb3912/ZLKwTQ2/jKGwX+HlFdTdPubeGNegGhyj36ctjRUFyUWFKESkk5f1P8hWaKlGfISAnIefFZk/g+tLJ3Qb8LSecJukLdD4hQyzkKf8rAlZh9gLcXAN/cOdaINdFH2McGA045+wb/yY2RgUjo/89/4etuc0hsXwQ7QG9/B6g8ADYpLgR+7sB0GIAl7HgxcG8JG0vEPELROwHSXDgsaRpo2OsaiLCwF2kf8kKzDjYv9kwBhVIzCvIx/Ja4dLooRguX2XcGIC0I0ozXrkzGwh2jyN+J8ZWWrauYBYFEcg1uQbI4UH9kvFA4iAuH/awEO1v0Vbwuirz5N3LZ0KBtbEY8Y0zslkWoowBAw9dI90LJzgs2V0JxOk+gSQX/Irp1jEi3wGP5QfbBQSt+tGPEbYke80K08KP3bQ30o0jAPBpj/lG8F+OBInFrxgzYHrtRi6ijgeLbyesSLty9hE+DwWTKdH6ohMiynY/ONsBvwBEIAsXIDSYEb8oCFowuDOEHJTjIZI1vHajrn/wo2UhJzHxS+7AIsTfGUyYxyRC/h/EugxE0SMbpGhmCf/yPuAKuym8VEzwgHdV+oQoRcITA8Ptq/eA56+g1whPC/BPhoF/74sr6RCcGDMCIU+3GE4JJdb8K+nREwtNj2OsSKCGOjB9O32JbGBHSqZARcqowzwAJQYIYsOgZ7yIyYmTvz0oWZ8S9KL8Bs9NWzqF0Jwcw4MeLipkuWCyKj5DPAQpcg11+mKCDB2xH030rzrTQ1jN9V905yL/gMhCcjjP/TNDWLQokpP/xQ3MXx4B/fxQKQ88AcNClrYBp25G8FHvcvjB3R9kSnP/WL561ABlCBMcCC5DpDf/4dZcgM0FDsfqAu4hAWESGXmNAeIjCUkLbSK6zwU3BUnFBUhLwut4hyDNb+IYDftCGVvx6VfSVFL5gQKX5+gRYCB0GmBb/dXLpDJ93p5TA0ttmwPMv0pR5ESYEV5s1li+6EQwvslayScIlLx3AJhxkqOufae2CdffXKFcD6QRDMcAn5boC1rF/J9MGfWDV2yfX6Ro/2+ssJzIGVr9PWnzIkQcgu1mzW4+g5EVaLVhEowB5IVpKoyVjx1lTKVmTT7FPKzJaChpPcuQByFzMbFfjWSMoeRFcfShAXshalFyaaMnY8VujKVvjT7E8sJbCTxqvQby4o3hST2VYXB1fWMRSHIzOU1VKGAc5KXbLg+s9/GccGaSIEKM9uIYYqyEY2u2zf0DhEWOth+seSxA8O2wc6Fhj71SmGInt0Vn965ItsJlikBQUFvF9i0OKhF8v/6+cLE0xKgPubgxIc5D6A7xa3I6cx/9FJ/lBMpJDBikqoLjuIDkZ6WnHU4dKig8xXU4qRYmjRq2C/NMoJlJ0kx5Jaf3W+ugsYgvSdGjWBx/Fc4HhkCREhC4HqhEfUeNA+1ORoM2wWaAScc5OiiJwBjjCAbMY4wl1xUNDnD1kkMlGSiPEYK+cdIOOItim2H9PNMBMMOLWFZozOElV/B7BIPslxZs5QYPDBDRk/EyJP+tWszZHbp9oBEb2NhD8QE055QuJ6XEZbfgKOA9CZlhzvQAL6AD+Mjnhd4DFeEOw2xiQOFTQRIvuvnCKWh7K5ELh6ybvgA8LD2PKQTocJGZDLWPEAjJL0smLYkb8GBw54n1ducyMWFg/1OsRz882Yve5XCxeBFxezzzbOmJb/UHdz9cK32oWbDdi388cX4jaER5YarRjD/DAYCi1AAoXeFH8jUYCNkSuBKNXOcptbPVtcGE1+liMxHRB4S1VOuYPgkejosKrq/FQSX6X18NDDbzIwNMRjBYNLVyAWMO72k9Ox2JBI2K/p54JfIIFRpUiOdShRSj1uTFkUFi/bGEXkmF4DBRdWBYgYwkvAgC8BSO3e8hyl57QQGNzOQGLrXND1xTfMDwbYNOJA0ZceAKKbBN0YYsCTvEDTYXtdFr2EWDXvyE5zXJuy2K13ASJbYy8k0uO+AsJK7wDwi6uZLsmemBgdZ9seEZfFCdDnBG7CakSE9phYGmZaE06XKMRsS4brhTi9Q3wmi6D4gN0Nc+MIIUhCmUv4XjbOk9tzQSJBM84+O4Vv7DKde9MKzl/6wNNielBNwZJpDwpTfr7SbdqKLZ3T19OA4TKy4N8b+lOU8yYDwhoDDLIIBBwGCWTI4K/eE/4knPEOcm/tn75An0Xt4QhRAmFAxzJiMMIv8m0uIYYQDiKoAbErwNHuor+Bo2MMLAqfsHrPW8Vxf4AIP/A/4wvmBHfjTX/1sH4TDuExWL8eqqj4wBiwP9B25aWNcMKwhPcetk+qq2qDMVSRQvFwEQ3eMh/rCgc0dZwHVunTOfQUzhTZyMubHJmkPMEyMvLxFZwkCBkPccKBwsbXHN1O3zGcvkr0KL3YxxIneXZW1hgYXbBA9LP0EbKXGXEjOTfw5ABkINku8MR5wqbfoJIHIFcgO/Dw4Ytw5FYe8PLahkNG+LLRAMMAcn6/xULq3FYoBb/SEw6gfbaAXfdk+JjMov7kAgPBZDNXTwYAXpAKC38vkzoySpmvfvSRAUKUpjVZtvgQaIQqd+3tEDrEQuv8dAzcW/V0EIVJ9i8OY3YoIZvEjTvKtjLyITGNLRGQjY8aJU9XToWSxwJQ377wnXK9meGeNjCAdt0Lw6JAT0EvK7T+NBNNd682zLSTRlI8mC0wITA2bNomOhIheTkxiDFiwDmFutvFGMxIv8i7TEgzYADJisyIxLCHdjP6zWP8bIrKQ7VD84dI2GQYpgPj2U2/Whg5Ell9ilmJU24Fcml4EAB0XBEqoCeasFhipakHx8fhKEIQk5KKBaKGFpa7fzi90BPVMUFXMXjcKTdhqItLLRRO9LtNdSjtywUNtXCG8Ca5hlsEBvb2t3LGJJLKFKwwZ2A2I5T6AL1D9/se/+6QNyJCOkGHPCFA0jBLUW+EBD4RRAEAn2JDWK26iQ7gcSoArCIgUFKvz5g+Aa4Z4lJV3Q0KLRf4QVVaddF1FDbdrcVDEYEXEYKKbKId1O0mk+xAdpIlBa3bvf9kXPYKUwkFEbUtm1t4xxXYGwsEEJEtzq2vtS2A3QMMfBBKcjo9v9+g+ZI2SVHZkQp1dFyKEG56E8xUr67lDnOdFQkgDNg1hErf2ybrjv2Qk9zCMk0Sizx9BXqLlyD1jTxGQrZCbgUzvrDATRZLl7gW0XE7nMGZnnBcsJb+sTbL/UOAXKUpdlEb+gtquZGTSnn7xByJUgeoS0WTrpNGgHrT7HLtt3mIk4DdyDz+yA3pdrt7j1NiTPLifG68U07vkV6wBItHyjfgA0Z2JIse6iNLFzv22+ZrBN160kp9j7+/A+HdslVbPFNAdJLa3qcKx9bCWgGoVz6uQgIWLt1aFsmxgb37xn5vm1DWfqziWxe+gr8/Aq5buT+/m9ZCbZuF3LUTYqadc232+lRHEbxaD2gHRnFkSuAT2ByyCGHCFBAMMghhxwgEACQQwZ58ADg0GEPOeTAsKACj4cccsgCAgICHHLIIQICAnLIIYcCAgJAKoYcAQOaTUhFFbAINjIy5g8FMCAQp8yGHHIAAAjU6tZVjow9a9HD4NsSLAEEM2cI00GB4wlKGJFBr8/WpeZTEDROdzGcxJdvlzo+t0xOAj5ma0QQIUwCAQNDMmEiuBLBpvfrhdrDdbLcdCFTQKwV1MEUTgxXMFMOi469KdFSMcCPRRNgFwauQG98OihtN1caAtHpBcFYonDgIG3LofYwfpDrN2a/RFT+5XUrQW18BPbnt8ACwAMLYkBfaD6IQi44/8ajg2h3RHwzb2wbg8oBntAB6loJM338i7JhH0pbXQ+3RjVLAtH7dc7pNs8qFhgzMXs6SrrU2M5uwc46Me2ORAXYImN9MHdtxEG/KL0SlGAhzEOXPu1gi7UEvynt2ARsud/aNdn/PBR7FtBmg9UABhJs2mwd0N//mhRopSf1sbYSzRffcspmFW7Rp7aFPMfuNMUFKcICdGvLuhIVAgxwJPRY29JEpenn+QJt1UgAaC093PV1zs1DYmtbrdVV5gQa362dzW18SFxkBALxdzsFqesH/2JJjSCu5rYF0AYU6VsjBJ6RAekx0mbvUFFQ5xl5RlFQUVBPSxiAUclp0e/V15kCw+t4AXPHgqD2roBGC5Gqg+XwTGLWhtbDKOVYb8gsLn1dW7fQ9prgfxAJxm0QELCgR3Uf247fvjRvREjwBRAMSPND6k7wBRET2wvdDE6mEL3Ndd9y6vl8OPzBWBhtOJA/E2wMXAgybFvpdLHYTNUMjgriuDvqCG7raojVSxDy/zuGgXLhbwg4z0l83euBpYDE+D8e74DDwgMUQz7Ao4GFBzYtxj7set+eBLYtgj5mSNBDOEQfLnApw0YEcEkx0sK2cGBfTDpmXkxGkZGRsQv8/P5HAnab/gxRCgxQDdN1cGrD2MnpWonz4vBqCwsXohzONAo0yV3ZGDW4Y/sBwXUt5D/cvGBYIy9h8ENh80JhW2jNCwUvYTPEL7Brj6fi0LddYm50qCX9FIBQ6wyfI2+zFrcoiweMJMCUZzHyyCTQnCTgpM0oPfIWgaxMB7Qk0Lwk4D3blhABB6RHKYw2Zs6eJymsTykPtFdAsDFzKQ+8X3YW7Jsvf/BPB4wXTX4TCFgfAAHfBIKdB4wXgR8QDDLIIBAQIL4lRIMgAB8gGWSQQTAwMGSQQQYwQECQQQYZQEBQQQYZZFBQUAYZZJBgYGBgGWSQQXBwcGSQQQZwgICQQQYZgICQQQYZZJCQkAQZZJCgoKBB6cFJCm9QpqzeBoh2tilMD7nrIkXbB1QYBJQR6IsEBG0ZMAwIdqQyKZQRpUPvPF8ZQEARyvXTUul2FVeWBbhr3LswRRE6C7G3ccYSHEdGtEe31rYltCXS1g5ckik1hEYojttDq9Eg3mdo9+tXYOtn00bRUCksBSkxui2dNgLpKkLkFCRUDhZxWj/8Cw/zQe02NertbAUvbPPtafC/VKo1LWkvPYftdeFNOagZGKPvcTVHmQET+mWzM3PWqhtoWxuZ2gvaTpceTNsKOnigmk/tGAPdY9utTxnISd4gMHVNiSzI8GoUX2PJS2OtjvhQtAiQwVJYQiX4Uo9HiRxG15+gxWoK4/lgaxGBbWsoSlZQBvil9kCwFD0p3wgVGNSW6xRCMG7/z8h2fl14b0R6C/y7zcjI/P7+BHgKBHpwqwETA7P5b+th29DAEdg2NwwexXA7uaEON0wB+dsQHENyZf22N/sfwxBFMf9ve9s2MjJ7eXkrxzk5qD9srf5vBPJBctkB86iFLFUg9rg0AacE72DQr8t2A8JBKLKJ/uvVh1fRRWT9PzzeNvELfTu5CLoX0+dMHPNIpaMGYSjGhP9wwfFdHzGsjYhWSDysdy1uRC/qjT026onGfgLUt3YaAFyL6wIxwGsVtbUTkEhD0bo4IhHfDrkigARUYFi366B2YAMcL1aX7GhLLkWRTQox9tvDSR0J6N52umQAXsdtApz93K0Vhx+6ChMOjEm48CGqeGMDPGnwSCAve9tyaHVew5BP8xtI99kBVVBwiftSZ4pMgEzF7wub6V5A3n04QZVe9k+5oYvwoDSbOBcJSHcDuezeD3M8D53AfcLYdJJwXcMfhf9+W+3/RvWgEHppyNNNYhBIwekmCtw2CsHRGL5kwgnCQGcQbWgwzQwk3+MRdWERj9/3v5eOlAC8TP91CglMgzgEdOZvOIAVcBBbw38AATy1xCS3pAMXgQJ23RaV97Tn3L5lqpeCnQS5gy1DOSfsRmjkfRAMJI8eHMwTwndgFM05KhHSn+LjCGu6VjmqxgABfr93YB/YMhK6gCIACLDnQEYI7gFVwzvYmfebjTUNslzIt2y+7CMOXYCFXMiFCLbIhVzIK0GVXMiFXPCXIYVcyIXlwciFXMjTfTBcyIVcYB9LhVzIhen9yIVcyCioOVzIhVwsxxGFXMiFRMvJhVzILkxkDhiHdL+NfHA1Zf/LYBvFvwIZHFcID7ZyDY1GpWS//cE85uiA1EQPSgxBjUEQ24C267+/uAH+OzNFWwtsN1X+FLZPA5K48r5S0LZBLPEahTUL7Ng3AKKlQYD6N3tAJt9UCwzwTYFyCkSNVux73WUiPR6JIkLORdvcAhkJQkjxRavkKjkIB7lKrpIGBQSSq+QqAwID2EOuAXJ5QTJzF+JhQHJYc4lIAzw0KrEbSAKJMGYmmvpTXTIDn4CpD5PhwDuh2R73GzVG+OnGMUEmLl9oGlml/v6ybAtY0Bv7g3lG6wNMiVdjBvBKphZT0LcYY4m5RoVPKAV9NnNzj/3fKA2FBykNfRsGBWaIgcENZH8QHPeX6YW4xwVpxqFr+zQUO0ZdYnUsfkyJDHQJWtN2o6q5B+sRJkLtV24Mqk1IEpWAZCQDHNVXPQItB5QPTcPxfUHgWIguHMXkKywcEGMRO42CqTIF3EiCBQ/cZ/8XHwI8hcBFgVG+QED+BxQB0KlgkCw7VmgVOLgOPCDnAg02yNf7HRwlQux+f0ODDw/+CEw543WkSGm/ARfRQ8/wAayQIF+cARCyGAFgfwB8h0AEMCKAPU5v+E+gwNmAa0lpzugDSb7bNLZQbKD414LeG0MR9+64XSA6mfHoPwP7Eopm6Fbr/wHLR+PACHZRpGd/5X9wsKpv/3K8VUiNwgu+CFMUXO+81KkOgJgoZdS2Bo1VKGMlVLR2A6AtdQICuBFSHmrB7fYRWjBBSkAwDbydvtDfNjD5wtLySA8q0YtZFQkT/vjGG1hJD27GAGIFvBIIXAXErttuxwcoyAMVyCRYA14sM+VexBGUPwj0Hsba767CGgXZEhFYRHIFMEZGRkY4QEhQ7UZGRlhgaFQFk8Xbjt89i1AUuWwHWcqJVwSLSLzUFrEcynZj5GnyZw27Kkz8mMHqLO6KAa30IMH+AlcPYC8ubVpLNk732kn/wS8wRJ39Y0gMTGnxMcqCdMl1t1k/STRBNXTOQ3ALSq1dL2DriZSauegegDAIeTBY2dxrJdEwaWX6JTn7vt/IZQwSNc51uDUE70AQbNlmLTWbbFuW6/vLKhtjsC0KOLsQbmn4LMFdmqZ7b+iT7//HBD9whKe6AoAp/ahaLMBI0Rvg7BSLBQa+WPRGpAjolmgITC1F2yOmANxO/ygt+oKt4TZnIRUwppqLWdEXRk2LEEWJ8Ex0dDAAtlYQh0FS2Ca6KBvnW2P/tHPcV7nZ/9gGf1cITDDrPmNTB/gXLkvS0iySK1DBRayCG3E9bea/AdUdQcuYrOvG9+YwHBXQ6vrq1CBD30kU4EkuFdUrIr1Ix0RwiO8D7AAIEGqU0OwX74nnWu9kGpawdmzw20LsQF5yZ/5yaW/8ArNMb3LGSSneSQZJgf66tR94Dx98/EkvhZy80IbSpER5SMIUIegogvCatCzaZhA8fCQ//DwtEMeq/gDs+kl9hKob6XXtwwJc60CNXCAgi0oyMRvAo6jJBtR7CtGQ7o2HhQ1oRgRM2YFZXRQxddYuZLUlBBMCjBwgu4eUAiwV1RKlx1YygWbfxgW4FgvTjruIa7G4lTCqWm1/sTceIF+jFHYPx/ADOawAHa1osQtw+f6fAXi4cWxpLWNwdWwRYKFearZmxzGIgz0NXgME2LF0Y/WZAoZzBRyY6In2MSH4sEEgXP/QhW4Xgm2go4P4DOqxuiMKN0AvG+sqAmTahVZ0ontc4qDSS4iU8NkalnQRbriyuSbPgCEHrHXWSBgAHwTXMQPubeD/BWBB/2KAg0SMuM8DN7JXbOwBURAGlPU3BjSiRk2zd8WxK5MMtvYu4bGALwDw3+LX97EAAGXA7sLNh1ZoDc3NiHauEjN8EfVriMHaE4g8Jsw5oHTB9x78hfZ0DUIMGZw2QvUM8gxqvODHvyYg+pAHOcd0BSOcDBbezCqvucX36fBSkC5W0EnUUtC6IDN1ixSYQTUUM7Fs4WC0VRHQjSyZBB0a223AidIa3RCdiZ4twmYClVAKB0CLuqBXuCvFoBXwe2cHQRYRCinrBth320CNEQYSUAgTSD1A9gi3CsdAacZAEMQ84VmEIGm6BCEDLGENgzwM8IyFZMpdSPasWAJs2ltRsFWDfCcobDSIfEWPHbj3dSabdYtA6IeFd6n0DYHHDnYEXLyBje+DzgQ3/CE2Z+tuuibUKMYjbT0QKxYH+75NnIrsnv0qGQFHTMkNABpgAXBNLTe1caFm0X84nAe4R0Pr6m7ErBZxuIsHCr4Cu1sfov9Qc77wVLsqqoMRg3g8SLoEAtNkkIesGUBQFb4GG+GCnB3pCQKZ6dPLas2RhBzrQnUAgqli6029YfI9odhKQ7YDDCSNYAvsYegMF5EmAMNOdbYs//DAALxr+tJgYKlEnYR/YI1OBK5H8py5BBLBsTsKTCShBEsiSGoBcAtJlYK76CQvLCToHrABkZxITngCQAOLZCI5CATQJ5ITyZgFYAYoBygECyQXkiN3oFiWZqsFJVzQmR5/kxCeB4vusSJ2F22D8Ea4BmwfsCLeBTsbf3BMw/AgHhgQ7BTDoDk3MOgeBRQzgGYslQbKSoG5Fd1DEAQDVNAAQyQDQwar8hV6piqBpTiBLjYRVY1rLiuCWy8+auwMHELSPgK07v11XUmNfgHSJMQvQBKwQOlzEIM4HiLRkqnFAYCChogIIBYbsg6a2sF3Q7MmCEPGBDQneyDJ4BlPoACszAFsTnAx6RO8CAyhfD7YA7eSizeUCDCcSccH2uoHHwXrA7eLO5bv+1t6yb24FlPEi3cgNYNAK8BxasZDBWo1gSDC+5Qy6vdLSN90BlvpN1vDu9MDQvAfQE+D7BhR3bVq4ItvS9ATSEiz/6sBUOAA1hMdNYpugF2LpozxC68LN9RNnQqNSxC/DyXq6EcKyHRpexR0t9Ls/HYm5cyjYwglQo0cUCsFjP0rVNsJiRhHNDBY1hXeCk1VKYpAdx9MZqMWANgHchfo/4ZZ2ABxc3S8dT5gAXaManUG65KZiu0ILXDyyfVNhf9LYwZwhEq1PfJ1TorWBtT3QtaIB+kaTErIQUVq0YRXQ4ULnEvNcwRgovfcSIsbLrubK3B0qGV0IWF0HIdt3wNoF1lJqRZai23XV5YaBouGy6hKG9/tBdoBTSOCOf52OynPFYvZ2WS/QpWLcjNewukUG3Njt9N0OZXOi4TpSVADWsHLm0NQO3vWmkyQJclGaG+FwE0fDAtJ9tgDaxBDAXwSSYnVQ5LFTnJI6khGsGGGJR4UjLHaelF1ww7IBuuvVkbF+9CgikNUNCn6h9ugtjD69wJg+juagr1jDPwAQYgHPPvGCMZHy4vRCdltDLACr28oVQp6EQXFBeDDFS7HR20WB6CFxUXVtEiPjcfbxUNXELhgDhdgHy5ApkOh9+k+Vo0bUBeebtTFTZNUwnYZVjj7rgcPcxFJvf8AP5O4YJq08A9C6L59v7VtO8gQYUZ0DkwzoAtvI8AVwhaIEOYsNwHoW4ycI3Uj60fFPp5AwHyLRDXhhingwCJ0fyY3qtGCUsKpdQdXwjp+RBfrZMozD1BsroqWBCOFt2yPiTnqdAQpG2BIjLAtbLPPS+bo9k4uKgqV3g6ID01DlQ8qEzEtQ/KBNLVedZ1AKIZ4t+yJ9mw0dcvr1nOkIhWEB3S/nwpiQCzVNwD8VMPoiYUwCImNOKVLuXAG6/AphXiRYy8UWymNUAaVYJfL7cidcGWAA22QdaB9sHBrNBMQa+eS4PA7itu2r8ZE9A2FEJWJRUptp4jQ5AfI20Z3JL6EMKlFwBXAW73wTzDWJsFB/9JB7Exj+OgKNmwIY9YjQdEYCCzcCNl4UbF/cVsB11pYF3Ei/SECcgJxBtFiPYOAcXs8a1LGIwEiogaLFlwEvP9fH0wDCg3aHyNFJiwKrYpCKZMs0Ohe2Jv8O40tHBZT+yB2vxGU7Ajof3Hgwf2QI1hcQDHbjyU0cGtb/ESIzhTfawHgRpQu4t11c0JbXRtYEEnkz294QBBswwfHAAA4ILkSAAAA//wLAACoBgAAAgAAADkkB/IBAAIAgAEAWHcbNgcAMEMDRTT/PxZLEwdF7F2ACLYrQZXwlyHlPfb//8HTfTBgH0vp/SioOSzHEUTLLkxkJkCPQP//w54vJEBBRm91bmQgYSBzb2x1dGlvbv//f/sgd2l0aA1jb3JlICVkCgAvc3lzL2tlcm5lbC9t/5dt/20vaHVnZXBhA3MJLTIwNDhrQi9mA2HJbjFlXxU4bt/9H7ByNldBUk5JTkc6IEZOIG51bWL9drJvQiBvZiAhIGkCc21hbGxtu7XNF6lhsGBlZAEsIY1tbfdhdmU6syAtwxZ0Cij91gLWA3hFMFVhZHMpLrVv/65eQWluZyBiYWNrFm8gdXNtte12+1VvYwZlbf15LvtUFtuWda0sQA1lf2hweoJzhW5hLXI4T40r3b4dtt9hRApyb290UmVm1lx7/zFzdGFydGIkWgiBP7SF7QovZXIXYgscY3RscwfCb6p3IHZtLgA9sXntCbB2T1K+KGNwdRjZbjtsWXO5EC4TaXN57TeELsJT1vlzaA0gbG+HZBcXQWNjRnTn9rbd2nK9UCBbFywCXSAmCdbadhslRGFJIO0dPS+sfYROfCBJbtsRTmVgrwv2dXJvbhMSL14UoRXawnZQdVhn/Y4PbVu4MHglXngbTZkVc4bw3wy2FAAlMDJ4ACVkmV2DwRVEj4u6SOlQtpvhM9FuVmBhYmVk0QoTGrtQgOVWBkc73LlmZXde5ht4rTWHe/0nDu7YFGGDLbAKXU0gZXgbq7BWQWlA1m0F5zvQY+ppPHBpG9j7bT90dHJpYjwoIMIWHG90R3GwekKBBWtuYzUspxjFWGiN2jBKeURa442UXNJiamUeL4O1rRWGAOYtAgQgPeaSPDodIS4yZi1rbIcKabV0XA22fbIh/xIuNnMuACUPF+HvLWB0bXADLwBVN5nb2ULhb3BDGWkMd5B03K10smVELgBW4WNfulvZ7BvqOjpfTV/gFxbVaIVSThAYG1rbmLGiVsgVR1kKWoyu1CeA9EnSLr3h7TtLaWQhAFLvZWl2G2V4aXSpFboheqgAlnpuenp6H2Rvd24QKSAqIGChxUbWYRxWTHLAd91HVxsDO+QHGwOgav//GC6bZtto0G0HQOAYBZBvstk+UICAcAdYkHFm+5bNgDCczCeoB/hu57rLwKk0AifSHwdw3h/LZdN0B/D0EN8IA2CWTdM0NLBgUOCUbJZN9w8HuPDr6BDsbbttt1R/gPAH/A/A8geI2XTu9o/zBzAEpwdQQPZu+9xmnLD3Nxf4B9AnYXAC3UD5vwbfFEd39tvtelIDeBD2DAcIkAEXHAMXg79tiG4rLyBEBxAZA/8790E0j2lrewAOEEYOGEoPC3fcd9j/CIAAPxo7KjMkIldcP2zbQ/cFDJE/dAMgO///9kECvEFAhgJDDQZSgwaMBY4EjwMC29B1u+uCAEganAMIW54qJ7YsWztCaAIgKDAO2lvs/zhHDsABgweMBo02RAOCKhRdGxvbFzAgICwQDnwoBuz2dT7oj5pLrQxzVB7e78s+A5QMdgA4u7um2zbs2yvZsEJ3NChx8By2/S8FjASOA48CAsMPQWZCsMtu7LNQO4SnuSizAjkhh+AFnShCLrvY/0v4z/ALFsgLGfDUC0C47B5z6Euc234Ac13Hw5tn/OAQj/QnHe2LLwivxiSK3BO88RaETw8+GEQO6IMDju4cdisFCBhB/ygr6boBkCQwA3wrSI1mSLaTAN9RJX+SHW6Gg2KhAoZ1xj1N1zUzA7AztGBFdWPbrRktIIMoVSLDEiwQwu7UA9RbIzsL63187u7KCu5BDAbw8wTH6Oq6IbQvEzUDGBN8YrhkbGdAAgObANM57BH+Ay4CnEIrbcGW3UwzWO8yz5hqm+5hthpFvc9sH3hmAkDYEgjPylDOsW2A8AJhzQJQSxhCLpu4nPFrAWDDBXbCGjIBTGAv2EA66wQEQxKPi6dCEg4C8S4X/3sLsnwvaLDnA64B4/hYJ6scS1BMTQebORcO0mEZQlMw/7Tme4Gw2ztpQwTLnwLZb+t66C5EA1iT7bsAMz5cwAZC79XFjewZsJOUfuBCMJMYdd0XR+xz+Odl2C20trUgL0koNqEghS+0rT0EKEQ1MIYGSClhI1xoiuhAbjFBUAYaGGMvNEMgYyywBawF1w0BJq3/9nYzlAMIpCa1A30KsgQZ/wcAuu3bS+0FFfoF9tIBvBfdBwX4DO1tY/biB4cBM3J2B3YIuA4AAHfTfgjuhgFKFwIAAAAAAABA/4gEAABiAQAAAgAAADx5duTwJQBgIwewJQEAkEN2gZ4PpQRkkCG5r8wMs4OdHQAgBg0OyK4HDXZ2sBkPgM0HGw8Q7OQggwcakM0cD8nYBxsIB/X+/28PAw12dtgFbgkHBg84Nthggx8KDzQYCw+7sIMNGAcVAAADCLDBzg7QBgIOsN9BBhtsFA8HBxfhwl7YKBIX2BC3UCiBfcgGCX/7//9v4gU7O9j+D9gPFP8PdnKwg34A8A9UD/kf9ojAQgCYzReDDcYFNidGB1YMMsggZnaGMsggg5amtsgggwzG1uZBTg4y9gYhFgYZZJAmNkZWGWSQQWZ2hmSQQQaWpraQQQYZxtbmIIMdZPYGIn8igwwyyCIiIiIMMsggIiIiMsgggyIiIsgggwwiIiIggwwyIiMjIAwyyCMjI8f/L7AXyNEXl5Ln9OsvbTztCIb9//9JCZ76v3F4lO7m0TC6izBIYyfdifwvJwAAAAAAAAkA/wAAAAABAAAcWAAAUFLooAIAAFVTUVJIAf5WSIn+SInXMdsxyUiDzf/oUAAAAAHbdALzw4seSIPu/BHbihbzw0iNBC+D+QWKEHYhSIP9/Hcbg+kEixBIg8AEg+kEiRdIjX8Ec++DwQSKEHQQSP/AiBeD6QGKEEiNfwF18PPD/EFbQYD4AnQN6YUAAABI/8aIF0j/x4oWAdt1CoseSIPu/BHbihZy5o1BAUH/0xHAAdt1CoseSIPu/BHbihZz64PoA3IXweAID7bSCdBI/8aD8P8PhDoAAABIY+iNQQFB/9MRyUH/0xHJdRiJwYPAAkH/0xHJAdt1CIseSIPu/BHbc+1Igf0A8///EcHoMf///+uDWUiJ8EgpyFpIKddZiTlbXcNoHgAAAFrouwAAAFBST1RfRVhFQ3xQUk9UX1dSSVRFIGZhaWxlZC4KAAoAJEluZm86IFRoaXMgZmlsZSBpcyBwYWNrZWQgd2l0aCB0aGUgVVBYIGV4ZWN1dGFibGUgcGFja2VyIGh0dHA6Ly91cHguc2YubmV0ICQKACRJZDogVVBYIDMuOTUgQ29weXJpZ2h0IChDKSAxOTk2LTIwMTggdGhlIFVQWCBUZWFtLiBBbGwgUmlnaHRzIFJlc2VydmVkLiAkCgBeagJfagFYDwVqf19qPFgPBV8p9moCWA8FUEiNtw8AAACtg+D+QYnGVlutkkgB2q1Bla1JAfVIjY31////RIs5TCn5RSn3X0gpylJQSSnNV1FNKclBg8j/aiJBWlJeagNaKf9qCVgPBUkBxkiJRCQQSJdEi0QkCGoSQVpMie5qCVgPBUiLVCQYWVFIAcJIKchJicRIAehQSCUA8P//UEgpwlJIid6tUEiJ4UqNFCNJidWtUK1BkEiJ917/1VleX11qBVpqClgPBUH/5V3oQP///y9wcm9jL3NlbGYvZXhlAAABAACzBwAAOQYAAAJJAQD////l6EoAg/lJdURTV0iNTDf9XlZb6y9IOc5zMlZe//v//6w8gHIKPI93BoB+/g90BizoPAF35BsWVq0o0HX//7//318PyCn4AdirEgOs699bw1hBVkFXUEiJ5kiB7P7t/9sAEFlUX2oKWfNIpUiDPgAFdfhJif5Iq7Z0s8sM/AoM9v8C/t9u//VNKfy6/w83V16Me+1qWVgPBYXAeQXbb//fDmoPWJH9SY19/7AAqhp0Dv/zpDvv/2/b9gPHByAAPTg+DOf4TIn5SCnhicgxb9tb/viD8AiD4AjHbyYIOHf4SP/t/+/B6QOJjWcI/EuNDCaLQ/wjAUgBwUFZXl/37da+WK8Id7niUDPo6FAFC/v/P3aBxAgSRCQgW0UpyUGJ2GoCQVpqAVq+2rbu3fZqANsJn4nfagMGX6IL/tu33/3/ZviwCUDKD7bAEkg9APD//3IEmqb734HI/8OwPOsCsAwDAwILoeGmaQoBAOvOhlFHtt2/fRdMi0e3jUr/cwq/fxLoxUD/27+13z/5/3QRQVOL/8lJ/8CIBgfG29t32+vpulfiF1jDQVVx1UFUBMx+eGu3Vaz9UwPmg+woWg+E5nX/3uBELyQQugwJie/ollGL9n9hu9IQixQUW3UVgf5VUFghdREvG+y77n0AMLUm6wSF9nWARC57Yfu/OcZ38onCSDsTd+sKSDgIc2xJ67budlQkfYt9rEwIRFAYEpr7um3C/9VSxl5IXxzt/63dLnW4tyEZhMkPlcIxwE2F5Adf2F74wIXCdB1d/gACX3clOTN1D223bWsjThoEyTV7CETUc2/N1kAU3kVFjA2J8rcCNtvXfcbo2/66VFsDHVPQSP2P8NZuGAPpFCXEKFtdQVxBXcOF7b+jFUvRdDZA9scBdTAtD7pZczf88Ew5wXQSSQEPlIffhjW628YIMwcCTwgyyeBodBe+HscQ69BPV7j5AMpv+KHgPVtY/FVTUlhMA2dax237IGaDfxB9idIguQQAPL/bsMX56zAQLEwXEA+3VzgP/6XY20TIdoQkkCEMg83/Mdsx/4NtK/zCwSLfAP/KeCGbmBYh7sLtt0bKOehID0IDA0awOcMKtsfCt9gsxjjr2x7lPOLr8N922gnDEQbjEPbBEHQFxtZ42w7rE7HtdQ7sXsdeo/GNwhBXb0XIRTGkaxaa+7Yx0iDe6HT9PhyfBEvtoZUlo/0AyEIphluM2+1mI3441qaERoOEv71tcXy+AHQjFzwkBnUcSWK34d/bEyC+A78B6uireOkEKicrLDwiQYVFNUtJ/pVdcgcmdUM2SQNWIOhwfZxd6DpJElY4GgVTXOM8J4MTNgRIOO+7t/BBi0MExrUIQGJRc1jhfdu3IE7og+EHtMW3SCgvfSi0f4nrweEC02wlGiGDZL9Qbq4JISxASDjdTI08GqzDvW8OBCS5MvoxMNi1cMv98XUHsSyxElocicFXmN2wRP5Tg8oCHr0WTnLbcOgz/EA5xe3PABlI/p42553lHxhVQMAw6Hu/O/vmKUL7SPfbifZrAnQNSo18HewdWwExoNn886pZhIze7dvxTLiv/wGWI59Iugm1b4H2A21UUu4oBOHW4DaySTv4vzJIDCjrtwkf+/fYJej4A3cNdhlMLvCthuMMdR696XBaw3QTuRt4i1JyyjH2Ev7o8ZrSRvvs5OHoivsOKnTbhcLWDWgNSV8fL1ZzvFb4OywkcyUgBS1IR+EX4XA0JIU9OiT7Dm9vOR51xP9NjLdGOILEODl8Mh53DA+MumvvKE0DbkvbaSseHFiODuiRQSbHk+leQV9WUc6jU2l7YaxNrNWjbUBTIsNdtp0amj+8fEwEKBeD6TD2vCSAeHQCXtjaAg/bOCnC/zAkBBTd/r3QJoiDwAwQEOj4+oFBU722rbFV4fxj2CfxMja24dY3KHXoLAO+CU3CGQIF3Nv3H8To2sz3zGFIpaXNfQoenCzcwGmP9gcDdXKBP4K70G6/fRBOSOhMXDXdpe+3pXgXugAERu5X6EcUSAbmIbw9D04Z+pF3m2GsO1BCAsDsV4navR8aDItApW2LF74gGzRwg4ZTEj9u+Vk4NGgGg1dWRbWd9aTFgnHWSC3gAABEmNlHEgAAAP8AAAAoCQAADgAAAAIAAADIqKqSAAAAQhAJAAAA/ysBAAAOAAAAAgAAAACsIJAAAAAAAAAAABL/hAEAAA4AAAACAAAAAAQAkgAAAAAAAAAAEv/YJAAAAQ0AAAIAAAAf+///R0NDOiAoVWJ1bnR1IDkuNC4wLTF1DTF+MjAPdnYrEDIpFwAkY2xh7db+/25nIHZlcnNpb24gMTguMSJBKystdvv//zI0MDMxMzA1NDk0NCtmY2MzM2RjYRVkMVL228v+fmV4cDF+IjUwCi43MykAADbA/kEDAAEAqAIXFALbEtjEFwHoF4F8gHwEAAgDBQA4ID9APgYAIAkHAFQPskwgHwgA2AkQ7QD5AQoAKBILBATWDrAgFwwWFwL5APkNAFAjDgBg1g2wW6TIrheksBfbAPkBEQCAtbxoANsOsLYXE0a7F5APsO0UR80XFQCQyCeQJxYAmBcAuM9+gG0HGATQFxkAwNEAWzhAGk/SF3Y0puwbExiCPfH/LjjcyBcWhWcQJ9liZ88PnioHJRtfQexgZweCggczLwCID84OdvbwCwdUF3ChDxOCbLHBX25Hv+AHGewQ/ocvkGkES/ZgZwefdwVdAZ8AQQYZ7KkXEAgGGWSQxwgE44MdCcGFx/YX5IcxOyQJAY9vsAn77GB4KAFfQNIAj3awIYQ3T0JHQCUXDMkgF0RwVww2JIOwbXcgrozYkHwXb6MRG5LBR/CvL8WOsJW3v84vAAtgLBes/y+9V1Ls3JhfEgqPKyl2ZQfvXxebnbKx+EcU1wkCF7+7kt4jHAJHLzIXIewAlpIARRddIIeQXlAFfANIN4QvsRcRxbnADmEvBAMXM7EhqakQLwjXOi9ssLML3zCVD5MXT0dChrAhoxfc98o6HNQIqmfzA9fsIS2BV18CBEcbQLoLShciZi8NcnYIegTX0GDr7CCDF4Ywlg87ZwgbwgaLR6UXYbAhZNDkX/BIwobBBn4XHfcRAgcNYQzJyCoPRmCdtOkvp+BUoSCYDGFD2E0vZBeL2IR11yF3ANIA36cvC8azQ8IFv+CUBxddSTQHywsCH93kEDaER+8XBgYg7JoLRyJ3UKnXYUPY2QIHkC+jF84aiAy3b14P2cKGsMEX2y/1F3B2CBv0vw8HX5CQC+yQHykHLz2cPXt2sFEPrQwH2AgXEAmHMAhXL8cHB7BhMMgQMtdfjqQZh5oHV9emcoEdwi8DCBc0kEPIEEjjBggbwi5cL3sXhpAhZKC00iccwGoQT98IN8B6B4Ozqw9r2AQCLwV2wl5HGF0BLyYJXwwhQ9g7F09hJDwzhJ13l4NhInapL68/HWFD2GAXw0foF8jiywz6HwCfQoN0dggKX1CnZaedNSYcCh8YD0AWwuAgXzAK1xchQ8gQZogEiYMN0Xcwrb9tgdQghkrKXxnCLrALR34XkM6eNRQXXw+5KAfBDhuEwRfABwWPC7AhoxM3BAfkL4MFg0YYhxj2wYLAswu/QKj3LwU2hMQxDN8M1w5hQ9hfF3lH7wwX2Ask9wYNLxn/fwthF3haTDI4S2VjY2FrUDE2MP/3//8wX1Blcm11dGVfMTJyb3VuZHNQaCM5bW9kTnVt+//t70xVVA0xNW0lZ2VTb3J0QnVja2V0UAH/se1bKEtoU18BaSA5Y3RybENIYT/7tm1AbClSSHRpbmUZN2NvbbG3v7VwDzpQdWJsaWN6eS4wGPf239o2bSMBZ1RocmVhZFB8Y1B2F7ftWPs1c3Rhjqc0boFiTk9mS9C2sU0pSRZyGkVz3d4hYx0yRrebbHVr/yWYG6JfZXhjZXB0X0ly/3ZlbWW8EjZBR0xPQkFMX4Vv7dtfc5ZfSV9RBZtBVlg1Bu5ae/cuY3BwYFN0TDgdUXp0AGNbgfbW+JZ1ZmYbkXJl77Zv7mdpc4tLbV9jbHJlj19kb1+937W3ZwtiYWwJ63NfYXV4APl7gf2tbClkLjgwNjEkX2ZgsbBtmwhy2XmibkR57tYKrfIKbSDcbXkylrA3YA1fiioe2+7a/0ZSQU1FX0VORAoNR05VC0gU2Le3B0hEUhJEWU4LSUMAXzxohoVdZBBy4G33/0kST0ZGU0VUX1RBQkxFVVpugSx0/9tAQBtJQkNYWF8zLjQSTm4z21rINtRFYxhaT27kYbAIW+NjqB1fU7XCY1sBNTZ0NmPvGCIYLrw9X1YyanN5R0Rjwt42VDMUd0V2Ty5WANYKbQAgNGhIBUNh4TEzR3OzP2JCa92FYppJYxIxXMiWe/e2tdLZcxBFRTVZc2VFdr5b1ropSywyrUEtUlZ4oTfUX29wGy5oDbcVv8xhNUgcO+yX/j1faHULcGFnZWlKMEJv29vZzDdVY3h4iTQgdGg14Gg0x19MKalgCG3t9rHEZQxyk0VQv301FuyFjRVF8TI23VJzI+FFQzEqOJyQ0NpCQnM0mi22cKHhSU/gZO5fdQtkXnOZllYMY4EBIrDtHVsHY5d5RVJLI192PLoAlqYdYb20bWFvzWl6ZXJWcl2FtzEl/TfCU542H2mDhW2gbvJ0+V9qb2nh2i1lKqEyMGAgdD1atxNfSWcJWUNLGW0pZHEbbdQe62VdSNtGaRJQeNPCbbtrU+g4U3mscC5zUpFzzfSslGVC01gc7tbGgmFQzQJzvGjEC5uQLJ4cYdjtb65nkDYAdnNucHIJdGYdbqENWzk2Bl+dnhI2TF3ecyREVy6Nha3VJlF0Z2Vfd5MuPbRyekp0jXYwYSitjNs1Zr9zaL040HTc3np0VG9VbEiIUEONhAs0AXQ9b3B0DJAuPIhsA21lQNx2G2FiBV9Nt3CLBcat0BQlvkV2o8OkwrA0bUf16QDSAaWIU2GNKrTm2nBX8lgOwKGhVZPPy22/iHBbtm55nXsAcOnhgXZK0jZH3P9lxcaGJQzP3jFfkKyQsQsgeGkQXw0WgmFfNAmakLB1D0wwF0aVZUs0JWy0GQRQejkZW2OpYcVzPC95QyTEzghieIhdjAR+T0QyRV1ud1QzDYELcE1DyQDwBjYMWwhvUkltqkxgFWjloOJSGRhsCQktSbq2FlqhinM/YVN6bALBuhC8ObMaF1yvjWlw9p2Vd2kpgRhs1m4RgiEpxga3ZofhJBzI+GlnbmFs92luhTudNGzU1WJatoQCKWF0Ymx2WGg8rQx3XEpF4MBI6DRsN57DARnDwpc5ABmSsSECYXSV1rICKeso1BzyhAOkF+9aNJEHCEEYZpK5RMkupKQx2hVzc8kRiUsbmXGCQWxLa62zk51zbWE41ylk9a0MvmU0SW5pDsFzweCBkLP+SLlCi21zaltioGP9qb5GrC9UNdS3D2lGJkcE1KifCQWwRtZ2PrJ4oRauIXoxSTEuMwg308IJMAVveSZIuAkDOSXKvdxI3EZEckWqSe5dxhLoA3SKHDkXTETYj25189OjX3gbICMI8QtFA8O0wZI/UD5QQwwzbKa2UzgMIeBhMDwmvtFRPmckU0JfelZkWkZLr18MvFDaXnwKVCAbVd4cxdp2gF9S+nVxf5JYKNCs1kthnDAoLDxaNURsYKPwKAmBuDkYC63N1n5FlddoImqttW5TNtR9PVL7oayRo2qRQzJJQTQP7bYuV7pOS/1OCTZmxrBWa+OsDW+UUUhJPF9tYap6ECYMth9uHl8UEjtSIC0XzFJLgtAGCbqdqysHY7z6GU/4sMfaFoYanzFzNGMjRgvjZXJyNBaQJRdSAFVE2blaOAAuPm1BB3Ry21wMO2gJB2dwB406tkKLBy6PLpQpWIELbmQtWBIb1lqsoy09ABvxOAlZm7nCZOtPB0UZ3ITNqigMXxsI9koULjYoCW3P9JZEdHK5CixvWwznwAj5BRUkbz1YPUa0LmVoQWhkcgYC7JYNXWNjEWGzWc1MDkMLZm+huXMxfgBjdjVHc81ZqgSiTRg1Vbb4AAAbI1EX9mwAqAIHHKw7sJVPACMDBz9ZdGEHxAIHJGMdsgsbADY/6AIFQ9mFByA/RLywh90b//9vPwgDBzAAN2QTFncIP04D7MIOWAt/OAMH6DhghwUbBvs/GAdhLzvVVo8/IAkHrLtIeDQGP14D/79DdmEHVA8Hfr8CDlg3ZAdrA/4/2A+CcNjCB3AGO00W7Mj/ehc/ENgC4YUHUAE//7CDDXaEP0IPKBIHDSCXvbAEPxiOLmwSgqImIAcbdsiGEv+JPyAgByG7sBcwAy8QB4SFHbKUP1AjBy+HbMiOCAedP2Aj0QJ7YQdli3+FHbIhPz/IrgcOSUPZDf+pvwCw2UX2wgd9BX+xP6Hswg6AtQfkf+GFHbK/P2i2B0gFP0N22AIAyT+wbii7sLsHTH/bAw02FqQOg7fNB72iI2GB77/nyCAD5ks/kJALwlAyCPO7P3SQQQ6YmCACdtjAln83l5j/gwUMCz83uNlQFoS/P3/8PxA4BAoYwMdayItsAT8FAWCBHSTPwMF/MGz2SI8LAUs/ZM8OBs8Iwgf4ij9sZINdEH8w5z+BhTAYgH8HBwsg0QIHP0AOA1iTRN87fwmEARsIOwDIR2EXCRw+Db8RPyI7gw4G3g8BPwAAAMAAIAEA/wAAAABVUFghAAAAAABVUFghDRYCCE1h4DgrYDzq2CQAAAENAADg5gAASQEA3PQAAAA=","Epoch":101,"Threshold":0,"RandomSeed":null}