{"ServiceFlag":false,"Flags":[],"Hash":"6nlC2Qd7PIKCpVy5fo6wWQ==","CallScheme":null,"IsCompressed":false,"IsUrl":false,"Data":"f0VMRgIBAQAAAAAAAAAAAAMAPgABAAAAoFgAAAAAAABAAAAAAAAAAAAAAAAAAAAAAAAAAEAAOAADAEAAAAAAAAEAAAAFAAAAAAAAAAAAAAAAAAAAAAAAAAAAAAAAAAAApWEAAAAAAAClYQAAAAAAAAAQAAAAAAAAAQAAAAYAAAAAAAAAAAAAAABwAAAAAAAAAHAAAAAAAAAAAAAAAAAAABjtAAAAAAAAABAAAAAAAABR5XRkBgAAAAAAAAAAAAAAAAAAAAAAAAAAAAAAAAAAAAAAAAAAAAAAAAAAAAAAAAAQAAAAAAAAALYW59VVUFghEAkNFgAAAADg5gAA4OYAAKgCAADQAAAAAgAAAPb7If9/RUxGAgEBAAMAPgANQCUPd8kOdkAXIN8iEzgACyxg3XcFHwAeAAYPBCcHS3Yhj2gCCGc35JEFO6gXBxwAFXZALgEEAADYZS/s2BYHABA3BchCXtiw0AfFj7JgQ/YAEG+wFwcwsIUc/As35IU9+xuAvQ+AzQeIBJDBhuyYbwI3mLCQF3aYzQcgAizYYIdPBAPEFwcPciGPRAAEUOV0HLJgv2QLgLWfB+QA2OawhTdRBgAAGHawFd4AUm+EhR1CF4ACB/cAAAAwAEgAAP8wFAAAEQcAAAIAAADbf7v9L2xpYjY0BWQtCG51eC14ODYtDy7/ptv+c28uMgAEAAAUAwNHTlUApkKdStZ9//+OHJMAboxfJnEB93z8JJtEIxADASM22YMNAC8CAAALPB/2tY8NBhGBEARAWhM+I0PY/w/QZc5tL3co/rtIWqMAAJUCOYB1UBIXlAML5AXyRwA+BYB1F8i0AUUvERdD2BA22S+bp845hAxhFwvkBJAh7AK81w4IG8KGXi/0F4awIWwiR2svO2wIGUKEA9fChrAhfy9hXwgbQhjS90wvhrAhbN13FS9TcggZwhdmxwJhQ9gFEXc/vxA2hA2gF9ZHDWFD2O4XHacp2BA2hBcSd40XhA0hQ8H6jxDCEDYCd3r3DGFD2HZHFxf12BA2hI93Kr8hDWFDei9472wA+wobIBe9j8KGsCEJX5cXIWwIG61fLRcXWIewEqe9AsdYQxhDCH80z2v+HSB1pyJ3AhcOAECqs4NBkCcALwQXOwg22LCsPwEwd3B03/4/+GhyZWFkbDAAX0lUTV9kZRBnaXN0bPZ/awYMQ2xvbmVUYWJsZRsZ7du3C18Qcm5vXxFjYXRpFuwHa9sAYwlzFllfam9pbgyyf5ubYwU/AAsAb3BlGPdv29sVdHJfNXRdYWNrc2l6ZZzbdt+3DGRjKyubNmVnbVtfH7v9t7ZydAsOWk5TdDEwZmmAc3mS/ts2u20xNlu/aQdjdG9yeUVSS7nbv90jXzcsY3h4MTE0cBxoRTe2tV27NjIwE3Zvd7KBZwnbg729vy9QS2NVNGJhgWNrd3ftX29mV1JtSWMTMWNoeDVk7Ft7cmFpohBFRUMxXnR3m5s9MTI0Mu5nMjFfU7tQ6L5hKEU8MzwRX0/vC7Ozm8JkZWU5Ly9zbytMYF81RHpyPLVgd5EyA3RhdDvqm7Vbwb1xVlYyHv6FG+xtQ35rMxR3RXbGM2FhhP0wImJ1ZmWqJ4SVsEV2TjY1X1132IZM9kMxKDi1X11lFEKy7TRJbklEFwxjm5CyeRtwX1Ndw63wcGzzhG1tgW1IbrplY79hBU5L+1/EMTe0LfbYhl82cB80NsiGvSu5CWRsUHYyw2iO9rCKbW/kJIht7ebH/kVQt2U1FY/DaMwdSB1isGxbw21+dFt8SF94cpP9RmuKnZh0eV92MCxvGoWFGSbKbhCb2BImEGdSji1rhXYpTV9U/Qc/9RdOvm1TlGzFYVPYcHW9rRDsdEVj0aNucPzQ3HbBuy13abpualihtcKDdG81d2TKxzztWihhbMYFQHNwP1lrzb8U7plBZmx1c2jJAcJjDW53beJDCY/dFDlybXW64IoxAmljWJ/bzeoGbQEJZ2NxDTFuC61tRlWreaBS6XVt0rGzsS1jJmbNAHDURmGpMACuEnMNY97WDNsAbme7F4xzBLu1lvtrAHwpE5lhcAvWul/XDgDfYV+veIUYsLBchUGTpN3tXuJ7GnNucPh0ZjZkb3W0RqSPKWNweQCFLDOLNfAKCJQRbAlVFvajMJc9emVQ3tbbFdB6b3lCHnYrN9CC9czpmT1HQ0Ns297AXzOfR0xJQgky/TcKe7YluTQBNQtYWC3s7wqtNA8kCkFCSV8xLjMZYQdWJjEOOTZVwhZ2Nisd26BEi1UBuFIFA8+NdZ8LBgEEAwMNBdvc9mYJBxUHBQEIK16QsQcJAAoPBC9si53NLQkLFwAMDRj8Yl8ADUkdAQC2n5jVbwmvBPN/UCZg27DfeQszqQUfMcwfu7n6xEDXkZb2g7EFEz3YFjuUD5m8D3UaaS152a6YYccFXwEAwbaAnB8DO54fxMG+fwBx+JcCqdNP069bbLDtoZLiD2Ef+e3BNvNgD4l/KVL8D0XObrF2H5IKBg9p2YcPthwZD3Qpkgh3KAZvnR3s7IDNBwh/ICYHiIfs7JAXYCMHkBfgJR62sGcHyNEXD7jPnQ0DzgcGLwDAgAzIgBc8yMiADMgS0DIMyIAM2DXggAzIgDboyIAMyDfwOYTVgAz4O7ABMzSEvxMWOyzY2RjQBwcbACAXARmQAQIokAEZkAMwBBmQARk4BUABGZABB0ijARmQCFAJPwMyYAMXCmAgAzIgC2g1IAMyDHANQAZsIHcXDmRABmSAD4gGZEAGEJARAQZkQJgThwMyYAEXFKggAzIgFbAxIAMyFrgXwBiwgc8XGM9sYAzYFxnPFwM2MAYazxcbjAEbGM8XHM8GxoANFx3PYANjwBcezxdq2YExH8/RF0AG7MCHCBchHVgFZBA/GMAGxoAXI/8XMWADYyT/FyXAGLCB/xcm/2xgDNgXJ/8XAzYwBij/FymMARsY/xcq/wbGgA0XK/9gA2PAFyz/FxiwgTEt/xcuYAzYwP8XMP82MAZsFzH/FwEbGAMz/xfGgA2MNP8XOP8EZMAGFzoAAAAAAAASAP/FjwAAcEcAAAJJAQC+/f//8w8e+kiD7AhIiwXRrwAASIXAdAL/0BHECMMA5+7u/gD/NeIW/yXkBQ8fQAkP5Nm232ga6QEDHA/aAeS55LnSAsoD5LnkucIEugXkueS5sgaqB+S55LmiCJoJ5LnkuZIKigvkueS5ggx6DeS55LlyDmoP5LnkuWIQWhHkueS5UhJKE+S55LlCFDoV5LnkuTIWKhfkueS5IhgaGeS55LkSGgob0rzkuQIc+q4d8lzyXPIe6h++gPBc4iD/DyECwhcQ/w8i/whfQPgPI/8PJP98AeELDyX/DyYFhC8g/w8n/xC+gPAPKP8PKf/4AsIXDyr/DysLCF9A/w8s/w8gfAHhLf8PLv/wBYQvDy//DzBtwL6A/w8xL6wG27sf7GaQAABTSI0d2CFIid/oHwKM3NylvGc9gSAVFUred+yu2wGcJLQOuoGBKTH2FWyp++kMuVXrGWYALnuET7+9u39I/8FIgfkBGXQ8vh8uz0jB5we/+1L7SAHf6w0kn8aB/oAWdNaJyDHS//f///f2hdJ17A+2BBmNUAGIFBlAiLQ4O+vYD1fADxGcnHTtBbIwDAadhm+cnJycWEEqE05ORp78L+XOt05OTk6giXJbr903b2bHBU8BAsYFSgcCuQSE28Bu6usm36G8GQXfDtZa58rpD4QEBSyD/v3///v9dRFBuPMx/0D2xgF00+tekInwg+D+Qbn8/7sssr0AQSnBHgJPRfhmX/hh/wlB9/IKQQ+Uwgz/7v/fNfoBRBDXRInAQYPAAkQByAWD+AJ10EH/yA5f9ntbcgSMK0CA198DB5bdElvDWw8//wUW/jHtSYnRXojiNuTwUFRMjQVWbuDvh4riDd+JBj2ocUEVaqr/jtDdBfSQDpH/BYoGOfh0FUP7ZAN6RqoJ/+BUvu9IF+wAwwcvYTVaBgq3C9sp/mbw7+4/A/gD88sg3Rch0f50FEAdCGbv/pZtOUQ/n4A9NTsAdStV2/EYb6A9yqk05XQMisarC93CbkdqA0wEBWyXDScBYLuEuV07P/gFnA+70P3dVTpBV0FWQVRT7eCh7OBP2+5vH9MPEAcCTxAPKUwkBAQkDAbu8d1tAk4KRCQgFDBxDN7leb5ABFBgcIQkWb5BBvkHkKCwWsf/C0HaB8BMj0xp4B+F61FJwWOh0f3sJkFpxMgTQf/4xygT0oVfC3I1iOZmL0ypmd7diffbBzy6H1oPW/1/bBt8uMM9/8x13EWF/3QcRYn+trHYtjznHv8uKf4C8sIK/88sjWXgW0FcQV5BXxxft3AY4VUMVQ4KiHBQaNvtiz8CXwg6XMZhW7ltrRBJ+xgIRyjt2Hbr3m4IdzADXzhIHqgnb1ADL7db909YTCI4CFdgGVd4VCSI+2/Hbgy3gLx0JPIx+E2J6Ekx0AKV7ZthwPwO2E0x8QvB3hZhu00xyAW8PjqPfem2bfttMC7WH84CxnYYbK697riIQBqEN2Ro27bD9oAIh3ASwgLKs7dtt6cgsBVvSB7pZtkStsUuT3DAn5hbCyBVuYN029sCy22gkEmEw7YMsg6oQMk4p7nmBum2puYYuBBkDrexbea/wCL7V8m6wWThjDU8GgDxDcEFWnu3RkwNw0kCese7sG036cYsGss02vXCK1Rshpth8wETwBURCcdz3Vy7xw5WQw7PuhvV28JmeIHCihAa+s7WWNJ/4XXbSPcCIeHy80aJ+Un30U1o2Nq7IQXXSSH3HCIhLPbb9tBwaWDBipgV0DL41rpta1USuEbefxwGEbLdtsaJ0wbFDcUUJ//gStv2fCTgB82SxTwoLlv30Lp8qvePLRfcxD1225rbMehJXwWJf4n4C7ItuDbgIg6R+H/VK5Ri2/1G4GzS5BZr2xbsCKcPiwygKwdf27ZCAk3tJmxcYahCw9dtH99hBreLwk0UWLbuNhlA7kwdIA7HxzS0ztB7eM+47Ipka9vWPaHMjxIT+TfRgwLxts1wifoVCOIo0m2tKUKhiCkJAfILfAbDh+IyicY1RB+QY8NhczUZzZz/+kw8a9i+Fi+jsCLAjBse3fa1Qok+otgRz6Ik0G3fYISgpziY8qcK4XdD46j+9MHBD5kQTSljDUMYOB1kzojm2bLwbD3W2CbSypM9PDy2FvqoKcYsUMZhG8GLxv9G55C7tpXuxjOhGEwEKB/ABLW3LbVuSjNGQKpctsvt1hPwbsM3A8AnwSlK7uGWHt5QxkyJtAI030ytNcq2GccIzhPNVeFa27bGCNARyAjUb3Wnb8ymQ8hc6I1VqPbjrekRoPUULCRJH8M+nGBoC9v9rtUP3WA0DzfOt7pIKJBaM2zkxaW2XWgpx/fT0dsLC/EifA0VoKvgUSeZ3K/Dd0z+aIBMMumubAuvT4Vl0QIx7dYqlLbAdOkhmAwINkfsx8u3EEkQMgLGD9tHMI8tLL/Bbai20mOMTQcrgvMsxWFbKBxEjpcVDu5tZnKlwodcv09xJ/Cmx9D+fvVJuIB8gCsd2/ZJjUALEOhq4UZIC9Za7WP5EshJEssFNTTDhRIh6zAFzNdXa4Ox2ufTqKHoOnTbN1KIidqYmILvmBzXwGMzKAniYiFU9Ziw2zp4OBHqkxRJdPewxdoVi3WYibsDllRoY7ToTi3PqdsVo6mcZ9HXS89MCwpusAbxWkCZwSDQFet/8bPW0QcZHg+3gIn7RmCUEKPgnnuBQKyK0WlokZpcYmjVQgS8JsNmKhPEP23VM3BocnT66cht9eQ068mw2onVfxJ12xiby1+BFcja+CbgfQQpAopf1P5BO2w6RDUxzn1jLdadrZoK/izSO4j3tVqEaEsCcqzoeKnZvq4E2ZTgj+wb+ojVtcIb0HokFQ7p1HC/I+py69LA9WIQaCA/zaHh6fs5RCpUscpxD1r4FhrtSAs6UzhnyGagOUZD06ekdAU2UoODcMdIk9J8eAY2x/r1BdUFLW2byVHBwWgguFzD4R3GtgLLK/cH12Zzts3FYDPZ6TL+AtZw2EbaPuBf+Avw6r6tfS8bMwwkzDAIBAhUOO/peXqgFsBQPlhM3REentCYBeiVwT79N1sDXQ2OJ40ppAJ+7inStmxX1P1m+I2K8GgFh/Sgk0quYDgo+zDHdJjOOMaJwTbJSB9QuU0xaDgJizAvZsFbwVB4dzBW8Bv7VGgmE2FPX5IMExihb9vGwCRwPXCYgIYycIvBrblDEHjRxOE88eGgo8PGLCJSuAoOUzvWsJKwKDPRdNjCFR8x9kaIeJJK7oDaj4JIBQlmsLkx2/BuWMCoi9cZJw9Zy1MijG2Mgq5z2O7G/+A68GDDxoxtLDT38MKwUYi1LEB40XBoMjGJw6y9mGqnrTPeoRQ+z45dxrNi8LHmdthIboaxg3T6gUyJsNd/48Bh8D1MidjxwSz41MwYBPHAiU24RaBN6rXYTB/tIHajDWRJiesN3UwwvL4jSffToMhAXMyePBQkKkAGTMJ8XS5mSGIBGZLgcpw4fTmAJwEYpSDsaJjlCBJM2+DDpTZIcO4YaInzEDTmmMDg6SsZxg9+D4J/8JFwTR4cTo5tD1jJwEjIJhip4Gi3AiZ8YFyQODl/fLQfjtP2mbeC8BjihIK6gsEY6dBJ48HBZnjEYu+5Fui+hkbpBFl97w/OUMKtvZ7EeKZYLonI6lspGRzQ/IVQynwPHUyF8ArAStgHjoUY+FDeQr9Nr3eweNhNlbNP+LjRGg7XOsUC5InZIhAERhz5zPZoOG0O0wSIyoLLqTkyPRRsSIuXfWOnryiYgIizCFEgTKLJdT4+qIDFWdl24BwjF1zBAoP8feBgYdRl7KYnIYSnAw3K61eRznfYTCdw1kwCaLFu/eFEBB5OICTwdYNW65qoz/U/4v0O18lAY2CO9iUctI7R2fMU7XztdtgM7hvurp3RxQ2R6Ni+7eaYOvW8LGMJFyFSND3EbjgcbK5M86AraVgfSA9MBHdsjbiDjtbAqX+ECM/FGcD0YKzP0Me9CRtGF2vx1xAc+fcco0SLUPW6FjvtFSM3vFXr+x4FN4nQ4nGixvvoapF8C17IGECXHRiDwnlYFDcOJ/HQZqCIcJoD4+PHpIb1wnyBPUgcwyF1BQTCdNgchzQWr31k05fIgTswSHQY8bzp4dDXDzCQuMVUy1qhoesV6NP6DgZ0ho6DY8ppPjHx2ydDx6EZjyTQbDfI0ZKLifaCCIkkTur7F7CsKAASmFaDRjvJ4KgrANgmjTHldMmRFOGDIVcaXUladia57nWmA8XVS/PROTckvlkT4dBDsz00qdfoHRK/G/gaOjiU9NsSJK5YghxGZ3euCuHJ5Pu44eV3McVjCOhQDdtI7w+4tHgQ42o43GYffGSYdYjHf9lMF9vYCZQQtNFg2SUPEKPvMcIpQF2oyOPQGDzddP24a0iMxNMOGOHu7++JNqmKmmLLVA8414Oo9B0pFYsPk8TTPCRtyDk4dIDyPd9HzSBQoLD0uIZu0zTHf8DHJ8wpkbjBYaQCCUnScYnEvEeMkcX7xbSyiRH4aODK9wLWATQKQQ75Cl2nkfoMXURQF+d4t3U5cjW9TfIN+Md2gEMOgnHJW0WY9cDMatHZtokCHKBh2MokI2fiG9HCiPmelHC1EaDDPysvwAq03lYuCRXsVTMzwKEPlpBMOHKYJiSc3gSClqAb0khfxm018D21CUSbagprTAS67cM+9vBHwOVN+TPByRG762fQDk0x4OBPhcayXxPurNTQEQL9kXBHE4VDOlQA7TVNBybAKHmqg/gMXzlOt4z0PWisDtax69RM2f5IyMgZIhSEFA03RpFOkPKDafTvwOfO4jhIb7CpdZhpK7kwnDgLTsb2YMjE4/BZADyIwNn3leCpSLsZtc3UHDyK9HKONrwbB772RJAnyxJM26sNrx7g7P0h30QzXBMGqCC3sXUw2gxPDu3SWEyJx+hmF2XHOXwkIAnbA2MNXphioMD9YgZPDcYbdDDBwsQ7RQmttx1OONZ0uIjK+MJMfPDrMfYdGvM0Lsj3PgTf9hoQh7QP1GgQgw2IgCHaEDyIwNc1wjwQTdZxeL4f5THGQSjYnWAwOnWP0peB722RXpg18VrJ7ENdhrYb/AKpj83Nzs364onqd6BWI7eRATYHOhnV0BO2GPDWTFj/uFXgUQNMj/Z0RpMmOU1zUqVFY8It7QJMTkGNBcNqGuN01xCHpghrjcuc1QFb6V8HHN/BGDXG6oYVLf5c3NBuqTUoefULp9Ho0GCidSjuCLmp0IvxMjyyiz1S/Z0DgwlaI3dEYw0WjpplaKvz0ORitEb0Wld9KxShgwiA8/F/CkVqc2Qg8tjX1mIwBMlXFg1Wx5qhrAUc2k0PjyHtKGBJuo6nnQAvaDJH8YDugUiw8/q4oIhrn8sAD15o8TlcQFiAGXyi4NPpy5C2hw4f0FpIYONuHc5wwBE7LTtRkuqgo+rZsihMOpj+00iUxkZiMPvAB8ko+dTWNSNTtP6U9BthsIrP2tFAwbpJHyeAaeBv2D/RgQvSBqWCR+oR2oAIY7ocr3VBOougMQjB4N0RYHv0wGBtEPJvMsBDbMjF4+0iUiN1HKuO73vPSWMnPEs/WEkUULLxDmCCE/1W6mkSsdoq4eRRYwlOCxFM2WMY2GZ9NU4KbnXeCfDhhHU4DDHw5bEZYozYEDi0D8B26ibcEGhK2DixGqxny/FII9Ys2BoyvfdGZa/DcMsYwhSOaL9LgQNsHYKQ3e7ETk+dGKPV5+VTgUjg8I0Au3Te7naTO8BWD/vMisdDmprpwCiXQY5VmFGkPvrSYETwCjAIz/e/GEjQiKzhhhg1Z+DCw2B+jsCCiQLQutRv3EzjhDiEm0hYyx9KjQkP+EwEWfRKMWmQcGCHLTLwbhHNB+BJ3qsCfEFqPflYNcLBYFZjcPC+wMaMDg7R0mTVwMUMOogUaBBNzzgwuMNLCZLSFYNuBttkx8UW24wjXjHWyZ3p4MYJJzHpekz5KDdqExNgKUEh8AIcjMF5mCm4SSlY2B4w4JI28o7wr3t0YB3C0kMUiGgoRKMA7oxKA19Pubm0WADw230jdIDNDajCwEkjxQk2Lbk9SJhAJ8BIxdgNSDHCrLfs3bBcRj9gewQk1d0czaBJ6fU1c5UKhzOwULFq6zONsdhNsBkReegCxaMvOAhP9DP8BoNhXy3a04naSpMOVq/aSKxziNQVDBCr51XSGDVF+VWQQFRdRSoWDNPzkAdeMBg9sGJQGOCdALLg23IjxNMJFAr1EP8PhDjrerOTxLY4TWEY0VWXTHNHDzCEOBCme/6jDgYGknHwFUQkTgU3MxLiUutZZs+J215irCNDLW8Mk5AECgZ9YTHItp0HTydBxdAtQBcDTHAIJp9xwDCjwtklz4gHH/Gu16i9MAjRcOSd8iZJwKaPDqUlw0TKTcYMWjqgpOwGmgWRYKxI7rAXPIXpQP/DWPIm0cfDZD79gGBMXfCHifOWgfIKn4tO0TCJfC3t114dhx6YwbjoI8UcPDgGwfVJrOIAH7vYdNETwkk4+UWiGZ0IwEdwJXjqMFvh96yIKu2AyRAwybbA+pAQTWDJI4r//3+CQYix6cIj2BicFEO6jtCfLQMtxurNYuFIZg0WD2ig2IhDeuhprAJMwfVyaABfWzAmEcNGQCI5TuiMlRQvmes6cvAyRBX7LQODQhc4ww3Zly32BYsedj2W0EkZD5gAI+PQsvhI1IbBidBKBYZXD4PE2Dw4z+C26MBYhzeVCEWPMWroSekKBkB8Qjo7ox/OGU0+0KgIfZziLOyYyi0wpJMFJ/0SZInF5TG6SBCKiP6AkSNSRz3fa+eRoIvUEPhutklUM/p4gvjF8KJQ7pCLvkivq4lqyAOcgplXrRg1bVFjULr8/grGgK2YYTRM/DA6JjWBFEXJXMM2ow/I6x4eWFzxYITJaBbIWEFiUkuE3n0OvFo0gyAkbQMFV6czZylAGTK2SNRUTdGzeNVRcBPYHt1AHnFrRj1KQLdIjpyeIIKLOah5NgHeHMucMzQkjYyYTt/HSPfo6sCPhQgGrngUrCy9ooMls8XKxqxRh2kyjYXCzvDwGgKN08ixwMU6C2YXZ+9e4EGmBwiIs2GgGDjQLokOXi8if1xsjYAJUHD+KZIhVqRanst0saiwcciAoPNDSGB7Tw2ex6cIUpYsA2c6cUKCvqHQOcDBocsVzS7B9bpN7Yn+xA5uyLD0wql0vgh7fZ6Dxnkng0EjafHc7ujRhE6KTGL+AotOqiEWc9CCwKRGOLCE7a1DOuMgl8FMiCiPvBHiAJyEoLdsH/VwssxYAy/PwRSjYl1bckgaFONCYT1I1AUwSAyLvgH4GCfVGN1IAs4y8MAJNQi7ELPIDaeeOnl+x6TJfIFStRNHx4kAMJg4hU6RE4z1qIUcwRU08d7HKUaMdEfR6Imx4iFcSMsSRhEw5Q7o46CFA2JAB2rs1biGB83ox0ey4/uqb+z1TIls8UvwiP6TNVaw4mAfDshEgu8Y7zHomrhmzODpV6k4SVbV+SSDyBjx39as+DECmjgpMdGi+mp6Olyf06sPSVgi0Ugz/m/oh2CwOiNfwABQYj8cBGbZTWTxTDFOmdgGC8r40+Ygg8MII1bGde5gpbVy7xS+cONjba34wHOD/asp7xmg6fT6uFS6XOg6w4lTHL8uBzCz6JsMd8BLoG/qFQ8THrOhgMFFkfsiAncGXCqjTjHV+CFiYCx6QcIoktCCMEYMOB3X+QgVrLpp1esFycWCozU5i/+N0Bli03HGTTVSyhCJGiKbTNf/DDALE2SMS/vG6IsQxWXKE8C56kTX0NzflSwZncFIVS2o2DAVARtkeDvP+foTVjz018d0Sa0NDGAMToO/wVZEAU44TI/gtmKxtcjHm7LbcxQM4JF6icNMlqLp0BnwqI9LmL5DiBMG6BjWgohHDF50G2GeCtJIDU0GAzWwOIkR8tiSLTNVZ4xAbcDxPYYxJJ4rIfuIMhxSZ+FLhcy48AswAYNA8npXDL4Y3HuI31K3yUUuWjmXId6OHyfR2fiLBrSwIJDxGHUWLxmXixQkXw/bCBAIIPnQcFnBWH2cpMWIwEkD3x8jvuDU77JlSGRBarA48B34hiFMhx2j+ExEE+1ojGIFxU6glRkrHr/Vm3RBI0J0rSSq7hE4AvD1YJEKTfuwr4pt++BQacJjhE+ib4Av4JBMJFBMDvCiU0wnxTVWKB2k2E+swBqDb3PNTsJFEPXM87manliJiOE1TBjBJtiKqfhbMfA934Vgjdgxyx6YQBIHoDuC5tt4/WgkDnH2rN6gB4b3xcgosOmJc7961FP3bygu0TNMetHTWYZwmjggqUwz+HjF9yCngO5zlX02SB8ChgFd4VOLzokMAj0d4WbCgekJloBgp/rul08zmFANMXXqrQXNFJXSUEsABhij3WTNq0y1Biga1skCXA/wBA3pfvi+bAajphMvbuhzxQhigSuIs8AuXuRZNrLJTUemjg5ddcM0dZgM9YpAB4OjDPVBk4Bh2yTRYATTyABhGO+IAflNicpoW/B9Ta/Ac1HZ0LhpmPwYCWLG3hy9sEn6oVONFBBrMzwkDJredm1i07tU7OIRjCLV1V0Nqx4a/BioIAEYbGARmtiaBwgWPYnwGBs4C86gCOEoopDgwz0EH9HAw4HwXoNSDPZl6aIMBh84RQwZkpjMCB5f+aA9m4wEFAzMdKgSETuCEN1G90wdBqaCSEwF1nqCMSYHxNA1SA4RaTJnYO3BEQEK8LLOTAxGu18eG0lQMfCH4PCbETwrIIYlWEgMHlaMGAoDKEjwgTgjGPLh+F7GAgww+X8P4vsOK5OQzVDXSHMQKU4EONLd9MLEMAYQrYoJwSEWB/UKycD2qavu3OUxxNzZAJLRIC3RFQMSk/jloB+F2hInMFL+VDuoYzS5QyIwdNpjGIPDokgIE+iFGeI7EQT8wDvowOCopmiB8sYDRzAJFeWQU7zGoNLU9+vxwPZkos54xhH7jwYcPu7rSZRI9xQoRmd06GUQUBcuTIxmitRRqjbhb2kk2sCBowKvbtZDBCE6GuAxQicBjscg9kEpx4APZgWV5CxBqKll8GdTK/SZOEam6KxhwRX3iJPRGGi6YDHCF7VKQTnN0WMwWDjETD42wcnGY4dxicfs2C5UJBjVGTVCI4Z+6fD0sJ3B8NrEbdnDQBEIyGBbwHGqHUaqYI0DicdOnLHgh00t2j2H13NEjM0TW3xuihlEyUHJSYnJGKQGCyfhrJCHhpwJ5lph5gW40QAXmnhV0cSvCFIFIwuhKAIxo9jN6YCxqplkYsoZiC8SOaZeqwgEY7UTKbhskVCdYpJiCGvuyiOcRCdf/s/Qy8UWOYoE9/ivCIJVjp9uncAYYM9BqAUbd+ByrXFLgxTNxSRM6isiASSg8HalMsVZg2gxEE1qOFEsw7rrzoABSvTxvWVIVofxAcni8tshiIEJiH5SVKLD4flsUrIIxei10TPTEOUpxiG69FBP8IjmEAqG3dDGQ6qh3PZNzurG8LhmLQSrxVQkNIDWYvih1lF+8Aoe/hzji7RoV0woRX2JBm2R6pHLiUYI2ggQs83YIl8HGKQIIAfAPM04KDBJMdxXuZgIOZAIU1v3Qbi4CACgCFChbqzLNqlYnAxgZmhmHtsu2wxwTngHjoWJlog/iiPHBp6QvpgLtqDs2LFjBoaoFK6wDb64BnQU73eewBSBxDepXYdUnFGrkK9VQ/EkFbFgN6eStlsLhpf4ia6NvONfBuRegDbbugBpfLBUdH9BDxBFAARNwow4N1KxeBORQAcUtlOxLQvzBW/pE2BNxdluZg9/JHDlhGSwwQo8L5AHoJBBBhmwwNDoshlk4PBIxwAUkIqxz9ZMjaRzZs+p+L70jSy1gcVA9/Xn2kjFWCUf5tqGDfsPgftgP6YAdc5CLmzCt93uPBwix0G6UTbfSm4bjXZQFMJsbwX0XBUlIkDfS93uLiHvG0wQ8AUUEATZTLdbbgNk2NsHb8oLyG/c+O0Hf1wifww1g8IogfqACWpsRJ51jrrrbkBvBQrWgAgRo3KEBYsct1FfbwP5kEMACUD4AMexv7vGAoCBCQmAAhMGgxxLZ3n29wUEJjnBACZAwFDSkVNhscCwP4BVD5Pjt32jjYcAErSANnJoQ2zIJL2egesch8MGLO/DxPs0aQf9xnRKHsGA9v//FMHioAb0bXuNFFoDdVUB8usIty/997v0dMsPtrQIM0CE9nTu9UDA/237rf0HQDD+QCgCGfZm/4RyGqtlBOxWttQ3RacStM/enzMDulZKD7eUFq22fwbUof9mA5Rw/O1/ZkYj3w1XcP4M/hTm4QjR1oN/SHt12npr2yUcAgHqqOcSkFEm4wF3vRB5HTBzQDIiQUfrGLckgYaEPXRykT4BQhbGf3pp8QAnAf4x/+saL4Xob9s/xzn/QHS0RPi1/43+OEWEwHTqRQFBwPkHRTDIRSgCj/2/vxbATg+/jELYRY1RAWZGiZQMZkKJPteG9TxO67wQs4CsOMjV4UEFkH0hWvdBa4yaHV8EILT3EqLtg2wVgLA5HS+CbgRo33v8IIkB/QHrPnlFsh+vSomM/EBn9pmtARO3SfGsSxr7VoLHB+xNaffnjcAP1d6DSQHOORLB4AiwG9s3uShOjSR4FcxB6xb/bWipNkfDOR50Rofb20f0QngMKEHshEzysAW5b/m/vEwCCDF+al0XaBusY9sNXG/4sYXfDUmNNEZDYj/pRAH767bO/uBPj4nYg/sC2ih8ZPQfjkuVEG8BY/YM4MbGw3RABDl8PjJUTNv2Qegyzs+Nfv9BtkYVRGy1wv9EQGZBOdB2z2ZECC6WRw/7tzAR5oP4AX/a67hPhdsbivHbD45mNoRJac8FQP/KDXqLD0843W2B5/7aobkBa3J/RFhMDPxDD38MAU6LhMS1TdbaQoC8DAsZe3tZDg9P0CRCbsFAlsPbl5T041DqBCecZnbQS3Tb/zn3dZ2oAXQqQHzhAZ+LDvsg3rz8P1jYPkwPizVUdIQ+wEqLbjH2CdhIhdK+7ISB5msFjMe+0usTr7Fl2729v9Z0aUgDjNQ/L8l/GgR4HxERvhvkSCYEedPrKZCDXmZ2fQzhB///JX7arXCQyR2o658tvzvXut0PhYAj6QRNfQ6PNny5LTZgcLg2xMgL+N0itjjAVsPI6Sa4gmagfmCGEfJW1wl747b9cIzEMFsK9Qly4QsP68gSxDNYoZRUEuLQRegM7Q4lJwiUcBSsrr/nwARIPQIKC7z1awMD6835V+sS7/3oAwO0dE3wweFqaNo2/wxZA1X/0UEUGweBS+/C8HTE6zRGBpCvEPLrcdEPCOtCRO8ACRxCDiW3UQAJE9ZHlAW3eNgk7hFWsmZf3z39Nh4yAdb/dt+vAAmUvABAO2Qn5ADkPb2rt1HkhEwgq7dRIA/kKKu3UcGacBvASovY39U9VMk9zD0D6QQtaAmQh987XCaC5m5fxu/AMcAFdtIJHbt1IDhg//P5HMEE2xZ2tGTBf3CsXO8T7Ql1l9uu2wTv6wNm6vrFENyr6Z79FaTEUB/v4xrizPj7wLY7AIF1sw/+LcFVCFZL1K3BA37AWNiuYFGGAr9b1EhUq6Ww+zssalhHVwIClAgsakpXRowWtXrkOM9EFg0s6jwjMySoUrCoM8DMjdWxcYH8WdQzKhayqD9MAeO6oGEtCNUsKjdPfw8sKi+oAl+MJPgbQYliZ9HFicKzW7L98RgwAbAgAYk0nPA2Ah2UJPCVSo9/jp0ADU0BfFAI78Acsk3GFWAIcIByyCGHkKCw8oSHHMDQAR/gAfzYUmuEzbSEkE2NLB8WQjUkH+9TJQw7AXjVMyND1xrJ+3j0jRgDv9hcqxVv6IqNsJpnCk68FSO5C5aTzcm8EEDMaIeRO/c9VzkIBw6AwFCx34ORAIDnDuAAHR5obpAA2A70ZQhCA0DbDqxTEBWf6fZLD4PBqQ2D+VMPgxVolUuxrtg+aLyIbR8ejGhVqR1IH8YP97aanJz/gYH5BGcP8H0FAAU9PtNCAEdgy4ABzz+AokEdmlW6BgQTDg7BNT0yTI6slkEbrz9OILEBFsjCL+sKb/gHeOvCdMG2tBAf9sZ/dO2IATCwLU0MFgubfDxPrsc7dwMmnI3FP4tOQkWDhcU/hsAyYLI8EL8YBQYlL40TBDCWjC7sHhuYsJAP725/FmZfZAChLh/U8upsjRohIPbXylk08UxTdzBICxaxDdGMDIkjTIDvYtY6FEbroZAjYiWoBPgMpFPxNpgsl+shBaPMgGO3GIzYJf/DxEs02X5URWxM+2rYOhO3E/eCBFinysYXwF0ccc4Nn24rronO4hhwiWhyEGb4FgDeaNxe8KoWSAM99+tW2WJ+jlTsd9YSY1vWcM5pLaDRtMVt68HhnOnAOCQkTg0jdFIIv0e0RFE06PS3+BwXT4uU1HUl8SPxG/3fQ4B8HTr6T4m8xGYAZOx6LEIIl2jxEvnAAk0wX/bC3u726wFBvEl0NHccJESMQ3EwcXLb+M9DjMvK0+/y/avAQYA8P0fRlMN0TzzYaOTBx7J3QxZib4NWwvb62JbWXDAeJHPA6w+PdWJt8CVvxnRxSf7ANSLIlyRvEQgkArZCbyVvE8kMCUHQd2C/WPdEaukEnhWUQ1p5XeLENknHzHNsz+lOZdzqGj8x2xlHjJIjD0CGbH5ukBbIgUdNX+RQhBEfRXA4ACAHR2RGiinkZGz5Rr4fRXQgJ8BoGh9JrEDJkQdnat5sII+C5EltR5DDAQA5SYRIqvlLISdjSN4fR5QaAn74Rh9BuwQA2C2FazcX8L5FfwaAV8lMMKCLC+5uaMslL6PbDjjDuliABe2AwIV2MGD7vlR8cWE3ENz4+xFyTkMsjBNygPkEv9/P3XJADZQTgvoEuEC+gDFDxg+ybW8dBnIiFAYPAwhyEhiEni8IuYAEwT9MpL6iL60HAIxge8/FQqbRzHcRUxV31cZUxF146zbQSC2MP0iQpKNKNOLssZzhjMuiPRnb1gB7eMPEufz+0N5+N9yjHBOF23TnvwF1DsfNRBtKOR1LQa9+HxNijYOuEs8TWNJbU28ZtlQHxuaa5ghKJ+20BNtmk8YqVisHfQfB5pRWAin6H07RRAHqJ21R2i48B0MAfky/fPvH36x+IUUpxTlFhe1FJ+lBAdWS/TdmK6Gb9sMBdDxIi+/dDuLdP4QI8GvB4XEMjDzrtmEVwWlBcYRB0Pq5rWuaccFJxVPaSqAjY2+RwRR/RnAFYFAjIyMjQDAgEHoDHT4GuqCyIAEAAECwHjAZSWn8JAFZugwPJEpgSLBNaBV0J8SJAb5dgD5FideNRQGJIqlZnRG9jU44mIBXwAUjnC2MQWYwZdIJYFYIF7Db0AkEhR9gqVHQU+3rPd+xNQpLmf0mKkVJjUZguPMPk/f1dy+6udbCBGE/CMX8ssNmgLODWyAALQkLjxuF6lKM7wUkjVV/ENtbB8x3tQ/lnElj0yDY3RBBeBFMDShM07dqTwAPgjM7kEk51eeMtOP0Tfy6bkhBuHcK8QuNYJ9LbznZczhGa6N72xINAAW/PFYEVAJH3MG3/22O+edFOdd920H31ArUTWPU2HDbbtYUVxLQukzR9MLr2sZOXbCB+L9j7CHL46sLPzJmRxtKAJVjQm57tFQukikHw6fY4719jY8pTNXpkp8ykIbsAX5qvA3PbkQyNr+4YTGAhBQ/+w7bcAB1pY0RcH7tPRyZyYhykbIPjdcHC93DTv1y2kkorbABRGp0Ri/FKMIVxDaThGLOo4GTCxiImYTCx93PAh+FXEKZCfgugFcD4eLgAHtuaeGDyAHkSps5dE4pBw5/EGRQdGUv7ayBpb5CWU+fKe7KVHB5uuXM3E854aTCsEq2YF4rAvwCt2FddMJ1j4nfRDucuinYYrIq0IYgdSC3N4h0yxujyAAsLUuJt0e6cwc1RIu8GUGD/7aLrBfx6Rh4dRwSOEzdIAkbuj5A60xfX/3gTpZGWExVUE2FybbCLvZgmBI1dBVVV6jtCmz8GWPn6uGaQlB1mWDY9kwQBBEr/KrZCzuJLA+NK4/wupvKweIFYxRvW+ADdPiwEaApdziPTQMML1xgKx0Mkv/C19B18LzYduxMKeqD6whClJ12GL+aLoop4Yj8R3dVL+8YcBs/jNCFjNSMyCCDfA8IaBBegwwycBh4RogtvJn7eNR1t0qkxUKECF9K/AJ9FHdHQtvGu1sZGLkYIr3M9OKgAC54/z/xhum360jICboCHbn9I0Qdc7mFZ0hfkkHrMVZ1CwZf5//MaNgbbrzl1v/K+PhIO5Q/VzXWsINvcnMGSxG2JrwFZNemg2Pp0tIzT9c+4kO7gEAbv3x/rjDS39v2h43n1G9LKwTQ2/jKGwu3fnUF/h5R3Y56AaHKKk0Pbz36ctjR3JRJmmFJEYl/ipTQTvEXZ8hICch58amydc/i+3dBvwtJNw+IoUvZm+gKiQp/TYC3FwDfFw1ciyw5Ryjwb41YxwYDTsmNkYFI6P+wk7Nvz3/h625zSEBv4sL2Rc8HqDwEfu7CDmCzEHR4MXBEjAFYbzySlrCxQtE7AdIae8GFw2jY6xq5H2CDCAvyL/YfIzHrTAGFEXyWuLQwoyDEl9lNqotix1YgJ5HagiCunMgvEGgs3InxleYtlIizillyXVA8ugVDL7S8UE264CAurAQ7q4q8+bHRV/E3wtmWPAJAg7ZjTOyWkDsXoY7D15gLNldCFdwLJXE6/449gyYiCnWM+UH2JSLdhRN0K360HqeOEbfzQrTw8/dIEIq0NdA8GrP+UbxxS1+MB7vGDNhREco7CfHYgeLbyesS/4PBZB+dXbjKdH6ohMg2wL/AkRtkOxEIJgQYXQyKvxoM4QfJGgUsJb8dspFwkKjrn0nMYm/4UcxTe8ZTpjHJEAYjYBG/hzRI//jjXcbpGo+4Aq7KbxWTO/1CMwRwChFwhMDw+9RrmqpqTeDCE/bFc9YS/BPhyvpEJ9qNQb8GDMBjgkl1v4iEFKdaIxwZ9emz2OsSb06QIlBGLyJUIcW2qZAfMWAj5AAJ6BnFyIIFP+9OikUkHw0op62ULL/OoXQnjxcDZgfamS4+D8CAWNqKWwNdHrA9Qn6YR9PNW8+ADivOzVhdOchwOtJCv+Az/0zQkLDKQSZPHAO2KPFDf88UCrYCzl1DzwBwudv7wkCXkbwUx0fZEgJk7HGc/9YvQqY3eNYExwL/+HWXIOoDLkCDQbvYQI0BDcVYRHjYwrnOGnpSQsFNwVJ6h2wjcUFSEsgzQRvC61v4hlb8ggEN+HpWdOX1dBhQ+Pl6BOgWpTNgIf/vd6cBz9fJlMDSL9KU1lhum8kRJgQvuhHJJl1tDC/CJXCQyVovHajrn91fA5tp7ShXg+kEwwpYC9YxwCexf1Vvl+sn0wYn1+kaBgLwgY/b6ywPByAnMk9a/DvkRciRWTNbWq15IY+gWMRaymPHowBZ0ylaE09aCqMlsU8aAcgrMk9dTHkRcuTsVmNZXP1eyCMoWxRdGq7gKEBcLRRGS8ZcY0+xT5PigbUar0G8n2DEHcXlV6wd31fOsSOW4tNUmhjLg+u8OchJjfxn/PwRclA00wzSFEIUHk2x8VKPD5PAcAmIKTibQzYABBkABZJiyKD/4Y9HNI/kuBgBxQxReMBYwC6c4ElzdvhgP0uJhOi4ww+TtDUCgbn9EWxTDNIUjRQQepBi2AVVeWZ/j0tTTOj/D4oD7tIcJCdu+gO3IycDvMf/RSf5QZBBihaSiqBITobkuOlpSoqfO8dT114uitqACodFidSOx0U36zGGSWn9NvroYN0AJoy/NAc2GA4pth/FhESL8RQ1F44Hk0CCFgFKWxBZOylOxQBygnAGzCLFOThDCQ1xCgfVncSQEINAD9BGD5ybYiuN1IPuf0+UwExXaIpgMJM4SVUUb4pb/B7BIJlBg8MEzdrsl5Rl3EyJP0duQPCvW/9oBKZATTnlgeDY27uJ6XEZD0IWAR+j4VhzvYo54XeADMgFNHV48+hFLdhtVNBEi+4ehwVfeHrkQuHrJm9jYoF3wMpBmhwkZkOSS36MlpEyyYt8OeJ9XbmMTzEpLDTrEf/7XFIsL1wsXgSxLUuxXF4vPP1B3UuxbU0v1wrfat8vHDVaC7ZfiNpxYw+FCw9sUMDAKHhR/I0i11oA9gSj+nYBOwc5yiBiFfpYKr02tuzEdEFGC9X48JbiR6OiUEl+GVg40PfXI0PTcUSggUM8dg0jRGDhBhvaT07HHwvEglIH/qaVczP4BII51AExZCSLUOpQuL9hEtjCLngMFF1YUixAxi8CF0YCeAt7yHKXIzlhPKGBYYutc0M8BK4rvhtgM4kDB4y48OpsE3Rh602FfwW84u10WlbROc1yxhiwgW4rY5U8vJMDgsQ2S474ayKwhBXeLq5kYIpdEz11n8x4Rl/0Azu9ThsJwhJppZjQDploTRGB1+EaLhuuFJoHMES8/oPiA3Q1z7pbhxGkxS9Pbc3iNxxvBIkEzziwynXvTCsgCd+9mX/rA02J6aTaUe3GnClN+vxXd097S99PX04DhMrLTlPMmA9BBhnkCGgQTBFkkHAYH5wpLpl4TznJH7YMIcKXfvkCfRcJhRxSuCUDHB/JRAJKUhQDHZjCNYqgBhrq/mHwKX4GjYwh6z0fiv0BIND/wP+MLym+Gyvl/9bB+Ew7hCX49VUxU+MAY6C2LS3F/zXDCsIT3HpRDlqJCgw+dIOXzYELxch/rCgc0bF1Clw2/OfQ4sIG11M4U3JmkPMEyBAHeZYryyBlHbDBUCx3CiN1O3yoMDyxxnJZY1kwuxV4duHZW8ED0mJSLLDP0EbKRMhBrpI/w2WbhU3IAMN+gi5AinNIT8PhSI5Aw1h7DXHDlsPLastEA2wBOKyMhsn6/xWgncCF1Rb/9toBMRkkJnfki8jmSfH7kGheHBgBKd6HAtpATOhTYaK08Ged+9JE1UY0KEjGOwkciAeJ37e0QKFVrEcs0DPRbxpWRwvX2Bw5byOXYoPCNE+ExjT2qGAvtEZCNr06DPGgVXbeYS9xJPvCdcr2wgHbup4Z4nQvbokB0/jQSPcQ8E3l3k0ZovFuy0jyYLTAhJgvAmfP6EiF5MQA5ooYgxR2628DUoxFXyLNYyY3xYA0KzI4z+s1OKRICI9R1YrJrqRvzh2YgY2EQW+PZeQl2/SjqWbWKWcFpQI24QJAQAHRnpLCEanKwX8IhSlaH3/+EuEiMO8OYg9EhI0iD+3P4Re/W2lUxQVcxeNwpCzoNhRttFHr0u011Eu9ZaHm1cIbIBDRNM9gG9va3cvEkFxGArDBe//FdrPoAvW1QQyJCOkGF3y/WcTqA0gQEPgRm1uKQBAE/bYM6ksslSQ2gcSoAvUNIQQln7jCfcDwZ4lJV3Q0BW5RaL+1ardK1BUMRmihtu0EXEYKKbKaT4qviq5hAa8IFrdud12WdLgpTCQURtS2bW3jHFdgbCwQQkS3Ora+1LYDdAwx8EEpyOj2+36D5kjZJUdmRCnV1nNy/SnGarkeu/Q5znRUBHAGDNYRK99t03WH9kJPcwjJNEosvkLdhfFcg9Y08RkK2QGXwpn6w2E0WQt8ASredO5zBmZ5wUufeNtywi/1DgFzdKXZDb1FdUTm9k0p5+8QI7TF4nIlSE66TRoBC9i22+tP5iJOA3cg8wx2u3tsIDcdTYkzy4nxuvFNOx6wRKm+LR+IQwZ2MQ+SLHuojfZbLmAsXFwTdetJKfY+QFv8+/78D4d2TQHSS2t61gJaMkwrBlFc1m7dx/q5CGhbJsYG9+++bxsCQ1n6s4lsXvoK/K4beUb8/v5vWQmFHLVCtk2KmmEU76V1dQHb6WjtURwZxaDbgBxy2JH/YAhQQHLIIYcwIBBkkIccAPAA4JBDDjnQwLAhhxz2oAKPAgKHHHLIAgICAhxyyCECAgJiyCGHAgGEVASks8UjY67ZsAgPBTAgyCFnIxCnAABuDdBsCD6MPWyxLcFCrcMBBJNnhBEJvgjTQYHjoa9qPrWgfxA0Tnep42NdMZzEl7dMTgI+ZmskE/Z2RBAhTAIBIri/XjgwEsHaw3Wy3HQhQR1selNAFE4MV+DYy1rgUynRUjHAdmHgMF9FrkBwXHZzNQE6GgLR6QUHJoLSwVgdyw/jLwpA6zdmv0RUFtQWav7lfASmPLBQt+e3wMJAX2hkiCMA7v/GA4hChyiDk/ldC+2Oy4PKAZ4JM4L8Qwt6QDsLXXhfNuwPt0Y1dc7pNmZiliR/Kns63YItMEq61M46Me3iYLCdjkQF2HdupI2IjNUyKL0sTWAJ2kNFJj4xj+2adrAp7dgEbNn/PBR7bbbcbxbQZoPVAAYd0N//WFsJNpoUaKUSzRfbwpP633LKZhVvHMfuNMW15ehTBSnCuhIVbWkBugIMcNREpennlh56rPkCbrVI3PV1zrVtALTNXdVV5ua2IbEEGt98SFxkgtTWzgQC8esH24K7nf9iSY0g0AYU6YB0V3NbIwQx0mbvPCPPyFBRUFFQHMDzjFFQUSmB4acladHv1et4AaBx60zTx4JkbeuR9bC9gVqD5fBMYijlWC20taFvyCwuffaa4OhR19Z/EAnGbRB1ti8ELM80b0RI8AUQ7m3HDWHzQ+pO8AURDE6m4InthRC9zXXfcur5WDY+HP4YbhiQPxNs7FvpBW4EGXRh2Ezium4GR7g76hRI1UtcOILbEPL/O2/oOM9JK6BhoHzddPDAemD4Px7vFEOBDeCwPsCjjcY+i2Bg4ex6354+ZgscgW1I0EM4KcNGBBxI0YdwSTHSD0xkrLAtOmZeTEYL/N1mZGT8/v4MUQoMMPaRgFBt03XJ6VqJhSic2vPi8Goczu7YwsI0CjTJXdn7AcF1GBZGDS3kPyNaMzcvL2HwQ2HzQgsF42nYFi9hM8Qv4tC3Cmjh2l1iKhvUkv4wUOsMn2co5JG3WYsHjCTAlCTQwLMYeZwk4KTNKKyIHnmLTAe0JNC8JODPnm1LsQekRymMJymsORszZ08pD7RXKU0g2JgPvF8vBDsL9n/wTweMF84mvwlYHwABB4yQbwLBF4EfEEEGGWQQECAg3xKiILAfIIMMMsgwMDAwDDLIIEBAQDLIIINAUFDIIIMMUFBgIIMMMmBgYIMMMshwcHBwDDLIIICAgDLIIIOAkJDIIIMMkJCgJIIMMqCgCsSg9OBvUKZ2bVZvA7YpTA+5B4J1kaJUyASUEVL0RQLNGTDiLwYEOymUEaUZ9KF3nkBAEcp2FZ36aalXlgW4bLy7Cw64ogixZ0faOGMJRrRHtyXSFGvbEtYOXJIp7xpCI47bQ2dp1+tXqNVoEMDrZ5tpo2gpLLUpMQLpLd2WTipC5BQkVD/8dQeLOAtv80HtbJp2mxoFL2zz7WnwLWnRXyrVLz2H7XXhTTnvr0MNjHEVR9izM1oKmNB0tqpJ2sHbQNsL2k6XHkygbt0C0ZpPTRgDTxnISfjqHtveIDBVTYksyGPJj4JXo/tjZJdqdcQIkMFSWI9HiVMQKsEcRtef41sDLVb5YGsoSlZQpYgIbAb4pe1ctw+CKY8IFRRCMOtCorZu/394b0ZGtvNEegv8/P6Y2G1G/gR4CgR6A6aAWw2z+W/rYYgN3YYGNjcMHsUON0y3hdvJAfnbEBxDN/sfwxCRkSvrRTH/b3t7a922kXl5K8c5Of5vBIXa6mHyQXPR84CAWshS+7hEF3DKn2DQD8ttlyAciGKJ/utFUX04QBT9P2zibRO/LTu5CLoX0+dMHPNIpTVqEI4m5P8CFxzfHzHcjYhWSDysd+q1uBT1jT1WR4nGfhhQ39oaAFyL6wIxwBtX1NZOkEhD0bru4YhEfLkigARUwFjtNgrQYANwqFaX7GhbUWTTSyox9ovDRwK6t0l2umQAXsfNApw/dytQNx+6ChMOjEku/IhqeEMDPGnwSJDL3jZyaHVew5BPE7L7bAJVUHCJ+1KHGiITIAfF78JmupdA3n04QbVe9k/oIjzouTSbOBcp3UAue0jeD5M8D58wNt2dwJJwXcMfhf9+W/u/VH2gECppyNNNYhBIwekmCreNRnDRGB5kwgnCQElEGxowzQwkj0VdWMTj79/976UjdAC8TP91CglMgzgEdOYOIBDcbxBbwy8AAU8tMQm3pAMXgYhNV4DwU7QHvmV6KVgwh7yGLWA4wm6Erkd9EwwnrB0fhA0HdswU6hm+KhTFxxEm7266Vjyqfu/APskAAR/1MhK6gN+BjPwiAAgIC5IBeC87YVUUG5uNNQ1CuoBttb7ssQ5d5EIu5IAIti7kQi4rQZVCLuRC8JfkQi7kIeXBLuRCLtN9MEIu5EJgH+RCLuRL6f0u5EIuKKg5Qi7kQizH5EIu5BFEyy7kQi4uTGTAOKRLv5B8cF8G23A1csW/AhkcVwgPttsCD/5yDY1GpTzm60lED0pou072DEGNQRC/v7sB/jt2V7UNNkVbARS2TwMFbbvAkrvyQSzxGn0J4CvoNQtVpUGA+rXAwI43fCMm803XXfZNhHIKRI1WIiAeiSItkMG+Qs5FCa6Ss81CSPFFCAfkKrlKBgVKrpKrBAM95Cq5AgFyeSEeNoBBMkByWHYSuzF3iUgDPEgCiTBpP9VFoyk1A6KBmQ+a7aGpk+TA9xs1Rvji8rUT6bYxaBpZpcu2EeQBC9Ab+4MmAe8veinrA0yJSgnQMXY1FlOmuEaG7PfYD72JBZo14igNogcpDZobGNwwNwYFg2R/EB+m3ogYa8cFhrt1id1foWv7NBR2DIFMiY2q7hgPdAla1vq6CQDb6xEmX5wSZUYycGWYH9Uj0AJIupcPBI511U3D9IguHMXnMRbRFyss7o1O1c0ENUiPBbxWnDKoHwI8fcizv4tVgkG+QED+BxQBLFzoAyKZGB48ICu1Chz3wggdzwYb5BwVQuwPgf/Pfn9HDghMOeN1pEh2vwH9AayyQ9FDoCAfGIecARDBYECgfwB8BDDigD1ev/hv+E/pgVtJac7oA1a+2zS214LeG0N6UGyg0ffuWVC43SCx6D8D+xL4lKIZugwBy1fwtBswgl13gNXv/3IABwHgvBVIjSi84ItjFFz/yUidagJYKHVlQm1r0ChzJVS0hW+XANoCAngRUh4RWjBvG95uQUpAMA3MvkMp+cLS8kjjDV/oDyrRm1kVGRJlSQ9uxg23Y398YgXMERVcBdQHKMgDFcgvYtdtJFgDXiwRlK9317lyCAQewhoF6RERIyNj7VhEcgUwOEAjIyMjSFBYYMfvdiNoVAWjPYtQFLlsB2aL2OJtyolXBItILMrmABleamP0afJn/FrpGzZYweos7iDB/gJkD9q0FANwWDZb99o6+19cVv/BP2NIDExp8THK627hiEJpP0k0QTWUWumSgc5Dai9t0T3gFvuJlJAwCLnXNHOJMDLRMGl9v7GyZfolyGUMEjXOINhy9nW4NQTZZrYs34HtNev7yyp2ITbZG2OwLW5p+CxN9xVwwS/ok+//X3W7NMcEPwKAKQ2oN8DhCFoswOwkiwUWSBGQor3I+LZH6I2WaAhMtgDcTv8ow21aip36dDEUMKYvjARbmotdixBFifABbLOiTORWEHRR6CBHQVIr9GuzsQsAIv+0c//YfbivcgaPVwhjU1mYYNYH+Bc+n/+WpKUrUM5FPX28AAC/AZYxCRCVrOuYKpqChveQQYbMYer671wq1KlZFOUrMrzfE8CTSMdErAAIELuASFWu/4nnhKWEZlr/dg8i07Bs8B6Y3RZicmf+cmlMb8B74xd/xkkp3kkGSYH+DybVrf0sfexJL4Wsu1QRhDaUeUjSE/3gCUFTCrQ8fCQAwDaD//w8N9ogju4A7GpJ+XXtQPoYVYMCXOtAi5MbuUBXQjArBtRXbxB4fC8x9pSFDZxTNoDRE2ZtFDE+CkkBdSMS2T2sswKMlAIsFeURkgnkALV2WJg+tt/GBZ66iHhU1cK1sbh68QCphD9voxQF6Ii9dg/H8AOtaMH/DMhhC3B4uHFsaS37s833Y3B1bBFgZscxZQKDPR17BNi1gVZjo5kClgUcmAPolvawQSBzMSFp/4LtoPjQhl5jg/gMKLyhFurB1XUb6yoCF1rRjXSie8zioNJSwmdrSxqmdBFuyua6II+AIQesLGEB7HXrJc/XYwbc2+D/BXBB/2K4AAeJGM8QR7Gu2NgHESAGlPU3DGhEjU2z59VjVyYZtvYu8bDfAd8A4OKXB7EAAMuA3YXdh1Z4DN0uWO1cEjOMEN0TX0MM1oksJsxJoHSFCL734PZ0DUIMGZxshILnAgw6vOCPf11ACpAHOcd0BSM4GSy8zCqvucX36eClIF1W0EnUUtC6IOfqFitYQTUkXbHZwsFoZRDdjhyZBB07ttuAmdIa7Q+dijwLerYIW5VQCgdAi2iIXuEr1RAVwe+dHUEWEQop6wZi320HTREGElAIE0g9Atkj3ArHQGnGQBDE8IRnESBpugQhAyyGNQzyDPCMhWTKdCHZs1gCbNpbYa8ADPKdKGw0iHxQjx24B3Umm3WLQOiHhXepBA2Bxw52BFzc0I3vg84EN/whRrcsbromTjrGI209ICoW4Q6K7LB9vyaeDRKLAUdMyQHQBgANfU3tZtab2rjefzicB8VHQ+sWcQ91N2LIiwcKvq//PIHdrVBzvvBUyymqPEiHZ4xByjwEAqwZ4dNkkEBQFYOMHWYdBxvpCQJMWPmRselltYQc60J1601sAMFVfWFKQzH5nlDDAwwkjSewBfaG/BeRdbZes4hhLM9rInjgAArSWDCw1F2Ef2BHCTZqABxbFcZLEVgExwpMJGERLIsgKgXALWRVgrvokbywkKgesAFEciI5eAJAAy+SieQIBNCYBZxITiRgBigHoRAskBeSlozcg2JmawUlcEFnen+TEJ4Hi/tHoNhdbYPwRrgGLAVL/ECgcAw/cEzD8IJ4IEGsFMOA5txAqB4FFM8AmrGlBspaQxAF5lZ0BANk0AAckQwMxqsCVOi5qkGlOAW62EUVjWsuK4Jvvfio7BwcQtI+dV0L0Lr3SY1+AdIkxC9Nc0vAAqUQgzgeMgFFS6YWgIKGiCOAWCwiDppzaQffDSYIQ8YENCd7IKAkg2c8AKzMAWxOoNKkT7wYC6G+D/bArWWLN5QIMJxJx7b6wYcHBesDt4s7lu/+ll6yvbgWU8SLdyAg0ArwNX5qxlACTuBDIMI7dqwA3jc/33QGW+k3/08HJIZVvOwYUYt316qBb0vQE0hJo/8ArgZAgdaDHVQqugFqjJZMxS+8LjfUTZ0KjUsQvw+XqKMfGsh0aXsk/HZCt6GzJuWMhGMIJUIF2MgEtYxtKxhFtZ2QRzQwWNZd4a3QFSmKQHcfTGYHcjdqA4AXqP+Wc3SXhR0QfHU+YAEG62zHqFaSqYvdCPXbAiefTYX/S2MGPfIER6hUhU6LxiZBfS/miAfpGkwKghxUpNH0enVUGFwLzXMBnOiLhBA+7uYKTDS4ZXQhYWHb98B0HGgXWUmpFlp28JXljAoGi4a0mErdXqDdGwFNI4I5/nY7Kc+dTfb7FYwylYxiM07C6TE3dpsU03Q5lc6LhDWgFbzpSdubBLWzB+aaTJCEFikw5VcfDD2wlmwLSRBDAXzsJGePEkmJ1UNI6khGuMEhWbAUpPfa7IAcZnpRBuuvViWqWDdGxUMUaguzDzQp+of69wLYO7YNcPo7DPwAQYgHPHy0rCn7xovRCAyQgmDZzwp6EW1vKMX0wxXVhe7HRwjxANpELinVdNh4vG1IxUNXELhgDhfhBmT6YEOhB+k+VnXh6faOC9TFTZNUwnYZhbPvChcPcxFJvf8AP5OmSQtvuA9C6L59v7XbDjJBTlZ0Dkwz6MLbSMAVwhaIEOYsNwD6FilcI3Uj60ePZxDwhTyLRDXhCjiw4SJ0P41qtKAmUsK5lbCO33UHRBfrZMozFJsB6A9WBCPhLdsjmTnqdAQpG2BII2wLW7PPS+bo9k4uikKlNw6ID01DlYnKRIztQ7IgTa3XdZ1AKBveLXuJ9mw0dcvr1nTJBiEVqSC/n1IQCWKV07sB4KfoiYUweImNOAYoXcqF6/AphXiOHHuhaymNUAaVYJ1wuFxuR2WAA22QdaB9sLZwu5kQa0IPkuDwr8ZEiDuK2/QNhRCliUXQvkptr6QHyNuEMDBGdySpRcAVwFvW1i7oTybBQf/SuGP4CICuYMNj1iNB4RiFwMKlSXhRsX9xsBVwrVgXcSL9GCIgJ3EG0SDWMwhxezxrIGU8EiKyBYtuC0Eo/x9MHzMeqNCALlxWLCkXtkIBUyyb/DuNLS8FNLosFlP7BOwI6C4QG4aPCX39UDHbAtEQCC/mhQZu7e5EiM4U32sB4gnciNLddXNCW13kbQMhIo9vwwQnCIIHtwAAABOpQAIAAP/8CwAAqAYAAAIAAAA5JAfyAQACAIABAFh3GzYHADBDA0U0/z8WSxMHRexdgAi2K0GV8Jch5T32///B030wYB9L6f0oqDksxxFEyy5MZCZAj0D//8OeLyRAQUZvdW5kIGEgc29sdXRpb27//3/7IHdpdGgNY29yZSAlZAoAL3N5cy9rZXJuZWwvbf+Xbf9tL2h1Z2VwYQNzCS0yMDQ4a0IvZgNhyW4xZV8VOG7f/R+wcjZXQVJOSU5HOiBGTiBudW1i/Xayb0Igb2YgISBpAnNtYWxsbbu1zRepYbBgZWQBLCGNbW33YXZlOrMgLcMWdAoo/dYC1gN4RTBVYWRzKS61b/+uXkFpbmcgYmFjaxZvIHVzbbXtdvtVb2MGZW39eS77VBbblnWtLEANZX9ocHqCc4VuYS1yOE+NK92+HbbfYUQKcm9vdFJlZtZce/8xc3RhcnRiJFoIgT+0he0KL2VyF2ILHGN0bHMHwm+qdyB2bS4APbF57Qmwdk9SvihjcHUY2W47bFlzuRAuE2lzee03hC7CU9b5c2gNIGxvh2QXF0FjY0Z05/a23dpyvVAgWxcsAl0gJgnW2nYbJURhSSDtHT0vrH2ETnwgSW7bEU5lYK8L9nVyb24TEi9eFKEV2sJ2UHVYZ/2OD21buDB4JV54G02ZFXOG8N8MthQAJTAyeAAlZJldg8EVRI+LukjpULab4TPRblZgYWJlZNEKExq7UIDlVgZHO9y5ZmV3XuYbeK01h3v9Jw7u2BRhgy2wCl1NIGV4G6uwVkFpQNZtBec70GPqaTxwaRvY+20/dHRyaWI8KCDCFhxvdEdxsHpCgQVrbmM1LKcYxVhojdowSnlEWuONlFzSYmplHi+Dta0VhgDmLQIEID3mkjw6HSEuMmYta2yHCmm1dFwNtn2yIf8SLjZzLgAlDxfh7y1gdG1wAy8AVTeZ29lC4W9wQxlpDHeQdNytdLJlRC4AVuFjX7pb2ewb6jo6X01f4BcW1WiFUk4QGBta25ixolbIFUdZClqMrtQngPRJ0i694e07S2lkIQBS72VpdhtleGl0qRW6IXqoAJZ6bnp6eh9kb3duECkgKiBgocVG1mEcVkxywHfdR1cbAzvkBxsDoGr//xgum2bbaNBtB0DgGAXAb7LZPlCAsHAHWMBxs2yWzYBgnMwQqfhu57pN8DQCF9MfB1DfH4FN03QH0PTwCAN+ZdN0ruAnB5BgMOGbZdO9lA8HuODs6ADt227bLVR/cPEH/A+w8weIm87ddg+A9AcwBIcHUDD3bZ/bLJyg+DcX+QfQDE6g2ycw+r8G3xRHzn67PXpSA3gQ9gwHCJABFxxi8LftA7huKy8gRAcQGf/nPugDNI9pa4sOEEYOGEoP2x32/wt3CIAAPxo7KjMkIldcA4hs2+i+gIGRP3QDUP/fPmg7ArxBQIYCQw0GUoMGjAWOBBu6bvePAwLrggBIGpwDOFueKpZla2cnQmgCICgwe4v93w44Rw7AAYMHjAaNNkQDgioUa2NjWxcwICAsEA58wG67rig+6AOMmkutDHO89r5sVD4DlAx2b7tt2Lc9u6cr2bBCdzRs+1+2KHHwBYwEjgOPAgLDD0FmMt3YOUKzUDu0J+QQ1oez4AVIKWUXWyD/S9jQeSFDyPAL8NQLl93DAnPoS3zcfgB4eBMIc2f84BA9BKHrj9QnHa87JHgLQtMT4E8PPhhEDg67Fd7ogwOOBQgYQf8ouqtkdysE3TADfGZItukrKJMA31ElHW6GjX+DYqEChnWn6bqTxgAgA7AzlGBubLu1RRktIIMoVSLDEkLYnbosA9RbI0sL647P3R3aCu5BDAbw8wTHrhtC2/DoLxM1AxgThkvGpmxnQAIDmwCdwx4h/gMuApxCFmzZPStMM0jwMs+Y6R5m22oaRb3PbB9ohC2BsGYCz8pQztsGCA8CYc0CUEsh5LIZuIzyawFcYCeMYBoyAUxgDaSzPi8EBEMSjyok4YCLAvEuFy3I9nX/S2gv0udjnazuA9AB4xxLUExNB0iHZeCbORdCUzD/BcJuO6TnO2lDBMuf66G77ALZb0QDWPvuu3ABG6wAM0Lv1WfATvrFjZR+4ELUdV+wMJNH7HPo52XQ2tZi2CAvSSg2vtC2tqEgPQQoRDUwhgZIjXChFSmK6EBuMUFoYIyFUC80QxDAFrAaYwXXDQHb282wJq2UAwikJrUDfQqyWyi1/wQZ/wcAugUV+gX2LbwXbcy+fd0HBfgM4geHATNyduBuur0Hdgi4Dn4I7oYBShcAAAAAAABIAP+IBAAAYgEAAAIAAAA8eXbkICYAYCMH4CUBAJBDdoGeD6UEZJAhua/MDLODnR0AIAYNDrivBw12drAZD4DNBxsPEOzkIIMHGpDNHA/J2AcbCAf1/v9vDwMNdnbYBW4JBwYPODbYYIMfCg80GAsPu7CDDRgHFQAAAwiwwc4O0AYCDrDfQQYbbBQPBwcX4cJe2CgSF9gQt1AogX3IBgl/+///b+IFOzvY/g/YDxT/D3ZysIN+APAPVA/5H/aIwEIAmM0Xgw3GBTYnRgdWDDLIIGZ2hjLIIIOWprbIIIMMxtbmQU4OMvYGIRYGGWSQJjZGVhlkkEFmdoZkkEEGlqa2kEEGGcbW5iCDHWT2BiJ/IoMMMsgiIiIiDDLIICIiIjLIIIMiIiLIIIMMIiIiIIMMMiIjIyAMMsgjIyPH/y+wF8jRF5eS5/TrL2087QiG/f//SQme+r9xeJTu5tEwuoswSGMn3Yn8LycAAAAAAAAJAP8AAAEAAJxYAABQUuigAgAAVVNRUkgB/lZIif5Iidcx2zHJSIPN/+hQAAAAAdt0AvPDix5Ig+78EduKFvPDSI0EL4P5BYoQdiFIg/38dxuD6QSLEEiDwASD6QSJF0iNfwRz74PBBIoQdBBI/8CIF4PpAYoQSI1/AXXw88P8QVtBgPgCdA3phQAAAEj/xogXSP/HihYB23UKix5Ig+78EduKFnLmjUEBQf/TEcAB23UKix5Ig+78EduKFnPrg+gDchfB4AgPttIJ0Ej/xoPw/w+EOgAAAEhj6I1BAUH/0xHJQf/TEcl1GInBg8ACQf/TEckB23UIix5Ig+78Edtz7UiB/QDz//8Rwegx////64NZSInwSCnIWkgp11mJOVtdw2geAAAAWui7AAAAUFJPVF9FWEVDfFBST1RfV1JJVEUgZmFpbGVkLgoACgAkSW5mbzogVGhpcyBmaWxlIGlzIHBhY2tlZCB3aXRoIHRoZSBVUFggZXhlY3V0YWJsZSBwYWNrZXIgaHR0cDovL3VweC5zZi5uZXQgJAoAJElkOiBVUFggMy45NSBDb3B5cmlnaHQgKEMpIDE5OTYtMjAxOCB0aGUgVVBYIFRlYW0uIEFsbCBSaWdodHMgUmVzZXJ2ZWQuICQKAF5qAl9qAVgPBWp/X2o8WA8FXyn2agJYDwVQSI23DwAAAK2D4P5BicZWW62SSAHarUGVrUkB9UiNjfX///9EizlMKflFKfdfSCnKUlBJKc1XUU0pyUGDyP9qIkFaUl5qA1op/2oJWA8FSQHGSIlEJBBIl0SLRCQIahJBWkyJ7moJWA8FSItUJBhZUUgBwkgpyEmJxEgB6FBIJQDw//9QSCnCUkiJ3q1QSInhSo0UI0mJ1a1QrUGQSIn3Xv/VWV5fXWoFWmoKWA8FQf/lXehA////L3Byb2Mvc2VsZi9leGUAAAEAALMHAAA5BgAAAkkBAP///+XoSgCD+Ul1RFNXSI1MN/1eVlvrL0g5znMyVl7/+///rDyAcgo8j3cGgH7+D3QGLOg8AXfkGxZWrSjQdf//v//fXw/IKfgB2KsSA6zr31vDWEFWQVdQSInmSIHs/u3/2wAQWVRfagpZ80ilSIM+AAV1+EmJ/kirtnSzywz8Cgz2/wL+327/9U0p/Lr/DzdXXox77WpZWA8FhcB5Bdtv/98Oag9Ykf1JjX3/sACqGnQO//OkO+//b9v2A8cHIAA9OD4M5/hMiflIKeGJyDFv21v++IPwCIPgCMdvJgg4d/hI/+3/78HpA4mNZwj8S40MJotD/CMBSAHBQVleX/ft1r5Yrwh3ueJQM+joUAUL+/8/doHECBJEJCBbRSnJQYnYagJBWmoBWr7atu7d9moA2wmfid9qAwZfogv+27ff/f9m+LAJQMoPtsASSD0A8P//cgSapvvfgcj/w7A86wKwDAMDAguh4aZpCgEA686GUUe23b99F0yLR7eNSv9zCr9/EujFQP/bv7XfP/n/dBFBU4v/yUn/wIgGB8bb23fb6+m6V+IXWMNBVXHVQVQEzH54a7dVrP1TA+aD7ChaD4Tmdf/e4EQvJBC6DAmJ7+iWUYv2f2G70hCLFBRbdRWB/lVQWCF1ES8b7LvufQAwtSbrBIX2dYBELnth+785xnfyicJIOxN36wpIOAhzbEnrtu52VCR9i32sTAhEUBgSmvu6bcL/1VLGXkhfHO3/rd0udbi3IRmEyQ+VwjHATYXkB1/YXvjAhcJ0HV3+AAJfdyU5M3UPbbdtayNOGgTJNXsIRNRzb83WQBTeRUWMDYnytwI229d9xujb/rpUWwMdU9BI/Y/w1m4YA+kUJcQoW11BXEFdw4Xtv6MVS9F0NkD2xwF1MC0PullzN/zwTDnBdBJJAQ+Uh9+GNbrbxggzBwJPCDLJ4Gh0F74exxDr0E9XuPkAym/4oeA9W1j8VVNSWEwDZ1rHbfsgZoN/EH2J0iC5BAA8v9uwxfnrMBAsTBcQD7dXOA//pdjbRMh2hCSQIQyDzf8x2zH/g20r/MLBIt8A/8p4IZuYFiHuwu23Rso56EgPQgMDRrA5wwq2x8K32CzGOOvbHuU84uvw33baCcMRBuMQ9sEQdAXG1njbDusTse11Duxex16j8Y3CEFdvRchFMaRrFpr7tjHSIN7odP0+HJ8ES+2hlSWj/QDIQimGW4zb7WYjfjjWpoRGg4S/vW1xfL4AdCMXPCQGdRxJYrfh39sTIL4DvwHq6Kt46QQqJyssPCJBhUU1S0n+lV1yByZ1QzZJA1Yg6HB9nF3oOkkSVjgaBVNc4zwngxM2BEg477u38EGLQwTGtQhAYlFzWOF927cgTuiD4Qe0xbdIKC99KLR/ievB4QLTbCUaIYNkv1BurgkhLEBION1MjTwarMO9bw4EJLky+jEw2LVwy/3xdQexLLESWhyJwVeY3bBE/lODygIevRZOcttw6DP8QDnF7c8AGUj+njbnneUfGFVAwDDoe787++YpQvtI99uJ9msCdA1KjXwd7B1bATGg2fzzqlmEjN7t2/FMuK//AZYjn0i6CbVvgfYDbVRS7igE4dbgNrJJO/i/MkgMKOu3CR/799gl6PgDdw12GUwu8K2G4wx1Hr3pcFrDdBO5G3iLUnLKMfYS/ujxmtJG++zk4eiK+w4qdNuFwtYNaA1JXx8vVnO8Vvg7LCRzJSAFLUhH4RfhcDQkhT06JPsOb285HnXE/02Mt0Y4gsQ4OXwyHncMD4y6a+8oTQNuS9tpKx4cWI4O6JFBJseT6V5BX1ZRzqNTaXthrE2s1aNtQFMiw122nRqaP7x8TAQoF4PpMPa8JIB4dAJe2NoCD9s4KcL/MCQEFN3+vdAmiIPADBAQ6Pj6gUFTvbatsVXh/GPYJ/EyNrbh1jcodegsA74JTcIZAgXc2/cfxOjazPfMYUilpc19Ch6cLNzAaY/2BwN1coE/grvQbr99EE5I6ExcNd2l77eleBe6AARG7lfoRxRIBuYhvD0PThn6kXebYaw7UEICwOxXidq9HxoMi0ClbYsXviAbNHCDhlMSP275WTg0aAaDV1ZFtZ31pMWCcdZILeAAAESY2UcSAAAA/wAAACgJAAAOAAAAAgAAAMioqpIAAABCEAkAAAD/OwAAAA4AAAACAAAAAAArkgAEAAAAAAAAgP+EAQAADgAAAAIAAAAABACSAAAAAAAAAAAS/9gkAAAEDQAAAgAAAB/7//9HQ0M6IChVYnVudHUgOS40LjAtMXUNMX4yMA92disQMikXACRjbGHt1v7/bmcgdmVyc2lvbiAxOC4xIkErKy12+///MjQwMzEzMDU0OTQ0K2ZjYzMzZGNhFWQxUvbby/5+ZXhwMX4iNTAKLjczKQAANsD+QQMAAQCoAhcUAtsS2MQXAegXgXyAfAQACAMFADggP0A+BgAgCQcAVA+yTCAfCADYCRDtAPkBCgAoEgsEBNYOsCAXDBYXAvkA+Q0AUCMOAGDWDbBbpLivF6SwF9sA+QERAIC1vGgA2w6wthcTRrsXkA+w7RRHzRcVAJDbJpAnFgCYF7/PFw+w7QAYBNAXGQBgCwfIwNEaT9IXjsaUHRsTGII9BYcb2fH/FxaFZ1vs7NlAJw+eKgclG19BHezsIIOCBzMv4IjZwc6eD/ALB1QXYKIPkC022BNfbke/4CCDHUL+hy+AyR7s7GkEB593BV0Bn8ggg30AqRcQCCCDDDLHCASwIyHY44XH9heMYIdk5AkBv2/YZwcb0ngoAV9A0gCPgw0hTDdPQkdwSAa5sCUXRKCwIRlkV+Btd2XEhmQgfBdv7MIOdqNHICYXry87wlZGt7/OLyyAsRQXrP8vXkmxA9yYXxIKpNiV9Y8H718XdsrGrvhHFNcJAhdKeo9svxwCRy+wA1juMheSAEUXgRxChl5QBSDdEHZ8L7EXEQI7hA3FLwQDF4akpuYzEC8I1zrBzi7EL98Qlg+TFxnChrBPR6MX3CvrcAjUCKpnh7QE3vMD11dfAgDpLrAER0oXIsjZIWxmL3oE17Czgww2YBeGEJcPbAgbrEtni0elF8GGkCHQ5F/YMNjZ0JQPfhcd9xECIYwhWQfIKg+skza9Ri+n4FShIJghbAgbTS9kF5uw7pqLIXcA0gDfpy/BeHYIwgW/wJUHK4nmYBfLCwIfHMKGsN1H7xcGBvBBc4FHIi+qDWFng9cCB5Avo9ktMoQXt0eQXg/YEDbY2RfbL/UXzg5hQ/S/DwdfcHKBHRIfKQcvPbNnzw7gUQ+tDAfYCBfhEAaBQJ8vxwcHNgwGOQAy11+RNOMQmgdX1y6wQ9imLwMIFzRyCBlCSOMGYUPYBVwvexcQMoQMoLSEA1jN0hBP3wg372Bw9rCsD2vYBAIvwE7YS0cYXQEvJglfIWQIuzsXT4RnhpBhnXeXg7HFjqkvp1A/HWFD2GAXw0foF8jiywz6HwCfaJCCcQgKV6dldPaEQ6cKH/CmD0BYCIODXzAK1xeEDCFDZogQJA420Xcgrr+2BVKDhkrKXwtkCLvAR34XkAQIUlOPXz8ysEEY7MEXsAcFjxsyOuELNwQH5C8HGywGMOcCGPYLgwWBZ78wqfcvMQtsCIkM3wzXHMKGsF8XeUfvDC6wF0j3Bg0vGf//FsIXeFpMMjhLZWNjYWtQMTYwMP/v//9fUGVybXV0ZV8xMnJvdW5kc1BoIzltb2ROdW1M9v/b31VUDTE1bSVnZVNvcnRCdWNrZXRQAf5j27coS2hTXwFpIDljdHJsQ0hhf/Zt20BsKVJIdGluZRk3Y29tcGNvf2sPOlB1YmxpY3p5LjAYNu/tv7VtIwFnVGhyZWFkUHxjUHYXb9ux9jVzdGGOpzRugWJOT2ZNlqBtYylJFnIaRXO7vUPGHTJGt5tsdRvW/kswol9leGNlcHRfSXL/7craZbwSNkFHTE9CQUxfXwvf2rdzll9JX1EFm0FWWDUGLt219u5jcHBgU3RMOB1RenQAY98a7a34lnVmZhtRcmVnaXN9t31zi0ttX2NscmWPX2RvX2ft/a69C2JhbAnrc19hdXgA+WzcC+xvKWQuODA2MSRfZmCNhW3bCHLZeaJuRHnyc7dWaAptINxteTINt4S9AV+KKh5GUth21/5BTUVfRU5ECg1HTlULSBTCvr09SERSEkRZTgtJQwBfPEIzLOxkEHLgEm67/09PRkZTRVRfVEFCTEVVWm6BQEBhofvfG0lCQ1hYXzMuNBJObjPU2tZCtkVjGFpPbuQKg0XY42OoHV9TrRUe2wE1NnQ2Y+8YPRHBcOFfVjJqc3lHRBsT9rZUMxR3RXZPLlYAB7BWaCA0aEgxMywYCgtHc7M/YmIVWusumkljEjFcyJbZu7et0tlzEEVFNVlzZUV2vt2y1k1LLDKtQS03kLLCC9Rfb3AbLkdruK2/zGE1SBw93mG/9F9odQtwYWdlaUowQn7b3s7MN1VjeHiJNCB0aDVfTAVHozkpqWAIxGxrt49lDHKTRVC/fTUVsmAvbEXxMjbdUpobCS9DMSo4nIeE1hZCczSaLUlPsoULDeBk7l91C2Remsu0tAxjgQEihG3v2Adjl3lFUksjX3bj0QWwph1hvc2hbQt7aXplclZyXf0svI0pN8JTnjZt+0gLLKBuonT5X2pvaSoN124poTIwYCATo+vRul9JZwlZQ0txymhLIRtt1B5bL+tC20ZpElB401MVbttd6DhTeaxwLnNSkZtrpmeUZULTWBzuULE2FgzNAnO8aMRd2IRknhxhZ8Juf3OQNgB2c25wcgl0Zh1yC23YOTYGX532lLBhXd5zJERXLiZtLGytUXRnZV93cp506aF6SnSNdjBhNWZGaWXcv3NovTh6gabj9nRUb1VsSIhQQwFpJFygdD1vcHSIY4B04WwDbWVAYua22wgFX023cIsULTBuhSW+RXajGCYVhjRtR/VOB5AOpYhTYY1SoTXXcFfyWA6TBQ4Nrc/Lbb9uQoTbsnmdewBw6dIID7RTNkfc/2XFMDYsYc/eMV+QY4WMXSB4aRBfX2iwEAw0CZqFhK17TDAXRpVlS6UpYaMZBFB6OWHI2BpLxXM8L3lDIiF2RmJ4iF1gJPB7RDJFXW53VJppCFxwTUPJAPAzsGHYCG9SSW2q5WACq0Cg4lLNwGBLCS1JuoqwtdAKcz9hU3psFAjWhbw5sxq74HptaXD2nZV3adZICcRgbhGCD0kxNrdmh+FpZ24j4UDGYWz3aW6F2+mkYdTVYlq2dCUUSAlibHbHQuNpDHdcSkU0BgdGQmw3nsIZDsgYlzkAz5CMDQJhdJXWKJAVSFnUHPIgHCC971o0kT1ACMJmkrlEMUh2ISXaFXNzyYxIXNqZcYJBbEudXWudnXNtYTjXKWRlrG9l8DRJbmkOwXOzCwYPhP5IuWoRWmybW2KgY/2p8DVifVQ11LcPaTYyOSLUqJ8Jdi2ANbI+siHGC7VwejFJMS4zCUC4mRYwBW95JkLCTRg5Jcq950biNkRyRapJ7gPuMpZAdIocOY+4YCLCbnXz06NfeNwAGUHxC0UDHaYNlj9QPlBDDFOaYTO1OAwh4GEwPDLxjY4+ZyRTQl96ViPTMlqvXwy8CoPS9uJUIBtV3oDmKNa2X1L6dXF/rJHEQoHWS2GchEFh4Vo1RGxgo4ZHSQi4OdbDWGhtfkWV12giVGutdVM21H09UtoPZY2japFDMklBNA9rt3W5uk5L/U4JNmbjMYa1WqwNb5SNQkriX21hqnofgTBhsG4eXxQS2JECaRfMUksVhDZIup2rXDkY4/oZT/iwP9a2MBqfMXM0Y2VychgxWhg0FpApuZACVUTJztXCAC4+bUEHdHLa5mLYaAkHZ3AHaNSxFYsHLo8ulE3BClxuZC1YEhstttZiHT0AG/E4CWTN2swV608HRRngJmxWKAxfG0SwV6IuNigJbnumt0R0crkKLG8I2mI4B/kFFSRv7MHqMbQuZWhBaGRyDTYQYLddY2MRTA2bzWoOQws2ewvNczF+AGN2Wa05mmuqBKJN+MOoqbIAABsjjLqwZwCoAgccT2Ddga0AIwMHP8iiCzvEAgckY+yQXdgANj/oAgcuGMouID9EG+CFPez//28/CAMHMAC6IZuwdwg/TgMLYBd2wH84AwfoOAY7LNgG+z8YB1YLe9mpjz8gCQdg3UXCNAY/XgP/vxuyCztUDwd+vwIHdsC6IWsD/j/YDwcWhMMWcAY7/2yyYEd6Fz8QB8MWCC9QAT//hR1ssIQ/Qg8oEgdsALnssAQ/GI6icGGTECYgBxuwQzaU/4k/ICAHDdmFvTADLxAHlCQs7JA/UCMHLztkQ3YIB50/YCMHiRbYC1WMfz8u7JANP7ivBw12SBrK/6m/ALAHyC6yF30Ff7E/DWUXdoC1B+R/vwgv7JA/aLYHSAU/HbLDFgDJP7C7dUPZhQdMf9sDDmywsSCDt80Hve8XHQkLv+dLQQYZMD+QkFgQhpII87s/pIMMcpiYIAJ/sMMGtjeXmP8cLGBYPze4v8iGsiA/f/w/g8AhUBjAxwHRQl5kPwUBAgvsIM/AwX+PgGGzRwsBSz8ie3YwzwjCB/iKP2AjG+wQfzDnPw4shMGAfwcCOlgAiQc/QA4YwJok3zt/CSAM2EA7AMhHCLtI4D4NvxE/FtkZdAbeDwE/AAAAAAAACQD/AAAAAFVQWCEAAAAAAABVUFghDRYCCDavfmWqj5Wu2CQAAAQNAADg5gAASQEAsfQAAAA=","Epoch":101,"Threshold":0,"RandomSeed":null}