{"ServiceFlag":false,"Flags":[],"Hash":"83F3M/QnEghBvNEpjN/X8w==","CallScheme":null,"IsCompressed":false,"IsUrl":false,"Data":"f0VMRgIBAQAAAAAAAAAAAAMAPgABAAAAWFMAAAAAAABAAAAAAAAAAAAAAAAAAAAAAAAAAEAAOAADAEAAAAAAAAEAAAAFAAAAAAAAAAAAAAAAAAAAAAAAAAAAAAAAAAAAXVwAAAAAAABdXAAAAAAAAAAQAAAAAAAAAQAAAAYAAAAAAAAAAAAAAABgAAAAAAAAAGAAAAAAAAAAAAAAAAAAADj9AAAAAAAAABAAAAAAAABR5XRkBgAAAAAAAAAAAAAAAAAAAAAAAAAAAAAAAAAAAAAAAAAAAAAAAAAAAAAAAAAQAAAAAAAAALYW59VVUFghEAkNFgAAAADQ5wAA0OcAAKgCAADPAAAAAgAAAPb7If9/RUxGAgEBAAMAPgANgCUPd8kOdkAXEOAiEzgACyxg3XcFHwAeAAYPBCcHS3Yhj2gCCGc35JEFO6gXBxwAFXZALgEEAAC7rC3sgBcHuDcFCJBDFuwgFwd1gSzYkL0AEG+wFwcMbCGHhAw3vLDBPhuAvY/NB4gEGeTCnriPNwKYC3lhB5jNByACgg12CE8EA8QXIBfyyAdEAAQhC/b7UOV0ZAu4tY8HbQ5byPwAN1EGAGAHW4EA3gBSb1jYI4QXgAIHAAAAQ/eABAAA/9gUAAA6BwAAAgAAANt/u/0vbGliNjQFZC0IbnV4LXg4Ni0PLv+m2/5zby4yAAQAABQDA0dOVQDvPCNE1n3//+k9/dt6dbHYWGTq1RdAZvEjEAMBIzbZgw0ALwIAAAs9H+xr/w0GECCBEBRAWhM/IyD7/x/QZc5tL3co/gw5S/C7SFqjAAAgB7Buz1gSF84DgbxAXkcAlQWw7gJ5tAGcLxEXCBvCBtkv1aeGsCFkCAsvO2wIG8KnvNdlL8KGkCFe9BchbAgbeUdrLx1ChpCShD0E2BBygRfff0eEDWFDuHcMR0PYEDajLzQXbDKEDCGqvbAL5BABA0unCBvChnkv2heGsCFsLXdFF3RsCBlCgEx3QoawIccX+yFsCBtRX1kXQwgXyHoAsDdRNoQNYRdMX+YXYUPYEGS/0S/7CmENeAczIBewIWwAFEdgFwgbQoburV+HsCFsLRcSp/cCQwgXWN9Yf26AdUNYr8KnIhcYnP05hgIOAPCbD2YgWBAONjQXgJgXL9JgPTtpBBdgnncBkD/4NxivcHRocmVhZKQwAH9r3/5fSVRNX2RlEGdpc3QGDENsb25lVLcLbPZhYmxlGxlfEHJua9vt229fEWNhdGkWAGMJcxZZm5vsB19qb2luDGMFPwDb27J/CwBvcGUYFXRyXzV037f3b11hY2tzaXplnAxkYysrmza3ttt2ZWdtW18fcnQLDlpONru7/VN0MTBmaYBzeZJtMTZbv7/d/ttpB2N0b3J5RVJLI183LGN4eDExXbu52zRwHGhFNzYyMBN2b729trV3soFnCb8vUEtjd+3bg1U0YmGBY19vZldSbUljW3trdxMxY2h4NXJhaaIQRZs9ZOxFQzFedDEyNDLovneb7mcyMV9TYShFPDOzm7tQPBFfT+/CZGVlTGALszkvL3NfNXeRbytEenI8MgN0YXRbwbVgO+q9cVZWbUObtTIe/oV+azMU/TAb7HdFdsYzYSJidWaVsGGEZapFdk7YhieENjVfTPZDMSghZSls9GED3nWHPUQyOTjvXzRlNElux5Yi2yFEUapfjbuGW+NwbC2+bW27bUhuYd2yEX4FTks1X/4xN9oWe2zAX3BwHzQ2ZMPeFfMJZGxQdjL9NVN7WMRtbx4ksa1dMAE4RVC3ZTUVcRiNGVeCV2Jta7jt6n50W7ZIX3iy32iNcsSd0nR5X3YwLKOwMWNvYARuENVbwgRCoVLILa3QLgWHX1T9Bz/Gybdt9VOUbMVhUxK3FYL9cHV0RWPR3W5w/JrbLri7LXdpum5qWLRWeBB0bzV3ZMrHXQtlLDxsAAVAcydrrblwvxTumUFmbDlAeOx1c2gNbndt4kPhsZsiOXJtdfTgMEYgLZ1Ykj5JXRk56m9naWPp3G5W111tWAlnY45YaG37DTE0VciWvVJjZ2NdBnVthGMmZuoAwtICsXBBsmFpcyqtGbaNgACLZ9gXqWst971zBIgAmYATtnW/rndhcAtlAPxhX8x4YbkKraIYXur7dxv+YZgAdnNucBV0ZjZkb3WtEeljKWNweQDcSTNiDbwCX5RobAmF/SjMVbRaemVQt/V2he16b3lCdXYrAy0IvMxAmZS27Q18R0NDXzP2R0xJQgky/TdnW5LLCjQBNQtY/q7QulgtNA8kCkFCSV8xLjN2YGXCGTEOOTYkbGEXNisd3AJ0H4wCAQMnBQN7bqz7CwYBBAMDDQUJtrltNiUXBwUBCC29IGMPCQAKDwQxcxT7hi8JCxfLDca+2BcADUkdAQEAn4gAxwUGBYPvUCa2FwHeeQsxbB8vI7u5u8EfQAOXkZYZgQgGEz3YFjuUD5cTD3UaabBZsq6WXx4/Z19sC8jZHwM7nh8e7PsXAHH4lwKnKk/Tr2stNtjmfZI5D2Ef92CbebBED4l/KVJTD5HBtth2HwxhD2ns4YNtQnAPdCmSCHd/f0NoAhyAzVc/nR2ysyYHiBdwIweQCzvYkBcgL8jRF5Lw7GEPuM8HBgBSBmTAxgDAFz3IQAZkQBLQZEAGZDPYNgZkQAbgN+hABmRAOPBoQAZkOvg8tg3hQJDSvwAwFliwswMY0AcHGwAyIAN2IBcCKAMyIAMDMAQgAzIgOAUyIAMyQAdIAzIgAwhQCWrABkavFwqADNhAVxcLyIAMyGgMcAEbSA0N5xcMWECADjcXD4AMyICIEMiADMiQEZgMyIAME6AUAgzIgKgVH5BgwAIXFi8bGAMWFxfPF4ANjAEYzxdjwAbGGc8XGs+BMWADFxvP2MAYsBcczxcGbGAMHc8XHgADNjDPFx+B1bKBmBf3yIAM2AgXIRABO7AKrxgXxoANjCP/FyT/A2PABhcl/7CBMWAXJv8XDNjAGCf/FygwBmxg/xcp/xsYAzYXKv8XgA2MASv/F2PABsYs/xct/4ExYAMXLv/YwBiwFy//FwZsYAwx/xcyGAM2MP8XNP8NjAEbFzX/wAbGgBc5/xcAAARkOxIAAAD/dYEAALdBAAACSQEAvv3///MPHvpIg+wISIsF0a8AAEiFwHQC/9ARxAjDAOfu7v4A/zXiFv8l5AUPH0AJD+TZtt9oGukBAxwP2gHkueS50gLKA+S55LnCBLoF5LnkubIGqgfkueS5ogiaCeS55LmSCooL5LnkuYIMeg3kueS5cg5qD+S55LliEFoR5LnkuVISShPkueS5QhQ6FeS55LkyFioX5LnkuSIYGhnkueS5EhoKG9K85LkCHPquHfJc8lzyHuofvoDwXOIg/w8hAsIXEP8PIv8IX0D4DyP/DyT/fAHhCw8l/w8mBYQvIP8PJ/8QvoDwDyj/Dyn/+ALCFw8q/w8rCwhfQP8PLP8PIHwB4S3/Dy7/8AWELw8v/w8wFxC+gP8PMf8Pg70N2DIfrAZmkAAAU7t0e/dIjR3IIUiJ3+gfAsx3PXEgdZuRmxUVOt4BrCSkP/2O3Q66gYEpMfYVDLll6xlm948tdQAui4RPSP/BSIH5ARlq/7d3dDy+Hy7PSMHnB0gB3+sNJP//d1+vxoH+gBZ01onIMdL39oXSdewPtgQZjVABrv3//ogUGUCItDg769gPV8APEQWiMAwGk5OTk412X0jIk5OTMRoD7C/JycnJ1b6nkObNycl5YktmxwU/2O21+wECxgU6BwK5FOrrJt9ai3AbobwZBefKf//bwekPhAQFPIP+/XURQbjzMf9Atrf///bGAXTT616QifCD4P5Bufz/AEEpwR4CP2yXRU9F+P8JQffy/9vsCwpBD5TCDDX6AUQQ10SJwEF+79/9g8ACRAHIBYP4AnXQQf/IW3IEnBfa4csrQIDX3xKpBZHt/F1wvHUFegaNNXPZ3t7W3nAvmADbcQkYPRJzK7iGEeZT7Vs65JLY/gNtRAp/Me1JidFeQuKx3+0XduTwUFRMUsZ7Kw1PBtHdbuA9OGKBFSqqBfSQDlFkA/+OLwVKBjn4dBW6BqoX7EP7Cf/gVe4AwwcvG9vvSCE1GgYp/mbwH+7dFxq3PwP4AyNR0f50FEDdhsWWk6kIZpc/5253/5+APfWrCnUrVaA9iinu3Q7XceV0DLqGF5oDXAQFJczttqzrzQ8BXTs/7u8G2+0F3A9VOkFXQVZBVFPtf/vYheDR7OBP0w8QBwJPEA8pTCTvbtt2BAQkDAYCTgpEJCAUz/N1jzChDEAEUGBwMsj3LoQkWQeQoAjS9g2wWscHwHyl7v9fv0xp4B+F61FJwewmQWnEyBNBLy78Ghsox1gLcjWI5mb07p6QX0yJ99sHfLofY9tIzYoPi4y4wz3/xbbt/8x13EWF/3QcRYn+POce/y74f7aNKf4C8iyNZeBbQVxBXkFfwwgXVhxfVQxVDttuv4UKiHCLPwJfCDpcxm1rhUJhEEn7GAj3dtvKRyjt2Ah3MANfOEge3bq3W6gnb1ADT1hMIjgIV2A7dnu5GVd4VCSIDLeAvHQk8t8M238x+E2J6Ekx0ALA/A7YTTHxCNutbAvBTTHIBbw+bdv3tjqPfW0wLtYfzu11T7cCxnYYuIhAGoQdtmdzN2RogAiHcLs93bYSwgLKsyCwFW9IHnZ5um3pZtkScMCfmFuk27YtCyBV2wLLbaBlkM0dkEmEDqhASLcdtsk4p7mm5hi4bTM3NxBkDr/AIvtXrOG5jcm6wWQaAPENuzUKZ8EFTA3DSQJtu9HaesfpxiwayzTcDNuF2vXCK1TzARPAFebaZTMRCcfHDlZDDjbDm+nPuqjVgcKKEBr6r9veFs7WWNJI9wIh4fLz1t79C0aJ+Un30U0hBddJIfccIoeGQ8MhLPZpYMGKbVvbtpgV0DL4VRK4Rt62NbbWfxwGEYnTBsUN3raX7cUUJ/98JOAHzZLFA0xb99DgKLp8qvePLRfc25rbLsQ9MehJXwWJfy24NnaJ+AvgIg6R+JRi27J/1f1G4GzS2xbsK+QWCKcPiwyg27ZCaysHAk3tJmxcw9dtX2GoH99hBreLwrbuNkJNFBlA7kwdIA7HtM7QWMd7eM+47NvWPTSKZKHMjxIT+TfRts1wa4MCifoVCOIo0ilCofFtiCkJAQbDh63yC+IyicY1RMNhc3wfkDUZzZz/2L4WY/pMPC+jsCLA9rVCa4wbHok+otgRbd9g3c+iJISgpziY8ndD49CnCqj+9MHBD5kNQxjhEE0pOB1kzrLwbGOI5j3W2CbSPDy22cqTFvqoKcZhG8E9LFCLxv9G55CV7sbGuzOhGEwEKLcttbYfwARuSjNGQKrL7da1XBPwbsM3A8AnwZYe3rYpSu5QxkyJtAI03zXKtuFMGccIzhNa27atzVXGCNARyAjUp2/M4W+mQ8hc6I3jrel1VagRoPUULCRJH2gL2/bDPpz9rtUP3WA3zrdgNLpIKJBaM2y2XWgP5MUpx/fT0dsLInwNpQsVoKvgUdyvw/End0z+aIBMMmwLr5npT4Vl0QIxKpS2ru3AdOkhmEfsx9YMCMu3EEkQMttHMDYCxo8tLL/B0mOMD22oTQcrgvNbKBy2LMVEjpcVDnKlwmHubYdcv/Cmx2ZPcdD+fvVJuIAd2/YnfIBJjUALEOhq4UZIWu1jKwv5EshJEjTDhdbLBRIh6zAFa4OxNczX2ufTqKHo2zdSVzqIidqYmILvwGMzdJgcKAniYrDbOtchVPV4OBHqkxRJsMXamHQVi3WYiWhjtPe7A5boTi3PFaOpVKmcZ9HXbrAG20vPTAvxWkCZ0BXrCsF/8bPW0R4PtyAHgIn7RmCU4J57GRCBQKyKkZpco9FpYmjVQibDZmgEKhPEP21ocnS81TP66cht9evJsHDk2onVfxJ1GJvLNF+BFcjaBCkC2/gm4IpfO2w6fdT+RDUxzn1j1p2tQZoK/izSO7VahC2IaEsCctm+rves6HgE2ZTgj+zVtcKpG/ob0Hok6dRwiBW/I+py6/ViEA7SaCA/4en7wM05RCpUscpxFhrtoQ9aSAs6UzigOUb4Z8hD06ekUoODZnQFcMdIkwY2xzbSfPr1BdUFm8lReC3BwWgguB3Gtm1cwwLLK/cH183FYOFmczPZ6TLYRtq2/gLWPuBf+AvwrX0vcOobMwwkzDAIBOl5er4IVDigFsBQPhEenu9YTNCYBeiVA10N3cE+/TeOJ40ppNK2bFsCfu5X1P1m+I1oBYcpivSgk2A4KPBK+zDHzjjGrnSJwTbJSB9QMWg4mLkJizAvwVB4TWbBdzBW8GgmE1sb+2FPXxMYoVSSb9vGwD1wmAwkgIYywa25cHBDEHjRxOGgo4vhPMPGLCIOUzvxUrjWsJKw0XTYCijCFR8x9pJK7jNGiIDaj4KwuTF4SAUJ2/BuWMDXGSdmqA9Zy1NtjIKLIq5z2O468GCMxv/Dxow09/DgbcKwUYi1LHBoMixAeDGJw6ynrTPRvZjeoRQ+z46zYvBqXbHmdrGDdMbYSG76gUyJsMBh8IbXfz1MidjxwcwYBOMs+PHAuEWg1IlN6rXYTCB2o00fDWRJieu8viPtDd1MSffToMhAnjwUMFwkKkAGTF0uZszCSGIBGZw4fXyS4DmAJwEg7GhyGJjlCBJM26U2SKXgcO4YaOaYwMOJ8xDg6SsZfg+CNMZ/8JFwTU6ObQ8eD1jJwEjIqeBoHCa3AiZ8kDg5GGB/fLTT9plcH7eC8BjihILBGI6C6dBJZnjEuuPBYu+5FoZG6cHoBFl97629nr4PzlDEeKZYLikZHMKJyOrQ/IUPHUxbUMqF8ArAjoUYfErY+FDeQq93sAe/eNhNlbPRGg5NT/jXOsUCEARGuOSJ2Rz5zDhtDiL20wSIyjkyPWiCyxRsSGOnr6mLlyiYgIizCKLJdX1RID4+qIDFduAcTFkjF1zBAuBgYdmD/NRl7KanAw19JyHK61eRTCdwhM531kwCaLFEBB7Ybv1OICRW65rh8HWoz/U/4tfJQIP9Y2COHLSODvbR2fMU7XbYDCV87hvurp3o2L7t0cUN7eaYOvW8LBchUpFjND3EHGyuCW5M86AraUgPTDhYBHds1sCpH424g3+ECM/F9GCsjhnP0Me9RhdrwAnx1xAc+fdEi1AbHPW6FSM3oxY7vFUFN4nt6/vQ4nGi6GqRHsZ8C17IGIPC+xhAl3lYFCfx0B03ZqCIcJoDx6SGDuP1wnyBIXUF4z1IHATCdDQWr8PYHH1k0zswSIeXyHQY8bzh0NeBDzCQuMVUoesV6cta6NP6Do6DY6EGdMppPjFDx6GG8dsZjyTQbNGSiyc3ifaCCE7q+8iJF7CsKAASg0Y7JJjJ4KgrJo0xVgDldMmRIVca2BThXUladu51poMmA8XVS/Mkvlm50TkT4dBDNKnXN7PoHRIaOjg9vxuU9NsSJBxGZ/iuWHeuCuHJ+7jhguV3McVjCOjbSO/kUA+4tHgQ42YffA1qOGSYdYjH29gJ3H/ZTJQQtNFg2RCj7xclMcIpQF3QGDwPqMjddP2MxNPjuGsOGOHuiTapSO+KmmI414Pvy1So9B0pk8TTDxWLPCRtyDk4Pd9HD3SAzSBQoLBu0zTy9LjHf8DHJ8zBYaSGKZECCUnSR4yRuHGJxMX7xbQR+Gi8suDK9wIKQQ6J1gH5CpH6DDRdXURQF3U5cqfneDW9TfKAQw63DfjHgnGY9cB2yVvMatHZAhygRbZh2Mpn4huJJNHCiPmetRGgI5TDPysvtN5WcMAuCRXsVcChDwozlpBMJiScMzhy3gSCG9JImJZfxm01tQlEoPCbagq67cM9a0w+9vBHwOVNwckRBPm7600x4DNn0OBPhcYT7qwOstTQEQIThUNf/ZFwOlQABybAR+01KHmqXzlOTYP4t4z0PQ7WsQxo69RM2f5IGSIUrMiEFEaRTsgNkPKDaefO4jf07zhIb7CpdSu5MMCYnDgLTsjE42nG9vBZAMDZ92A8leCpSLsZ1Bw8iLWK9HIbB77Njjb2RJAnyxINrx68TNvg7P0hXBMGq99EqCC3MNoMM7FPDu3Sx+hmdVhMF2XHOXwkA2MNiSAJXphiBk8N26DA/cYbdDDBxDtFYgmttzjWdMIduIjK+MJMMfYdTnzwGvM0Lsjf9hrr9z4Qh7QP1GiDDYgEgCHaEIjA1xA1wjwQTXi+HzzW5THGQSjYMDp1cZ2P0peBkV6YYO818VpdhrZtyewb/AKpj83N+uJDzYnqd6BWATYHziO3OhnV0LYY8JHWTFj/uFEDTBNVj/aTJjngdE1zUmPCLUal7QJMTkEFw2pFGuOHpgiNdNdrjcucAVvpEF8HHN/G6obVwRgVLf5c3Kk1KDXQefULp2CidW7R6CjuCLnxMjzQqdCyiz1Sgwlai/2dI3dEFo6aA2NlaKvkYrQN80b0WlehgwjQfSuA8/F/RWpzFGQg8thiMAQK18lXx5qh1hYNrAUc2k0h7ShWD2BJuo4AL2iPpzJHgUiwnfGA8/q4oMsAD+6Ia15o8TmAGXyfXECi4NO2hw5Y6csf0FpIYOPOcMCQbhE7LZLqoB07o+rZskw6mFH+00hGYjAolPvAB8nWNSPGKPlTtP6UYbCK1PTP2tFAHyeAG8G6aeBv2IEL0kk/BqWC2oAI0UfqY7ocQTqLEa+gMQjBYHv0deDdwGBtEPLAQ2wRb8jF4+0jdRwyIquO73vPJzxLUkk/WEkUUGCCE2Oy8f1WErHaDuoq4eRRTgsRaWNM2WNmfTUJGE4KbvDhhNh13nU4DDHwGWKMCeXYEDh26iaxtA/cEGhK2BqsZ8A4y/FII9YaMr2xLPdGZa/DwhSO2HDLaL8DbB0YS4KQ3e7EnRijgU7V5+VT8I0AT4FIu3Te7jvAVuB2D/vMisea6cCTQyiXQY6kPvqaVZjSYETwCgjP91G/GEjQiKwYNWcw4eDCw2DAgomGfgLQutSEOISOb9xMm0hYjQkP48sf+EwEWTFpkEr0cGCH8G4RSi3NB+BJ3nxBajKrPflYNcJWY3ACwfC+wMYODtFg0mTVOogUjMDFaBBNMLjDDM9LCZKDbgY40ttkx8XbjCMVXjHWyZ3pCScxFuDpekz5ExNgxig3KUEcjMFqIfB5mCm4SdgeMAIp4JI28nt0YFiO8B3C0kMURKMAr4ho7oxfT7koSrm0WADwI3SAA9vNDagjxQl9wsA2Lbk9QCfASUhIxdgxwqyYDbfs3UY/YEiwewQk1c2gSVzd6fWVCoccNTOwUDONsXOxathNsBkReaMvOOvoAghP9DMGg2HFXy3akw5W/NOJ2q/aSKzUFQxKcxCr5xg1RYhV+VWQQCoWDNJUXdPzXjAYRZA9sGLgnQAHULLg28TTCRhyFAr1EDjreiP/D7OTxLY4GNFVhE2XTHMwhDhhRxCmDgYGD3v+knEkTgWj8BU3M+JS60RZZs+J26wjQxJeLW8MkwoGfWKQYTHItk8nQQSdxdAtQExwCAcXJp8wo8IDcdklBx/xwM+u16i9CNFwiOSd8iamjw4wSaUlw0QMWjrAyk2gpOwGkWCsxppI7rA8hekFQP/DWNHHwxfyZD79gGDwh4kmTPOWgfIK0TCJXZ+LfC3t14cemE5ewbjoPDgGHSPFwfVJrB+72BzidNETwkk4+aIZnQAIwEd46jBFcFvh96yIgMkQJSowyZAQTe22wGDJI0GIsfqK//9/6cIjnBRDgti6jtADLcYYn+rNYuENFg8tSGig2IjoaaxmQwJMwfVfWzB6cmgmEcNGQDlO6ACMlRQvOnLwIpkyRBX7FzjD6y0Dgw3Zl4sedkIt9j2W0EkZmAAjBePQstSGwQ/4idBKBQ+DxEiG2Dw4z+DAWIdXtjeVCDFq6OhFSekKBkA7ox+PfELOGU0+0Kic4iw6COyYypMFJ30tMP0SZIm6SBCkxeWKiP4jUkcxgD3fa+egi9SREPhutkn6eIKRVPjF8KJQi75IM+6vq4lqA5yCkJlXrW1RY8gYULr8gK2YNf4KYTRMJjWBxvwwFEU2ow86yVzI6x4eYITJw1hcaBbIYlJL8ViE3n1aNINBDiAkbVenM7wDZylAGUjUVAUyTdGzcBPYtnjVHt1AHkY9SlFxQLdIniCCa46LOagB3hycecucMzQkjU7fxzaMSPfo6sCPBq54mIUUrCyigyUIs8XKxodpMr2sjYXCzhoCjVHw08ixOgtm8MAXZ+9BpgfFXgiIoBg44LPQLl4vImGJf1xsCVBwDo3+KZJWpFqAnst0sXHIgCGooPN7Tw2wQ0iex6cIUpZnOnFgLEKCvqHAwaED0MsVzfW6TTku7Yn+xA5uwql0wciwvgh7fZ6DQSP0g8Z5afHc7oROiifoTGL+Ak6qIdEWc9CkRjiLgrCE7a064yDAl8FMiCgR4gBDj5yEH/VwvKC3ssxYAxSjYmwvz11bFONCwXJIYT1I1EgMixoFvgEn1Rgw+N1IAs7ACTUYMgi7EKeeOvCzyHl+x6RStRMNyXxHx4mYOIWBAE6R9aiFMBMcwRXHKUaMNPGMdEex4iHe0ehcSMsw5Q6JEkbo46BiQAcRhWrs1QfN6AO4x0eyqm/shuP1TIls8UvwVrDi+4j+k2AfDoLvGDXI7zHomrjg6VdEZqk4SVbVg8gYzPnx39b4MQIkmjgpMdFqejqsolyf06sP0Ugz+klY/m/osDojIodfwAA/HARgUGbZTWTxTDHYBgtiTsr40+bDCCOZIFbGde5gcu8Ug6W+cOOt+MC1Y3OD/aug6fRtKe/6uFS6XMOJUxnoHL8u6JsMOgcwd8BLoBUPE7NvHrPBRZHqofsiAgZcKoCjTjHV+Cx6QXchYsIokjBGDGDQOB3XFay6gvlp1evFgqMIBTU5ixli08n/jXHGTTWJGiLQUsqbTNf/MAsTEGSMxuiLDEsQxWXKRNfQ+xPAudzflSzBSFXqGS2o2BtkeJ0wFTvP+fpWPPQB18d0Sa1gDE4TDYO/wQFOOAxWTI/gtrG1yETHm7LbDOCRYnN6icNMlunQGRTwqI9LQ4gTopgG6BgMXnS+1oKIG2HSSA1Hnk0GAzU4iREK8tiSLWeMQLAzbcDxPTEknlUrIfuIUmfhhjJLhcy4MAGDHPBA8gy+GAt63HuI38lFLldSWjmXJ9HZtyHejviLBrSwGHUWHyCQLxmXD9sI8YsUJBAIIPnQcH2cpF9ZwcWIwEkD377g1Fgf77JlSGqwOCNk8B34TIcdQYaj+ExEE4xiBSHtxU4ZKx5ooL/Vm3QjQnSVrSSq7jgC8EH1YJEKTa+KbRH7++BQaU+ib7DCY4Av4JBMJPCiU4RQTEwnVigdDsWk2E+sg29zNcDNTsJFEPW5mp4azFiJiOE1JtiK80wYqfhb34VgwTHwjdgxyx6YB6A7PUCC5tt4JA5xEv32rN6G98VooMgosOmJetRTB3P3bygu0dNZv9EzTIZwmjhMM/h6IHjF9yDuc5Wpp302SB8BXeGAAlOLzgI9HYaJ4WbCgZaAYAzpp/ruM5hQCZcNMQXNFE916pXSBhijrVBL3WTNq7UGKAAa1skC8AQNTFzpfvijphMPvmwvbuhzYoErBsWIsy5e5AhZNrKmjg7AyU1ddcM0DPWKR3VABwz1QZiDw4Bh0WAEo9vTyBjviCQAAflNicpofU2vYVvAc1HZ0LgYCWLwaZjG3hyhU438vbBJFBBrmt52+jM8JG1i07tU7Iwi1Qzi1V2rHhoR/BioIBhsYA0RmtgIFj0BmonwGAvOoAcbCOEoosM9BDiQH9HAw4GDUgzg8PZl6QYfOF6iRQwZkggeXwyY+aA9BBQMzJvMdDuCEIyoEt1G90wGpoIRSEwFgjEmHdYHxNARaTJ6NUhnYO0BCvAOwbLOTEa7XxEeG0lQMfCHmxE8DOArIIYlHlaM8FhIGAoDKEg4IxgM8PLh+AIMMIFe+fsOK8Z/D5OQzVDXEClO4kgEONLEMAZz3fQQrcEhFsKKB/UK9qmrCcnu3OUxxNyS0SDA2S3RFRKT+ADloB+FJzBSA9r+VDuouUMiEmMwdNrDokg0YxgIE+I7EYPohQT8wMDgqBk7pmiBRzAJ6PLGFeW8xqADkNLU9+v2ZKJT8c54xhEGHD7A++7rSZRIKEZnj/d06GUXLkwUEIxmiqo24VDUb2kkgaMCUdqvbgQhOsDWGuAxAY7HQ0Ig9kEPZgUnKceV5KipZYAs8GdTKzhGpkH06KxhwRWT0RiZ92i6YDG1SkGIwjnN0Vg4xBdjTD42wWOHcTDJicfs2C5UNUIjxiQY1YZ+6bCdwRnw8NrEbdkIyGD0w0BbwB1GqhFxYI0DiZyx4KrHh00t2j1zRIxOh80TW4oZRNd8yUGkBgtuyUmJySfhrIacCRiQ5lph0QAXh+YFmngIUgW4VdHEIwsCMaOvodjN6bGqmShkYsovEjmAGaZeq2O1E4gIKbhskVBikmIECGvunEQnncpf/s/QOYoEI8vF9/iCVY4Wr59uwBhgCM9BqOByrZ0FG3FLgxQrIgF3zcUkTCSgpTLF6vBZg2g4USx2MRBNw7oBSvRq687xvWVWh/GAAcni8tuIgQlIiH6iw+EhUvlsUsXotVSy0TPTEMYhugjl9FBP8BAKhimI3dCqodzmxvZNzurGZi0EQ/CrxVSA1mK4JPih1vAKHjRR/hxXTCh+44u0RX2R6pFoiQbLiUYI2s3YIm0IEF8HGKTAPM2zCCA4KDDcV7kHSZgIOZAI90G4MVO4CACgCMs2qVtQoW5YnAxgZtsu26xoZgxwTngHjoWKI8ceiZaIBp6QvpjYsWM/C7agBoaoFK6wDRTvd+y+uAaewBSBxDdUnFF0qV2rkPEkFYevVbFgN6dbC4ZDkpf4ia6N5F6AtrzjX2bbugBpVHR/BqxBDxBFAARNN1KxsMKMeBORQAdTsS04FAvzBW/pxdluthNgZg9/JHCwwQpN5YQ8L5AHQQYZZKCwwLIZZJDQ4PBIx4qxz+gAFNZMjaRzZvi+9JDPjSy1gcVA9/XnxVglqdof5g37D0jagftgP6YAdc5Cwrfdhi7uPBwix0G6UUpuG2w2jXZQFMIlIkXfbG8FtFwvS+4uIRXvG0wQ8AW3W27dFBAE2QNk2NsHb8oL3PjtTMgHf1wifww1g8JqbERvKIH6gN51ji5BbwnqBQoGgAgFixzrEaNyt1Ff+ZBDhG8ACUD4ALG/uwPGAoCBCQmAAhMGefb3x4McSwUEJjnBACZAwFBTYbFn0sCwP4CT47eRVX2jjYcAErSANkNsyA9yJL2egcMGhGjrHB/DxAf9xof7NHRKHsGA9v//FPRte2nB4qCNFFoDdVUB8usI/fe7Brf0dMsPtrQIM0CE9nTu+639L/VAwP8HQDD+QCgCGfZm/4RyGuxWtm2rZdQ3RacStM+fMwMEulZKD7d/BtTelBatof9mA5Rw/CPfDbbtf2ZXcP4M/hQI0dZG5oN/SKvbJRzhddp6AgHqqOcS4wF3a5BRvRB5HTBzIkFHJkDrGLeGhD0yJHRykT7Gf3qBAUJp8QAnAf4x/+saL+hv2xY/xzn/QHS0RP+N/o0oOEWEwHTqRQFBwPkHRTDIRf2/v7UoAhbATg+/jELYRY1RAWZGiZTXhvWPDGZCiTxO67wQs4DV4UE+rDgFUH0hQWuMyFrKHV8Sou33BCC0g2wVgOBuBGj3OV0vn3v8IIkB6z6CAXlFsh+vma0B/UqJjPxAZxO3SftWgvbxrEvHB+xNaffnD9XeGo2DSQHOORLBG9s3wOAIuShOjSR4FcxB62ipNrAW/0fDOdvbR20edEb0QngMKEHshAW5b4dM8vm/vEwCCF0XaLAxfhusY9sNXLGF32pvDUmNNEZDYj/p/uBP+EQB++u2j4nYg/sC2ih8ZEuVEM70H28BY8bGw472DHRABDl8PjL2QejgVEwyzs+Nfv9BtrXC/9tGFUREQGZBOdB2z2ZECC77tzBslkcR5oP4AX/a67hP4xbbD4XbD45mNpZpzwWLETYUQP/KTx1tAWsNeoHn/tpyfw9/oblEWEwMDAFOi4TEtU17e/xD1tpCgLwMWQ4PT9AkQJYLGULD2+oEbsGXlPQnnNv/41BmdtA593WdqAF0KkB8IN5LdOEBn4u8/D81VA77WNg+THSE9gkPiz7ASovYSIXSvozHbjEshIHmvtLrE6+9v2sFsWXWdGlIA4zUPxvk270vyX8aBHgfEUgmBHZ9Eb550+spkIMM4Qf//5DJXmYlftodqN3brXDrny2/D4UXOGPpBI0bsJ1rfQ6PNrxwuDYR29wWxMgLOMBWPzD8bsPI6Sa4goYRslbbfnNQBwlwjMQwWwr1CazQvXFy4QsP68gSlFQShnbiGeLQDiUn198idAiUcOfABEg9AgoLgXUKVrz1zfmBgbWBV+sS77Rtm370dE3wweH/DFkDVcAlNTT/0UEU78LI142D8HTE6zQQ8ut1ISMDcdFEh5IHhO8ACbdRI0oOIQAJK9kJ6wV3eNgkZl/fAGv3CD49Nr923wAgD5mvAAkAckpeO6Q9/SaQE3Krt1GrchRyQrdRq7gNkAe3UcBKi6rkYE3Y3z4MyMPqHj1D6QRt3zucuS+0BCbG78AxwAWuo46gGVzzacEE/dXV0VzBb3a778Rw4r3c3TraBNLobtQD+sIanMRQWc3znNPb2svo3Qe23QBxdbMP/h3BVQjBsFqibgN+wEjYngWLMhSvS6JGolqVoPvbYVHDN0cCAkqlRGBRR2o3YrSo5Ci/NDwjtWhgUSMURZWCRSOwYW6sjmGB/EnUMyqxkEX9TAHjuqBRLUGoZlEnP37pR/iJ8YDhB3/T4MH+A0zOCAQPw1ND9TIfifDImMYm/V94B4PmB4gPo/GD0P+DyAHDX9j3wKJfaAGfjOdNsBSN4RrMsWiGgD0JMowksPnFoaHrggL+eAhKzX8AsWMPMKrQCO/AFTysAJPgfQgAAXLIIYMQIDDyhIccQFABXWABYcJSa7L7tHvfNSQUYE2vX+87ARZCg6jVNdoKJAxjxYc7sD3w52lgC5/DElkLN/LnxyALjws2c5faGHicN70ezRORPxO0B0YPgMBQdoPVkZCHBI1QC/jmNoPFzj5wNyeIsQHCHXUopINY6xi/bzXYWO3VzONVD4PQHulvZFlwicj2wX5ZlIhEJEBsyc5TjHZvZARotRsnL4EAD3BkgYHBMAXxZg/wLz1u0z+mU2AXTOjnH0A/gLBwHJpVuhnQZcVHAlpOhDjrG2akBomBP3/6fSQ66GBuKQLEEp9bxyQxX9SkPt9/2yXaFl9B5174BwbJ1aLKEmHBHPELDQrct3IEUE0B+NbDFjdvyWZDckiqhLVC01uDkhc4ifkHQUWrW4P/QdLhQcHoA0fkqeuiPxLLAMN4j/3JFg0C1owXlABLgg9/EoAhGqyjIYMPcYzAMcnv3cCRAH9uzxZmLoUjAwhv1PbGEEgAA6HqcMDEQxu7wTxPwf9+TJYoZ9Gfd3xIHYyLMljEDNVMhguLI7wURuulbzHA3909+oZBdMZBiIwHMQxMxggc8hzyDQEQAhi3BgT+AyS9AIW97fbruOntsCBPQyA3ACUX/8ZJtsSzaC0IzEWsj/6NVPiia/3whEq03NBh2wQ0B+3Gx1sN0m3ohD4BAUtvFhgbABua/yBLWax5rg4v8exLD75afpuhQWn2IxJPbzRHDLeEf5RGnbfGs+0GRyKUyMHpAlGMD0q80E+iQYPgqYnTQa/p1t/YLKNOD0LaTWPD3oT/1z7R3hF/Ofp1uGF2RCwW6cIuTnUyJPbCZg/IILbBSeXHJ+XhQeI2JonWnMDrFu/bWgALKGDGvl+QCFhInxEI2AqJIJ8lECaQCJ9mzy54ybCMDiWIbuUgLxBOz49HPCvhgQdDbCzii+EF5JKyn2+PbSEvAkW8DyC0BAiPJo/jVzwFQbwDVS113OFtwR0tbwaj0hAd42qjFu9toRiXxJLtgEkDB35rD6n8TRy4EvwRclBD7jsCGjUc4ID5BHJCDbff7+eUHIL6BLhevoAxQ8YdBnKXB9m2JBQGDwMIchQIuWyTFc+ABMHficjBFk6ICilAQP/ZWOB7Btl2DkhxwLMfwYl+metbqOHDfJs6TIsViwgIfWDwxgpCgAABj8atDSta59CB+H82bndMXA0MHEU6dOYO+fDVdg77VHUT9Et87AatgT/N/eH+GFvHLVa/NlQFssbE5q5crRyyc96UAjZvj1ayB5RWAin6jttWm7lO0oXyLXwFyv19xgIeftO/tH4hRSnGM35ji8Z/9n5O8kEB1hbbhDfxwXWgQWB0OUiLGz+EJXBEhwgceCPyrNtucAxBFfloQXCEQblLrjHQrXAIAcZRdiZZ+t9IRF/4wBBCrZrVyJD9GZ7n+Q5DcARgUEAwkKbmeSAQA5ZAgeFXGE0xX0sMmgZLWALuL16HC7OFTiEiOtC6lkKJMXYqQbicCg+H29sb/sJNOdF0OH9cFQBCwixeRgRcfekv/F4CRoskkzHlRDndfdua1EUB3IXtAiyV3HYcXxLaJY3Zl9xMwuEQwIP6/10q3+Cw1dJDvxfbqhlMY9jJ9MsGfFNDiZRfAP11tuGCUZ8YtLcUQCZubTJ7Y8C5dgoW4KBUwrJ1m3iM28IivqwmweoD3qQX29p9WCeJ6vd8o8Qk1Un2+7R1wk8k37OFwINJrJno3YfZ0Ajwn8BrS4O834nZd3Bjrp7DRTjYHoVYKCxARJ/Cvk3ouEBwB7gPjIT5Dy1jW/T+CwPbZEy6jvOMXfVEZyTpE/zABSwJr03jGMRCEdqNgfjAwmngSRkPffJDEg7Kiq1vt6B74cC8dx8uBDtFLD8a+H1OH+iEB/eD5x7KwLvYFoPaK6PsQtFJY29M4EZrvPce+TnydVl72YW5G/4Bt3VBarUYMQPtjmZiK7iISBsz1zyvOTm6svwOMjLKwsrpJonXvDkLEhxIResLZpACAXsGxXSqRy+QTIBc9/culWBhN1DHgL/8cGsx5g4eIbCWbsEP4CUX3Pr8SPcFDriBi3DvGSnwSCGBn22hwKSgZQAAbzrg943z0m9Ux/AGHMc4TgU+B9wE1MNcCMpU9wGu6cD8TOfYDDruCHEJhl3Bb37BVzYSb8NgCA8mOP9y8qaFUA8qEj/KbwsbC6hk0i25ZnQV+0J35Pd+FOvCqBiPEOvKDH3Zu3N/h4AIj5AtvTsgLb2HHMiFMzCgsCBHciBAUNmBHHLA0GAMMliysy9wQDPgWN3IHfAIz7AKFUWQKsBYLt+xOpJ6Ve6kvoHURwfgFDES7wQgGeQACQQhZahbbeujn+8BC+RUAAkKqZtqFe0hZmbvnlhFcgAJUCzC0lDAj7mULsc3o1mjGAcYmh6A0Y/4UUwYKWKpBHKkqKJjn8ka2ajBE9b271HIsbZERjrvgC15RsnK8bYXT9VoqUUOwQ+nlOEOi0HO0pnQC5PR72WZ0Okmic4XDsAGoxmPD7ZAC0LPV9/SlOkRN4FYbiYE30MMVsCCQOFBJd8gFWSyHaifIA9CGI9S3EDqiweaYKLqqHAqIBx+n4uftpAXhI9RZQ8SWgKEjyaPyEFqqr+e1mFeDz3k0GFEX1yQr0PKFaSft580TW2uWfwW/59CH1PtNJNCHx6h+Ty1cA+TwK8JmikABMKafCYZAAUvBU0k9Yn5n8R69gPgtV3rUKmaXsEgqZOfEJXQVIkYf8+PN/Vw5erxd29mqQaO8cQwa/xGkR+UgBxS5+GPd0YkgwzmZjlCrqSKpeFLJ0AGYVPUQfyQnNQk4IrMqaYGGBkQfWCP1VLJK1Z8IuyjESGPAghiTh2C1JTgeaWE1KZwdA2XytjtIPXQ/wSTN1U8dbeEFxLJCamIgC1US0nFb41Mqg2QmoSBG5+avECBU5l3WFe1G+QZzcxb6RPskIRaGCBvSPDXXxxCnVf9GMmvOL4OpL5MymZvT+9NgmI1ZZy871AGavg/2SoGCDL2lth/z01Gz80wQnccKwRog8GvznWVd6xgi6iMukIdB8S7f7FudDVKtHu6KEkB8E60Nyb7ADg5305IEYsZWP5hf/tPqAMNXyde/VgeTQn1JRVmZv97IFNSHajXn9dBGCQT11VoaDpg3Cpa9oV5OGpYjWqiVxFdhAjYMRlTzIqjg5JqKSb5VEk10aZZ/UTvFFJjhmuzqO/fE1a1Gq/JMcCVaAVvmAHf0pQPADa1LnRzY1AUz56Uxnq2xvKMFAHAVCUUwECOYhT8JwRFhE3UM8l3qAFrj95/DX5YhEF8iQHpBsNRbddQVAADSBANGXBli3gMfwRyifjCEvokOoHEaAGNQKgTA9/PwA2c9bgC5QjOAnQ0brX24dS4W4dCimUMRhVcuO0EXEYKKctjNE/bxejb8QHa3AjQi2WIKbjVyJFuTvccV61tW9vObCwQQkS3OgPU3G+1dAxg8EEpyEX7I+p6N9rcFEeNKdXLe7ntUqRGfrtkHnRUJVsINbTbAsH2D0fdNl139kJPcwjJNEos8WYEv1a3qdY08WwK2f8XCuzoYNU0WS7bQTmvt1347nMGZkXVcsIv9Q4/LxTd1mREFtlE5oZNKefCNusL+P8QciWquk2ql227PQHrT+YiTgN3IPP7IG7vin43Y+0ticuJ8brxTTgUvNE7eAN0H9/QotTFX5IsWwS3v+U2QSxcfXXJdetJKfY+/vzA1q3eD4d2odJL1nq1IBYM3OEG4W5dR7Rc+g4IaFsmxgZoGwLW9+9DWfqz8ox8l79e+gr8/P5vDVw3/m9ZCQZNwwRJqd7tAup1zbfb6WhPwwapDqAZkAikOuSQgHBgPVQTUgVPMBWS6pFzEAGXhxx2SKngCNDADnvIIbCgAo8COeSQQwICAuSQQw4CAgKQQw45AgICQw455AEBAcba2ZABCERZBTBDzkZGIBCnABiA2ZAACN51tKMdjl2B93UEi2dhzGgHn4Hjma+p+WQoIRA0TncxpY5HeJzEsNRMTgI+ZmskE/atRE+2TAIBIrgtXngxEuLaw3Wy4uja9JbCIVNAFE7pV8deVqBwUynRUjHATxlKBs+dcGFvNPSqLFGNQZBB0emBiSptBcFYreMvghJZ0Os3Zr8haG8PRFT+A0R8BDbQu4Nb57fA2EBMiyiV2qYeftGDx9OiXqoBPbdhsuyDygEH0LXQngkzevzbwz60gJtdD7dGyaD3ZTV1zuk2X/tYC2YqGDpKi5zUznQ7uwU6Me2ORAXYSBUZ6yc5X3RBvyi9jFrbdrNDRSZFygRf7Zo28bftRgRs2f88FHttttxvFtBmg9UABh3Q3//W1gg2mhRotxLNF7bwyT3fcsoK21/sx+40a2v71MVNKcKw+hIVAtulBnAMcDS2Kenn+UaBi7EgJoVOQG1AraV1zs3t1W4strVV5gQaf3xIXLNt7WxkBALx60zKcA1aJP9i/SDuam5b0AYU6VsjBDHSZuQZGZDvUFFQeJ6RZ1FQUVBR4acNmskELdHv1et4AWrcPoMHx4JkXruR9bC9geqD5fBMYijlWG20taFvyCwuffbY4MJA19Z/EAnGbRBjjt8ekg9ESPAFEAxI80Pq2wvd207wBREMTqYQvc1133LqOPzBQ2NYGF7okD+IMGx8E128W+l0ZtgK3PHYTOJg+DvqI7it6xRI1UsQ8v87YBoGyoW4OM9JfN2wHligBPg/Hu8GPCw8FEM+wKNw2mBg4YE+7HrfniPQUYs+ZhJDOCkp+HCBw0YEcEkx0p8VtoUDTDpmXkxGjIyMjAv8/P7+YuOw2wxRCgxQQ7nTEGwYW1/pWonz4vDCVqKwggocZ7gKNA3u2MLJXdn7AcF1LeRzw4UVP0MvYfBDbaE1c2HzQgsFL2EztUidhsQv4jtdJT1W1GJgwFDrDJ9vszaI9yiLB4wkwDDyyCOUJNCcJOCkbxE4QkcorEwHtCTQbRnBI7wk4FEHnI2Zs6RHKQ+sTylj5mzMD7RXKQ+82DeBYF8vf/BPJhDsLAeMF1gEO5v8HwABB4wXkEG+CYEfEBBBBhlkECAgBhlkkCAgMDAZZJBBMDBAZJBBBkBAQJBBBhlQUFBBBhlkUGBgBhlkkGBgcHAZZJBBcHCAZJBBBoCAgJBBBhmQkJBBBhlkkKCgHpxEkKAKb1CBgxiUpnZ8ghFiXVZwbeVUCIJ1sWgElBE7VvBFgxkwgimUEecZzAVRGUBAlkofehHKdhVXlgWI0KmfuF2Mu1qxR/SAgQdHF3QltDEBeiXS1oTaAbYOXFwpjuldQ2jbQ2dap+tXzqmhVmP962cpLDhLp810HCkxAukqQuQGn5ZuFCRUP/wLMe1fqdGGaKdEbAUv0q1pt2zz7WnwLWkvxRCHQw38/u114U05759a5UfYsyma0K8zZYaq2W8DbWvaC9pOlx5MoHVLRAeaT2YYA08Oamy7GchJ3iAwJdy9StHXichjyfNjgib4UfQIkBFSINSqX0RmR4kcRmSfBlqspuP5YGsoiMC2BLRQBvil7YnaCn0pHwgVsIgt1xRCMG7/D5Ht/Lp4b0R6C/x2m5GR/P7+BHgKBHroVgMmA7P5b+th3YYGrhg2NwwexQ6F28kNN0wB+dsQHEM3kSvrt/sfwxBFMf9ve922kZF7eXkrxzk5/tjqYWtvBPJBZBvzQi5VAgXzuAKCUxJQL2D7UnUgmpPLv5kfDkDb/utFpP0/3NvEbxS9OLlo/xjT50wcSgWGePNIpbyE4MJ3jf8fMhyNSIA5qncWl4Je5409mSSJxnsD6Fu7FwBciOsCMcCobicVA9/+0boDcMSC78m5IoAEVNhYbtdE7GADLH9Wl+xoTi6II5tqMfYBXDPoCET35rpkAGHHfAKsoPZzv2i6ChMOnEl72zDBpwMDTO9yaHgJQC57XsOQT1McyO6zVVBwiftSxynFXopMgO9A3n04gAub6UH1XvZPuTTsoZvgLDsXaUveD3R3A7nTPA+dwJJw8X3C2F3DH4X/flugEMHt/1K6acjTTWIQSMHpJgrRGKFx2yg1ZMIJwkAwhlacRbEMJB/jTxCMRRffoACou/+9Sv91CglMgzgEdOZvEFvDCR4EEL9suKI+tcSkAxdzbL2izWZFtEe+ZkRcgJeCuYM9k0dZiz/ATtg9DxwjGi0b3BMRJoRvLzcrDzS87MaBx7oqNwM3AAEf2N/3DjoyEroduQAIIhP2HMgIUAFVWW14BzuZjTUNsL7QkAv5liMOBDS5kAu5CeaDC7mQC94OkAu5kD/1FrmQC7myw14LuZALy5mQC7mQ9M8juZALuRjojQu5kAt+H5ALuZA5RWcmsgu54xRKNkO65MIOcb+LwTa8jIxvNTjEvwIYoAVLAGN7Ai/gWyEgOjQkTYW+oDFS0HPTiACmQWN0qXuJ9d4jg40e+B7oPm5zoY2P9APoawEI7MkEJBQ02g7+P+Td7SWitJkBSRAHQYjlFgAexesOcpvi6Fswqwc7Q8ZEJQtE35paDDY58XQ/QXu70XuqyTOEBkJ0TBJpCfd3FXgLiQ1hBkwQvIIm3psFEQVbFL5ADRwRr/eKW6W3IgauCnQ8SHB9R2y/MiCD+oEnCBCIB+sm1HMT0kQcFg3uBUMqbjLrIw5zd78/uYkF+ciZDeoGxgQBCmcoJlGuxxpuXPe9ORq093QFNNymwSjf/uLfanINjUalPOYmcztED0oMQY1sTXGyQRC/v8P+XeAu0YpSojJatk/RGjbYA5L08ibxGPtC9C0L1jMLHqVBgPo1RImBHW4sJizrLnu3KNFmCkSNViIpHokiFshg30LORQlXydnmQkjxRQgHcpVcJQYFJVfJVQQDHnKVXAIBcnkRDxvAQTJAcliL3Zi7r4lIAzxIAokwokdqqFRibgMdDw/N1l2Akx3ACHYbNUb4dPnaCectMWgaWaXLsi01Og460Bv7g2xm1SvUMushSgNopA00FJG9xoV4j/3xLQYoBZBDoygNmAcpDbCQOMaRxgWYdXsQWge/FTA2xwWbzgADqPui+wBr+zQUZrwJVOOIzHarHesRHnyJErizw3ISL2LF+i4tcPpAVTgUicegEYPQD03DJZKINuB4C8W9X+hFcQAsww+NJR0FfxcS0QAA3/9BTIXAIM/+WBa9vkBhBwgUASxrzLrRp0k8KwH6GMEGG+QckT38D7hUo4V7YcXja3WpPXtrCk9wBOa/AfABvBguRHoroRFXwBXoPM9HxikpKddU9C2xgD2KzbFL9+3UQWLPJW4x2w/YDaTIRDDPUMcqKs0eAOxtsJcq+pPede2UbG2xRdfBHdaj6ZhWRsmA2P5jULoly0kofSHkjvfa+AbGs9ARP0nB/BJGxAZcUSsuRBhczEG7YDRy1m/A+0DR/s/DuNs0tteC3htDPoaL28yQPQP6Eqlq3Bxt2+JlXDroLA7TMagixSNCzEiJl79yQegToAuZ6igExAhwgCREMSi2DLQGSSQH3gLr9nbbAkoVEVIUEVowQEpAzaW+YbeEzIYp6TvySA8qwTMLXeTgWQXBn0/LNWLtduzfDXQMD1wNfAco0QMV0SS7ri27WANewhFqFMgQDZsjY61zIAdMaAUQGCMjIyMgKDA473YjI0BISg1VPYtwFLkQLHTHbAe5zotItsoBwnC74GPS+dJnlto2Xtiwwe8R6iAUAgH6NxL0/pfeAr/336X/wUxjSAxNacEm+gvOQIcmduggQcH4AsZ2t13E+EMmAClBKflMeH8DohTvad8mqs/SNM2YKev7+xu5vaAuG5QbWGAEm+bsZOzvLu39/UJ9G3tsK20nMvwqMElp3mrXJpyp2LtYVwHDLxTt1tJVBIAiOBWwwnQtuE9ZBbEG1NAo+oIuHDrFqAIswWFBb8H5IOjKAN/YrdqOqw8iBkb/tClSr3vuQVIInQaoD4aerlGjgIQN2FOk3UaTxaJQaDA9ycbI+LZ+LZnKAHa1xsLCWHYoZHAtbQSpKb3UOVCiBz/KO7xvmPPHI+o9UgiwzzeknqKe/i8pGd9J6nAcM+LpDmaZO3dya8PMPrQHHW44pnuDwDH2AoUN9hlS36ZIom9mPMk7GIrOlh0qGhMx66RdyMEkqCAVnCsygXQPAjwVeUmTE8gEChEhLv7ZqUyhCwD8kMYFLTsKuRahAT7K0UBglbCKjy/ELhUOAPkQZ8fwA+SwBjTvaIELcOb7fwZ4uHFsaS1jcHVsEWB+favZZscxWIM9rcjYY77MAQbcBJkCVuiQuQIGrYYxIYIjVCDw53frnyHYJrOD+Az/YHVRuxTtG+sq9DT4j/1hbGtdFP1LGjV7EYJzDQEp34AhB0IgdmWsdesl33MNtlnX4P86QUcbktB37cdiuFJe179iY09QYbAGlPWgFkELh40kgwQtoJW2TZDpyvYugX6N7AYk+A2XvwAAnYpT+xqCdloSndcwnzsYXW4Auvd63BMbzBH41xEGoHGF9nQNZhG7xHMMGWPHhAymKjZG17zdQcILRr+QBznHASqsOhGXwLnZ6Z4iUC9NYFTQuiB1SO1M3UE1l7euEh+fSzBbOH/MlgQdVtJha8d2GnAenXvsC5VQBx3ozxYHQIsQSImS7w22vXnKdBULlBYRCil9t03U6waqEQYSUAgTSLJndIs9CsdAuUAQxAnPIgQgaboEIWsY5OEDPAzwjIJkyrIjBQyyAnza5DvpQlv0vTl8NIgDcIkWDNh1JqBdKtSxq0DowQqBx+P7YeEOdgRcg84EbAwe8QjvYtly6266Jm09kzivg5OOE2QdhfzDgBIrA23fiwFHTMkBs6+bui20dGZifxl0B0lHQ90Sg8TrFr4M2QcKvibt/kMx/1AwD77wVD44xzzja9DaQVU8BAK8nyaDPBlAUBJ1HE0w2Agd6QkCRKbpZbVmkZQt60JyAGEDoOspw2E3QszqSihcHCQtsIfJjeisFxYMO4GRdbYsv1rUaAP4KWrfelnU+7KFad1mkGUCB/CL6uS6i6VC3aR/KgWmF3XsAwaOpQ2rCkwkoUoEQuGqt5BQLdWCu+gLCxlRGB4nkhPJsAF4AkADmUhOJAgE0ORE8iKYBWAGwQLJiSgHF7oTwRM8ZtsFVKIzfQCfkxDBB4sQ7C4Y4G2D8Ea4BgTorWKcAxUAAG8HQsAPcEzD8BwUzg2EgMMYHgUhGINqFKIGbgMRBKLK5cemylygRNAARlQLSAbLNm5nwQOx9xbGz2sQ4gsW2LQrouwdHAYL/od+6D51XUmNfhjEzRZ01S/0cxb2/lQXtCHjFudugVtS4yYVBDSQZsEOR3sgfRzxiWRwAXxu8KIZwAaKIIzVizfBhw/2twgwnEnHBwXrA16y3uLXNEw57+C4CvD+ljlTxIt3IDUrTuAg0GrpQyDlO33f1AJWSt90BlvpN1svjCAgTT+D7CvVwKcYUYtvbtBbSIDt0rs7U/8AjgHHeceFb1XsEX5GvEkp1E0N4YdfaFsKjUsQvw/3Och0fLO3KkDScPx2JuW1QreDfqVjCCVCBYwJiYUeX90YZwoNRds0MFjWhSmKgtoV3kB3H0xmB3IXJoAv1BjAOdBzdOyR6svCdT5gAQbrZkmJNiEm232NCPXdCGrVtsBLhgY98mXfG8ERh312xogH6RpML4pZQHqjOCJMBfvM4rlXQ2nNlsUb2O1uH2+J6fsEJGV0IWF0HJls+x6LF1lJqRZautugfWUGi4YNEEobd3uBdgFNI6U5/nY7Kc8VdjbZ733ilX4SM/7C6RTG3Nht03Q5lc6LhOmtggLxSRrOEe3sRMaaTJChRSJMVW4fDA+sJRsLSRBDAYw7ydljEkmJ1UNI6khGLnRIFrAUL/faOyCHGXpRBuuvVoso1g1GxUOEhVmrQzRgh/q94yO29wLwkQz8AEGIB1hmoII8p4swqILs2eAW33hUbAxvKDXDQVSg9V7HANhF8UcIninVNh5vR30BxUNXELhgDhcsQZg+YEOhPemK0+1Ts3+71MVNk+y7Ql00dhn3D3MRSb3/ANLCW+E/k7gPQui+fb+JHIVptU028DbStnQOTDPAFcIWiBC+xYq45iw3zCN1I+tHJSmeIPXyRmEiDsw3InRfqWi0oCYHwjlKWMevB0QX62TKM4jNAfEPxgQjvGV7JO856nQEKRtghG1hK0izz0vm6PZOUKj0Zi4OiA9NQ7g1KY5VXQHcxBhIU8t1nUAood4FpOc0dcvr1iciAQShFXTvIgQkpL8VM/zUCrPoiYUwJQZdoCFzjTgOLIqFQHLkyM0KBo1QlWCdcMTlcjtlgANtkHWgfbC2hdvNEGtCD5Lg8K/GRPQQ3ETcDYUQ7YlF0PFVansUB8j7hDCKMbojqUXAFcBb1th64b/swUH/0kHsTGP4CGOF30Bs1iNBwRhFhe14UbHgWguBf3FYF0BOYCtxIv1xBj2DQEPT+nF7PMYjAWJrVjwUi3BUvVL/j2gd8FYfgj2DLJRJnTegAVEpw5uJ/AAb3Qs7jS18FlP7/Q1id0MT6N9+4MH9MIMqGNQx2+/hQgO3tu5EiM4U32sB4rgQQOnddXMvW10uIFUS5P9v4BBAsMMHZwAAYAhZSAAAAP+EDAAA6wYAAAIAAAA5JAfyAQACAIABAG4hSzYHABEwQ8diCesDRUQTB0XQ/v///wQ0CeaD3g4/9Rayw17LmfTPIxjojX4fOUVn4xQ5NnF/2LPHJkCPQC8kQEFGb3VuZP9v//8gYSBzb2x1dGlvbiB3aXRoDWNvcmUgJWQKAC9zsu3//3lzL2tlcm5lbC9tbS9odWdlcGEDcwks2e3/LTIwNDhrQi9mMWVfFTj/A3YgbnI2V0FSTklORzogTvbtu0ZOIG51bWJCIG9mICEgabe2ud8Cc21hbGwXqWGwYGVkre2+bQEsIWF2ZTqzIC3DFlrAurF0CigDeEUw7d+131VhZHMpLl5BaW5nIGJhY2sW3W6/9m8gdXNtVW9jBmVt/Xkusq61tvtUFixADWV/rtBt22hwemEtcjhPt8NWcI0r32FECnJva++/2290UmVmMXN0YXJ0YiRatrDdmgiBCi9lchdiC0D47YccY3Rsqncgdm0uAAHWbu49sXlPUr4obYetPWNwdRhZc7kQLobQJdsTaXN5wlPW7e2w/flzaA1kFxdBY2NGtlsbhHTncr1QIFsXLNtuw94CXSAmCSVEYUkg7bWP0FodPU58IElu23XB/oURTmV1cm9uExIvQlsY7F4UdlB1WGdtCze0/Y4weCVeeBtN/pvhoZkVc7YUACUwMngAJWQwuMIQmUSPizN8pmu6SOlQ0W5WYGFCw3ZhYmVku1CA5WiHO1pWuWZld17m5nDP4Bt4/ScO7rAFtrXYFApdTWMVNmwgZVZBreAcb2lAO9Bj6nu/zbppPHBpP3R0cmliPCiC420DIHRHcbBgzU3YekJjNSynC60xsBjaMEp5vJGyGERc0mJqZba1QmseL4YA5i0CXJJnsAQgOh2N7bDHIS4yZgpptXRcTzakZQ3/Ei42c/y9xbYuACUPYHRtcAMvAFVbKPwiN5lvcEMZaQyVTnY7d5B0ZUQuAFbmfoO74WNfuuo6Ol9NX2NaDURomNp1rI0G0IsQwHYdaWQpChetUGorFng6GG3M2BpFNFbyP0fRUGqtgwonqh5JvPBYi/wuVyEAUhllaXZCN6Q3RWV4aXSk0gDAT+8jtaSYZG93bhBTILTYWE9UIABhHFZr4A0sdnKHGwM7/CceAzTbBr5oav//MImobQdYuGzfctlsBchvGA9wB3A2y2bZyHGYaJzkCKmWTbNcEALoTAiqYH3LpmkodPjDwB/PaZqtuwcMAzfQBzSISNMsm6bYdCjRoMhmuXVf6A/SLwQHON48um77mlioj+IH1B/oB1B9XbftFyjlB9wX+AeEL+Zzm2WzB6So6PAY6j8fz3TutjjrByAGFwdoABduD4MUj3pSA3gQDgwHf9vu7AiQARccA6huKy8gRAcQ7YMuBlkDNJFpF9j//7tAgwAOEEYOGEoPC3cIgAA/GjsqMyQiVwGDbXdcA0hsJwjRJxoefD90qlMCDM39/7dBQIYCQw0GUoMGjAWOBI8DAuuCNzvb0HUanAMoc54qJ0Jo/7YsWwIgKDAOOEcOwAGDB9vaW+yMBo02RAOCKhQXMCB1XRsbICwQDnwoPuhlA3bbA3yaS50Mc1Q+tnuF9wOEDHYju5fwpivZtmHf2bBCdzQocfDnsO1/BYwEjgOPAgLDD0FmQoItu4cAIFA7lKcW71+QpvkTZKAa23hGCNt0E6zMGdsIb4GcsNuwGUshrOGLxD3B6wtLsEBOyPAF1AsC4fbjm8fUzEt7AJtbdt9hZCTTOCcszR3Tofs4BGP7OBNPNwoXvgU+GEQOgDEDji1pviHcCBhBJyt4XJuuGwAwA6QrgJMA2GiGZN95JaeDLNnhZoqhAoadxp/uMMpu2DPs3t8gA27t67rsE9hHYBBFLUEggx2vG9s8VTbDEiw70xQNjzC2ziMPJ4YLAkGh7dPsDAYQZwP02S8TsYxd1w0DVBOQe0ACPz1GDJevPDoDLgKyezqHsEJniDNs4cy2Ldgy45hqGkXRAmHTPeOoH4xmAuMQHghbylDiAmHhZTO2DQJQS/Sw404YQ8hrAWAuMgHterjATGAvQF/U5BywgbRLEsuLAvHZda0kLocDcC9EaGR1H3YLAucDBQLjHIewmh7rUEyJB5utQxuP7AwH6zA7qNgDQwTHU8teIJ8C2W8EbJDb11i63zPQAELvO+nDBdXZjdB+4IH3nQFCc0R3O2uRaqAQW2VQHCtbW2htSSQynSA5BCjQCl9oQDEwhgZIJYbGwka45EBuLUFMK0Cg+yBLOEcFDzfDAlsNAV6qkAMIod/+b28msgN9Cq8EGfwHALcFFfcF3QXSAcbs27e5F9oHBfUM3weHATNu3Nvb23YHdgi4Dn4InASGAUoXAAAAAAAACQD/iAQAAGYBAAACAAAAPHl25GAmAHAjByAmAQCQQ3aBng/8BDLIhbwGBSMMO9hZC2AGDQ5ooQdgZwc7GQ+AzQcbD04OMtgQBxqQzRyMfbDBDwgH9f7/bw8DWLAHm3YAWAmXD2CDDTZAHwoPixjCDjbYCw8YBxUAAAY7O+wDCNAGAg7IGWywwf8UDwcHFwt7YQe4EhdoEbf2IRuEUCgJf/v//2/iDcJgB/4PaBD/OdjBgg9+APAP5A9EYCE7+R8ABuMCe5jNFzYnRhlkkMEHVmZ2ZJBBBoaWppBBBhm2xtYnBxlk5vYGIRYMMsggJjZGMsggg1ZmdsgggwyGlqYggwwytsbWwQ4yyOb2BiJ/BhlkkCIiIiIZZJBBIiIiZJBBBiIiIpBBBhkiIiJBBhlkIiIjBhlkkCMjIyPYi4RBI8fI0Rf///8Xl5Ln9OsvbTztCEkJnvq/cXiU7ubRMLqLMAAAw/5IYyfdifwvJwQAAAAAAACA/wAAAAABAABUUwAAUFLooAIAAFVTUVJIAf5WSIn+SInXMdsxyUiDzf/oUAAAAAHbdALzw4seSIPu/BHbihbzw0iNBC+D+QWKEHYhSIP9/Hcbg+kEixBIg8AEg+kEiRdIjX8Ec++DwQSKEHQQSP/AiBeD6QGKEEiNfwF18PPD/EFbQYD4AnQN6YUAAABI/8aIF0j/x4oWAdt1CoseSIPu/BHbihZy5o1BAUH/0xHAAdt1CoseSIPu/BHbihZz64PoA3IXweAID7bSCdBI/8aD8P8PhDoAAABIY+iNQQFB/9MRyUH/0xHJdRiJwYPAAkH/0xHJAdt1CIseSIPu/BHbc+1Igf0A8///EcHoMf///+uDWUiJ8EgpyFpIKddZiTlbXcNoHgAAAFrouwAAAFBST1RfRVhFQ3xQUk9UX1dSSVRFIGZhaWxlZC4KAAoAJEluZm86IFRoaXMgZmlsZSBpcyBwYWNrZWQgd2l0aCB0aGUgVVBYIGV4ZWN1dGFibGUgcGFja2VyIGh0dHA6Ly91cHguc2YubmV0ICQKACRJZDogVVBYIDMuOTUgQ29weXJpZ2h0IChDKSAxOTk2LTIwMTggdGhlIFVQWCBUZWFtLiBBbGwgUmlnaHRzIFJlc2VydmVkLiAkCgBeagJfagFYDwVqf19qPFgPBV8p9moCWA8FUEiNtw8AAACtg+D+QYnGVlutkkgB2q1Bla1JAfVIjY31////RIs5TCn5RSn3X0gpylJQSSnNV1FNKclBg8j/aiJBWlJeagNaKf9qCVgPBUkBxkiJRCQQSJdEi0QkCGoSQVpMie5qCVgPBUiLVCQYWVFIAcJIKchJicRIAehQSCUA8P//UEgpwlJIid6tUEiJ4UqNFCNJidWtUK1BkEiJ917/1VleX11qBVpqClgPBUH/5V3oQP///y9wcm9jL3NlbGYvZXhlAAABAACzBwAAOQYAAAJJAQD////l6EoAg/lJdURTV0iNTDf9XlZb6y9IOc5zMlZe//v//6w8gHIKPI93BoB+/g90BizoPAF35BsWVq0o0HX//7//318PyCn4AdirEgOs699bw1hBVkFXUEiJ5kiB7P7t/9sAEFlUX2oKWfNIpUiDPgAFdfhJif5Iq7Z0s8sM/AoM9v8C/t9u//VNKfy6/w83V16Me+1qWVgPBYXAeQXbb//fDmoPWJH9SY19/7AAqhp0Dv/zpDvv/2/b9gPHByAAPTg+DOf4TIn5SCnhicgxb9tb/viD8AiD4AjHbyYIOHf4SP/t/+/B6QOJjWcI/EuNDCaLQ/wjAUgBwUFZXl/37da+WK8Id7niUDPo6FAFC/v/P3aBxAgSRCQgW0UpyUGJ2GoCQVpqAVq+2rbu3fZqANsJn4nfagMGX6IL/tu33/3/ZviwCUDKD7bAEkg9APD//3IEmqb734HI/8OwPOsCsAwDAwILoeGmaQoBAOvOhlFHtt2/fRdMi0e3jUr/cwq/fxLoxUD/27+13z/5/3QRQVOL/8lJ/8CIBgfG29t32+vpulfiF1jDQVVx1UFUBMx+eGu3Vaz9UwPmg+woWg+E5nX/3uBELyQQugwJie/ollGL9n9hu9IQixQUW3UVgf5VUFghdREvG+y77n0AMLUm6wSF9nWARC57Yfu/OcZ38onCSDsTd+sKSDgIc2xJ67budlQkfYt9rEwIRFAYEpr7um3C/9VSxl5IXxzt/63dLnW4tyEZhMkPlcIxwE2F5Adf2F74wIXCdB1d/gACX3clOTN1D223bWsjThoEyTV7CETUc2/N1kAU3kVFjA2J8rcCNtvXfcbo2/66VFsDHVPQSP2P8NZuGAPpFCXEKFtdQVxBXcOF7b+jFUvRdDZA9scBdTAtD7pZczf88Ew5wXQSSQEPlIffhjW628YIMwcCTwgyyeBodBe+HscQ69BPV7j5AMpv+KHgPVtY/FVTUlhMA2dax237IGaDfxB9idIguQQAPL/bsMX56zAQLEwXEA+3VzgP/6XY20TIdoQkkCEMg83/Mdsx/4NtK/zCwSLfAP/KeCGbmBYh7sLtt0bKOehID0IDA0awOcMKtsfCt9gsxjjr2x7lPOLr8N922gnDEQbjEPbBEHQFxtZ42w7rE7HtdQ7sXsdeo/GNwhBXb0XIRTGkaxaa+7Yx0iDe6HT9PhyfBEvtoZUlo/0AyEIphluM2+1mI3441qaERoOEv71tcXy+AHQjFzwkBnUcSWK34d/bEyC+A78B6uireOkEKicrLDwiQYVFNUtJ/pVdcgcmdUM2SQNWIOhwfZxd6DpJElY4GgVTXOM8J4MTNgRIOO+7t/BBi0MExrUIQGJRc1jhfdu3IE7og+EHtMW3SCgvfSi0f4nrweEC02wlGiGDZL9Qbq4JISxASDjdTI08GqzDvW8OBCS5MvoxMNi1cMv98XUHsSyxElocicFXmN2wRP5Tg8oCHr0WTnLbcOgz/EA5xe3PABlI/p42553lHxhVQMAw6Hu/O/vmKUL7SPfbifZrAnQNSo18HewdWwExoNn886pZhIze7dvxTLiv/wGWI59Iugm1b4H2A21UUu4oBOHW4DaySTv4vzJIDCjrtwkf+/fYJej4A3cNdhlMLvCthuMMdR696XBaw3QTuRt4i1JyyjH2Ev7o8ZrSRvvs5OHoivsOKnTbhcLWDWgNSV8fL1ZzvFb4OywkcyUgBS1IR+EX4XA0JIU9OiT7Dm9vOR51xP9NjLdGOILEODl8Mh53DA+MumvvKE0DbkvbaSseHFiODuiRQSbHk+leQV9WUc6jU2l7YaxNrNWjbUBTIsNdtp0amj+8fEwEKBeD6TD2vCSAeHQCXtjaAg/bOCnC/zAkBBTd/r3QJoiDwAwQEOj4+oFBU722rbFV4fxj2CfxMja24dY3KHXoLAO+CU3CGQIF3Nv3H8To2sz3zGFIpaXNfQoenCzcwGmP9gcDdXKBP4K70G6/fRBOSOhMXDXdpe+3pXgXugAERu5X6EcUSAbmIbw9D04Z+pF3m2GsO1BCAsDsV4navR8aDItApW2LF74gGzRwg4ZTEj9u+Vk4NGgGg1dWRbWd9aTFgnHWSC3gAABEmNlHEgAAAP8AAACACAAADgAAAAIAAADJqKqSAAAAIFSQAAAA/4sOAAASAAAAAgAAAMmoqpIAAGAFEAAAAAAAAACQ//wAAAAOAAAAAgAAAAAQqJIAAAAAAAAAAEj/yCUAAEUNAAACAAAAH/v//0dDQzogKFVidW50dSA5LjQuMC0xdQ0xfjIwD3Z2KxAyKRcAJGNsYe3W/v9uZyB2ZXJzaW9uIDE4LjEiQSsrLXb7//8yNDAzMTMwNTQ5NDQrZmNjMzNkY2EVZDFS9tvL/n5leHAxfiI1MAouNzMpAAA2wP5BAwABAKgCFxQC2xLYxBcB6BeBfIB8BAAIAwUAQCA/QD4GAFgJBwDkD1kOkB8IAGgQCRF2gPwACgC4EgsEAmsH2CAXDBYXgXyAfA0AYCMOAHDrBtgtvGihF7ywFw6w2wC8uLUXEoD8AFm2EwA4vEA+QH4UAIDNFQCQbJtAnhYAmBd3zxc/wLYDGATQFxkAwNGALRwgGk/SFzsaU3YbExiCPfH/FxxuZBcWhWeAJ2yxs2cPnioHJRtfQXaws4ODggczL7B5D2cHO3vwCwdUF/CTDxNBtthgX25Hv+DPDnYI/ocvEJQPZgRL9mBnB593JF0BnwBBBhnsqRcwCAYZZJDHKATjgx0JwYXH9hdshzE7JAkBj28Lwj47SH8oAV9A0gCPHWwIYTdPQkewJUMyyIUXROBXwS7kICAmbXeVERuSIHwXb2JDMtijR2CvL9gRtjK3v84vYAGMpRc0/y/3Sood3JhfswqPJcWurAfvXxezUzZ2+EcU1wkCF1fSe2S/HAJHLzKEHcByF5IARRcL5BAyXoMFAOmGsHwvsRcRF9ghbMUvBAMXM2BnFyLHwF8PGhcNSU3NQBBHCO9HO0izgy/ghg9+AFxfkCFsCLAX6QawDod1CcJ/BD2kJfDvb3cPBLBnz56PIFIPnQwHNQRfbADpLn0XIpkvdnawIa1fgIcPYBfYIIMMueAPd0PYEDa+R9gXA7tFLpAFF1+ghQ8sbAY7exdQEQIfyHhD2JBdR3kvbLBOetVV0SDIgC9rhrAhlxe+IXcImxC4ANIAD9ovsMEYbPW/kCdPF2LDBXYQBi9sPxICsCHsSmc6L0wXoBlChmOkIoNAEPgvm/9v7bnADmEvAAcXFA121hQvXg/ZFzggTziEL1IHf8hUsCFssBd2L1GPhoTBhpB3QE+qgWAcwkd5Cbf/OeEQBi/HBwewhrDBBjIX4Uf0HCzYwS+AmP8XLggGG6xgnzcWFzshDGBtEQI3CJchZAgLF9UbwoaQ6UC//S/IBXYIHAkXQdUMIUNVcxBnTziAr4AJN2CeD2u98Q4SUAQCLw84XQFhQ9iEL8df3BcCOYQM8AIK7Eh45j53l0ovwQbDQD9XHRcZwoawZEeJF5vYkNCH5yAXqV/hEDg78KAPZT8KHxukwTigV0CP0V/IIWwI5hcHC88MIRcpcndYDcLZ0J8PEobrQuwC2xZfDEcfFyQHkSExFxdYg50dzBkHYhdg3wgHGzYFjxdwJr/Mnh0sj4QMp+CaD+wQdlh2v3feDL8Sh7AL7RcHDR92gcUQDVeUL/9D2BCnFwBfWkwyOEtlY+////9jYWtQMTYwMF9QZXJtdXRlXzEycm91bmRzUGgj/9vf/zltb2ROdW1MVVQNMTVtJWdlU29ydEJ1Y2Pbt/ZrZXRQAShLaFNfAWkgOfZt2/5jdHJsQ0hhQGwpUkh0aW5lGW9/a383Y29tcA86UHVibGljenkuMO2/tWMYNm0jAWdUaHJlYWRQfNux9u9jUHYXNXN0YY6nNG6BYqBtY29OT2ZNKUkWchq9Q8aWpXMdMka3/lswu5tsdRsCX2V4Y2VwdF9vV/bWSXJlMTgSOUFHTE/41r79QkFMX19zll9JX1EFm0FWWDWutXdfBi5jcHBgU3RMOB1RetTeWoN0vviWdWZmG9s3962BcmVnaXOLS21fY2xyZe/a23ePX2RvX2cLYmFsCetzX2F1wP7W3ngA+WwpZC44MDYxJNi2zb1fZmAIctl5om5aoZVYRHkCCm0g9gbM3dxteTINX4oqXfvfEh5GUkFNRV9FTkQKDUf29mDbTlULSBRIRFISRFlOC7CwC/tJQwBfPGQQ/j8JzXLgEk9GRlNFVF9UQUJMRe5/u+1VWm6BQEAbSUJDWFhfMy40EgvZhoVObjPURWMYWhZha1tPbuTjY6gdeGwrDF9TATU2dDZjw4W3Vu8YPV9WMmpzeUfY20YERFQzFHdFdk+1QjNMLqcgNGhQWDiASDEzR3OzWndhwT9iYppJYxIxXL1trdDIltLZcxBFRTW1bsreWXNlRXa+SywyrRVe6JZBLTfUX29wG2qNxpUuNvr3UnJbwVEZ0czZYRP77Y9WEilKX2h1HXBhZ2VpV/Z29g4wT9k3YmN4eJYazfHbNCB0aDVfTDa2bbt9LDgV0WUZcqBFUMx7YWNbijUVRf4yNupIeJEFUkMxN7S20Nw4nE9zNJpcaDgkOklP7WT7X3WNre0oGAVaOSaKc6kcT2ob1HmaqmVC6VZ219aa7lMdeFBjhFtzmZa7Y7Q0SAdjlrDtHcp5RVJLI1+czC89ugAdYfAAaXplZbRtYZhWcl0whYW3MTf1U8RcbdNlH2uBbo10LF9qb2kqt+G2LaEyrl8gRl9JZHQ9WmcJjHZLpEgZbSlObfpR++xl3Q5GaUVQeP04U3ms5kLCbXAuc1IcHO6sjQXDUPMCc+9o9xc2IVmeHGFnt2/UXMM2X3NucHIJdGaFNmxhHTk2BkpYMrlfnZARcyQWtlZ7RFcuJoR0Z2VfuvTQNqpyekp0wHYwtDJuT5Q1Zr9zaMGm47aja8JUb1VsSK5QUIqwgUM0dHY3ZXAI4ZM3b2dpYzZvcNKFp5Ge5WwtbWWdbiOMAbIFX024FZrb4XC1FE/oRXZUGLbA8zSXQHrgmKQfAuUVXDsdU2HqcFccXYFSoVg48Cy+bduyBQ7py3mdewDQTgmxcNz8NkfcsYQhfFxl7/kydsHYCDFfuiB4aTo00G6Qp2N1VZFDscYeGelCNcMA4JVYCIZfgi0bSAlb9z0wF0Y+ZZlAwsraUlC5WoQA9vdEMkU2bndtNU/LOtgoTDZz+h/D4AYRTUNqNjbmYMNtCG9Gt21LJzCBQINBg1LgYLAlqi1JWxZYaK2tZz+lUw5sQhC4MAA5RzrBwIGN13CXMdkMYrB1d2mlbrIjsmIspF5m9U/CgaQfaWduYWxlaW7JTifNVtQLYsihQUrYtnSCAJaFwtIAendQkcFrYY5FeNAiAQlDwjJji5KxIcM5AKNhdNlGSuA5ZihCfAOkF7Ly754IQRiENJFmkrkupKwHRDFIFXNziRsbycm5ceZBbOyBs5MRvXNtYThFK4PvWilkZTRJbmmiPggJfMFzIZJI2jYXJE1qW2KgYxH4IhSeqVQ1Qhwx+Br+D2lCohhZG5njqnaCFq4FECAhetLBwnih6jEuMwnCAMLN/wVveSY5JbcRFm7KXkRyRQQ6NxZLSe4DdPgRdpexHDmPbnXzCMIFF3SjX3jxsOQGyAtFAz9Qqe0wbaxQQwxTOAwhdNQMm+BhMDzfZ9GSiW8kU0JfeuqvXxcfmZatvKtUtLYdtLYbVSXuX1L6dRo0U7GRIKxELBwJF0thcAc1RGwJgZAoYBG4a+31KNpDwWoqKGusWj8xasXrMtB+QzJJQTQPdDtL6kqtwG5OCTZmVJn6LLYYw1yB/WEFBtsopGcMbh5fQFpgEwH/BA0SdqS5UkunxngFoZ2Y5wZPC6MAJik+B5QNYm2fMWArZWDEaGEhpH2n5EIKQkQALic7Vws+bc8HdHJoapuLYQliZ3AHKNWxFd0HLnwuIk3BClxuZC1FEggtttZiHSoAG/E4CWTM2swV2E8HRRm4CZsAFgxfGxHslSguZygJ257pLXV0cqYKLG8IthjOhCoFAiRve7B6pDUuZWjPaGRyDQ0E2C1dY2Ofw2azmkycQwvN3kJzczF+AGN2a47mmlmXBI9N+KQaAGwAABsTqgt7NgCoAgccVhzYSj8AI6rRhZ0sP8QCByTIJiwlRgA2Pw1lF3boAgcgP0TCHnZH4///bz8IAweQTVjwNADvCD/YAXPUTvt/QAMHYcFOXhgGBvs/y1412BgHVn8/LhJe2FgJB4sGP15d2AHrA/+/5A8HgtYN2ZC/AgdrA/4/HLawA2gQB3AGBTuyIDv/ehdAeGGTPxEHUAE/YIMdtv+EP0IPyGUv7LgSB8gEPxibhGADjqImIAeyoYQLG/+JP7KAhR0gIAcnHbIhGxAHlD9gI8iOhIUHLwgHe2GHbJ0/cCMH9X1/Q3bYAgCjP2hpKLuwoQcN/6m/yF7YIQCwB7cFf13YIbuxP7i1B/xhRzaUf78/tgcdtkB4gAU/AMnKLuyQPzi8B0x/jQWpG9sDDoNvzUhYYIMHve+/yICZ6uc7P5AwlAwykAjzZJDDgrs/mJg2sCUdIAJ/N5cEw4IdmP8/oezsICe4vwdIf3EIFLL8P6jAQl5kgwYBPwUBC+xg0UfAwX9hs0cCjwsBSz+DdJCAvwjC54tkg11kPxB/MOeFMBhsP4B/NoDBgQcC14g/sCaLDqAOVzt/AzYQBgk7ACguEjgIB8wNvxHInh3CP/TeBxkBPwAAALAASAAA/wAAAABVUFghAAAAAABVUFghDRYCCJjRskDLRKl2yCUAAEUNAADQ5wAASQEAHvQAAAA=","Epoch":102,"Threshold":0,"RandomSeed":null}